// !$*UTF8*$!
{
	archiveVersion = 1;
	classes = {
	};
	objectVersion = 46;
	objects = {

/* Begin PBXBuildFile section */
		7B0C48D219A9400E0046167F /* libAtoZIO.dylib in Frameworks */ = {isa = PBXBuildFile; fileRef = 7B0C48B919A9400E0046167F /* libAtoZIO.dylib */; };
		7B0C48DA19A9400E0046167F /* AtoZIOTests.m in Sources */ = {isa = PBXBuildFile; fileRef = 7B0C48D919A9400E0046167F /* AtoZIOTests.m */; };
		7B0C48E519A9436F0046167F /* NSNib+XMLBase64.m in Sources */ = {isa = PBXBuildFile; fileRef = 7B0C48E319A9436F0046167F /* NSNib+XMLBase64.m */; };
		7B0C48E619A9436F0046167F /* NSNib+XMLBase64.h in Headers */ = {isa = PBXBuildFile; fileRef = 7B0C48E419A9436F0046167F /* NSNib+XMLBase64.h */; };
		7B0C496019A956A20046167F /* AtoZIO_EXE.m in Sources */ = {isa = PBXBuildFile; fileRef = 7B0C495F19A956A20046167F /* AtoZIO_EXE.m */; };
		7B5E62D01A9803460001B5F3 /* AtoZIO.h in Headers */ = {isa = PBXBuildFile; fileRef = 7B5E62CF1A9803460001B5F3 /* AtoZIO.h */; settings = {ATTRIBUTES = (Public, ); }; };
		7B5E62D61A9803470001B5F3 /* AtoZIO.framework in Frameworks */ = {isa = PBXBuildFile; fileRef = 7B5E62CB1A9803460001B5F3 /* AtoZIO.framework */; };
		7B5E62DD1A9803470001B5F3 /* AtoZIOTests.m in Sources */ = {isa = PBXBuildFile; fileRef = 7B5E62DC1A9803470001B5F3 /* AtoZIOTests.m */; };
		7B5E62E41A9804280001B5F3 /* AtoZIO.m in Sources */ = {isa = PBXBuildFile; fileRef = 7B0C48C619A9400E0046167F /* AtoZIO.m */; };
		7B5E62E71A98044C0001B5F3 /* AQOptionParser.framework in Frameworks */ = {isa = PBXBuildFile; fileRef = 7B0C48F119A946560046167F /* AQOptionParser.framework */; };
		7B5E62E81A98046E0001B5F3 /* DDEmbeddedDataReader.m in Sources */ = {isa = PBXBuildFile; fileRef = 7B0C48E819A944660046167F /* DDEmbeddedDataReader.m */; };
		7B62B1C11A99A6E4005BC6BC /* main.m in Sources */ = {isa = PBXBuildFile; fileRef = 7B62B1C01A99A6E4005BC6BC /* main.m */; };
		7B8D2F261A98422900D93D95 /* AQOptionParser.framework in CopyFiles */ = {isa = PBXBuildFile; fileRef = 7B0C48F119A946560046167F /* AQOptionParser.framework */; settings = {ATTRIBUTES = (CodeSignOnCopy, RemoveHeadersOnCopy, ); }; };
		7B8D2F291A98467F00D93D95 /* AtoZIO.framework in Frameworks */ = {isa = PBXBuildFile; fileRef = 7B5E62CB1A9803460001B5F3 /* AtoZIO.framework */; };
		7B8D2F571A985EAE00D93D95 /* GBPrint.m in Sources */ = {isa = PBXBuildFile; fileRef = 7B8D2F551A985D4C00D93D95 /* GBPrint.m */; };
		7B8D2F5A1A985EAE00D93D95 /* GBCommandLineParser.h in Headers */ = {isa = PBXBuildFile; fileRef = 7B8D2F4C1A985CAF00D93D95 /* GBCommandLineParser.h */; settings = {ATTRIBUTES = (Public, ); }; };
		7B8D2F5B1A985EAE00D93D95 /* GBCommandLineParser.m in Sources */ = {isa = PBXBuildFile; fileRef = 7B8D2F4D1A985CAF00D93D95 /* GBCommandLineParser.m */; };
		7B8D2F5C1A985EAE00D93D95 /* GBOptionsHelper.h in Headers */ = {isa = PBXBuildFile; fileRef = 7B8D2F4E1A985CAF00D93D95 /* GBOptionsHelper.h */; settings = {ATTRIBUTES = (Public, ); }; };
		7B8D2F5D1A985EAE00D93D95 /* GBOptionsHelper.m in Sources */ = {isa = PBXBuildFile; fileRef = 7B8D2F4F1A985CAF00D93D95 /* GBOptionsHelper.m */; };
		7B8D2F5E1A985EAE00D93D95 /* GBSettings.h in Headers */ = {isa = PBXBuildFile; fileRef = 7B8D2F501A985CAF00D93D95 /* GBSettings.h */; settings = {ATTRIBUTES = (Public, ); }; };
		7B8D2F5F1A985EAE00D93D95 /* GBSettings.m in Sources */ = {isa = PBXBuildFile; fileRef = 7B8D2F511A985CAF00D93D95 /* GBSettings.m */; };
		7B8D2F6B1A98614700D93D95 /* GBTester.m in Sources */ = {isa = PBXBuildFile; fileRef = 7B8D2F4A1A985CAF00D93D95 /* GBTester.m */; };
		7B8D2F6E1A98617500D93D95 /* AtoZIO.framework in Frameworks */ = {isa = PBXBuildFile; fileRef = 7B5E62CB1A9803460001B5F3 /* AtoZIO.framework */; };
		7B8D2F701A9863B000D93D95 /* GBSettings+Application.m in Sources */ = {isa = PBXBuildFile; fileRef = 7B8D2F491A985CAF00D93D95 /* GBSettings+Application.m */; };
		7B8D2F711A987AF900D93D95 /* DDEmbeddedDataReader.h in Headers */ = {isa = PBXBuildFile; fileRef = 7B0C48E719A944660046167F /* DDEmbeddedDataReader.h */; settings = {ATTRIBUTES = (Public, ); }; };
		7BE58F5119A97B8300EB4AB1 /* LCTerminal.h in Headers */ = {isa = PBXBuildFile; fileRef = 7BE58F4F19A97B8200EB4AB1 /* LCTerminal.h */; };
/* End PBXBuildFile section */

/* Begin PBXContainerItemProxy section */
		7B0C48D019A9400E0046167F /* PBXContainerItemProxy */ = {
			isa = PBXContainerItemProxy;
			containerPortal = 7B0C48B119A9400E0046167F /* Project object */;
			proxyType = 1;
			remoteGlobalIDString = 7B0C48B819A9400E0046167F;
			remoteInfo = AtoZIO;
		};
		7B0C48F019A946560046167F /* PBXContainerItemProxy */ = {
			isa = PBXContainerItemProxy;
			containerPortal = 7B0C48EB19A946560046167F /* AQOptionParser.xcodeproj */;
			proxyType = 2;
			remoteGlobalIDString = 385FFB9A156D461000F3D09E;
			remoteInfo = AQOptionParser;
		};
		7B0C48F219A946560046167F /* PBXContainerItemProxy */ = {
			isa = PBXContainerItemProxy;
			containerPortal = 7B0C48EB19A946560046167F /* AQOptionParser.xcodeproj */;
			proxyType = 2;
			remoteGlobalIDString = 385FFBB2156D461000F3D09E;
			remoteInfo = AQOptionParserTests;
		};
		7B5E62D71A9803470001B5F3 /* PBXContainerItemProxy */ = {
			isa = PBXContainerItemProxy;
			containerPortal = 7B0C48B119A9400E0046167F /* Project object */;
			proxyType = 1;
			remoteGlobalIDString = 7B5E62CA1A9803460001B5F3;
			remoteInfo = AtoZIO;
		};
		7B5E62E51A9804400001B5F3 /* PBXContainerItemProxy */ = {
			isa = PBXContainerItemProxy;
			containerPortal = 7B0C48EB19A946560046167F /* AQOptionParser.xcodeproj */;
			proxyType = 1;
			remoteGlobalIDString = 385FFB99156D461000F3D09E;
			remoteInfo = AQOptionParser;
		};
		7B8D2F271A98467900D93D95 /* PBXContainerItemProxy */ = {
			isa = PBXContainerItemProxy;
			containerPortal = 7B0C48B119A9400E0046167F /* Project object */;
			proxyType = 1;
			remoteGlobalIDString = 7B5E62CA1A9803460001B5F3;
			remoteInfo = AtoZIO;
		};
		7B8D2F6C1A98616E00D93D95 /* PBXContainerItemProxy */ = {
			isa = PBXContainerItemProxy;
			containerPortal = 7B0C48B119A9400E0046167F /* Project object */;
			proxyType = 1;
			remoteGlobalIDString = 7B5E62CA1A9803460001B5F3;
			remoteInfo = AtoZIO;
		};
		7BE58F8C19A991BD00EB4AB1 /* PBXContainerItemProxy */ = {
			isa = PBXContainerItemProxy;
			containerPortal = 7BE58F5219A991BD00EB4AB1 /* cli.xcodeproj */;
			proxyType = 2;
			remoteGlobalIDString = 927D16740FE8F3670009ECA3;
			remoteInfo = target;
		};
		7BE58F8E19A991BD00EB4AB1 /* PBXContainerItemProxy */ = {
			isa = PBXContainerItemProxy;
			containerPortal = 7BE58F5219A991BD00EB4AB1 /* cli.xcodeproj */;
			proxyType = 2;
			remoteGlobalIDString = 920EC1BE0FEF533F00C1AC0C;
			remoteInfo = alert;
		};
		7BE58F9019A991BD00EB4AB1 /* PBXContainerItemProxy */ = {
			isa = PBXContainerItemProxy;
			containerPortal = 7BE58F5219A991BD00EB4AB1 /* cli.xcodeproj */;
			proxyType = 2;
			remoteGlobalIDString = 920EC1990FEF50F000C1AC0C;
			remoteInfo = any2txt;
		};
		7BE58F9219A991BD00EB4AB1 /* PBXContainerItemProxy */ = {
			isa = PBXContainerItemProxy;
			containerPortal = 7BE58F5219A991BD00EB4AB1 /* cli.xcodeproj */;
			proxyType = 2;
			remoteGlobalIDString = 8DD76FA10486AA7600D96B5E;
			remoteInfo = app;
		};
		7BE58F9419A991BD00EB4AB1 /* PBXContainerItemProxy */ = {
			isa = PBXContainerItemProxy;
			containerPortal = 7BE58F5219A991BD00EB4AB1 /* cli.xcodeproj */;
			proxyType = 2;
			remoteGlobalIDString = 9291221111C8C80F005E9A35;
			remoteInfo = appr;
		};
		7BE58F9619A991BD00EB4AB1 /* PBXContainerItemProxy */ = {
			isa = PBXContainerItemProxy;
			containerPortal = 7BE58F5219A991BD00EB4AB1 /* cli.xcodeproj */;
			proxyType = 2;
			remoteGlobalIDString = 927BA8851074407900EFBD0C;
			remoteInfo = audioctl;
		};
		7BE58F9819A991BD00EB4AB1 /* PBXContainerItemProxy */ = {
			isa = PBXContainerItemProxy;
			containerPortal = 7BE58F5219A991BD00EB4AB1 /* cli.xcodeproj */;
			proxyType = 2;
			remoteGlobalIDString = 928F92E90FE8B2600031CEB8;
			remoteInfo = beep;
		};
		7BE58F9A19A991BD00EB4AB1 /* PBXContainerItemProxy */ = {
			isa = PBXContainerItemProxy;
			containerPortal = 7BE58F5219A991BD00EB4AB1 /* cli.xcodeproj */;
			proxyType = 2;
			remoteGlobalIDString = 927FA6B111CC9DB000E9C7F3;
			remoteInfo = bundle;
		};
		7BE58F9C19A991BD00EB4AB1 /* PBXContainerItemProxy */ = {
			isa = PBXContainerItemProxy;
			containerPortal = 7BE58F5219A991BD00EB4AB1 /* cli.xcodeproj */;
			proxyType = 2;
			remoteGlobalIDString = 9270CFC40FEA6D740026D4F5;
			remoteInfo = cifilter;
		};
		7BE58F9E19A991BD00EB4AB1 /* PBXContainerItemProxy */ = {
			isa = PBXContainerItemProxy;
			containerPortal = 7BE58F5219A991BD00EB4AB1 /* cli.xcodeproj */;
			proxyType = 2;
			remoteGlobalIDString = 92A850930FFB265500957102;
			remoteInfo = dict;
		};
		7BE58FA019A991BD00EB4AB1 /* PBXContainerItemProxy */ = {
			isa = PBXContainerItemProxy;
			containerPortal = 7BE58F5219A991BD00EB4AB1 /* cli.xcodeproj */;
			proxyType = 2;
			remoteGlobalIDString = 92D1CD09112E416800F87310;
			remoteInfo = dictctl;
		};
		7BE58FA219A991BD00EB4AB1 /* PBXContainerItemProxy */ = {
			isa = PBXContainerItemProxy;
			containerPortal = 7BE58F5219A991BD00EB4AB1 /* cli.xcodeproj */;
			proxyType = 2;
			remoteGlobalIDString = 927BA9261074476900EFBD0C;
			remoteInfo = displayctl;
		};
		7BE58FA419A991BD00EB4AB1 /* PBXContainerItemProxy */ = {
			isa = PBXContainerItemProxy;
			containerPortal = 7BE58F5219A991BD00EB4AB1 /* cli.xcodeproj */;
			proxyType = 2;
			remoteGlobalIDString = 925B70AD0FF27CBE00030F9C;
			remoteInfo = displaysleep;
		};
		7BE58FA619A991BD00EB4AB1 /* PBXContainerItemProxy */ = {
			isa = PBXContainerItemProxy;
			containerPortal = 7BE58F5219A991BD00EB4AB1 /* cli.xcodeproj */;
			proxyType = 2;
			remoteGlobalIDString = 92F77F0811C9B981001EC6FF;
			remoteInfo = dux;
		};
		7BE58FA819A991BD00EB4AB1 /* PBXContainerItemProxy */ = {
			isa = PBXContainerItemProxy;
			containerPortal = 7BE58F5219A991BD00EB4AB1 /* cli.xcodeproj */;
			proxyType = 2;
			remoteGlobalIDString = 92DFDAB80FD9FDC900F7C0BD;
			remoteInfo = dup;
		};
		7BE58FAA19A991BD00EB4AB1 /* PBXContainerItemProxy */ = {
			isa = PBXContainerItemProxy;
			containerPortal = 7BE58F5219A991BD00EB4AB1 /* cli.xcodeproj */;
			proxyType = 2;
			remoteGlobalIDString = 927E85DC0FDA2464008D6B2B;
			remoteInfo = fileicon;
		};
		7BE58FAC19A991BD00EB4AB1 /* PBXContainerItemProxy */ = {
			isa = PBXContainerItemProxy;
			containerPortal = 7BE58F5219A991BD00EB4AB1 /* cli.xcodeproj */;
			proxyType = 2;
			remoteGlobalIDString = 923C79A50FD94803008D3742;
			remoteInfo = goosh;
		};
		7BE58FAE19A991BD00EB4AB1 /* PBXContainerItemProxy */ = {
			isa = PBXContainerItemProxy;
			containerPortal = 7BE58F5219A991BD00EB4AB1 /* cli.xcodeproj */;
			proxyType = 2;
			remoteGlobalIDString = 92DE945911EC399B00FA0DB5;
			remoteInfo = hotkeys;
		};
		7BE58FB019A991BD00EB4AB1 /* PBXContainerItemProxy */ = {
			isa = PBXContainerItemProxy;
			containerPortal = 7BE58F5219A991BD00EB4AB1 /* cli.xcodeproj */;
			proxyType = 2;
			remoteGlobalIDString = 9297C6601033AD6A001D2390;
			remoteInfo = html;
		};
		7BE58FB219A991BD00EB4AB1 /* PBXContainerItemProxy */ = {
			isa = PBXContainerItemProxy;
			containerPortal = 7BE58F5219A991BD00EB4AB1 /* cli.xcodeproj */;
			proxyType = 2;
			remoteGlobalIDString = 927170D40FF3344800699906;
			remoteInfo = imgbrowser;
		};
		7BE58FB419A991BD00EB4AB1 /* PBXContainerItemProxy */ = {
			isa = PBXContainerItemProxy;
			containerPortal = 7BE58F5219A991BD00EB4AB1 /* cli.xcodeproj */;
			proxyType = 2;
			remoteGlobalIDString = 927050870FD91990003074F2;
			remoteInfo = imgconv;
		};
		7BE58FB619A991BD00EB4AB1 /* PBXContainerItemProxy */ = {
			isa = PBXContainerItemProxy;
			containerPortal = 7BE58F5219A991BD00EB4AB1 /* cli.xcodeproj */;
			proxyType = 2;
			remoteGlobalIDString = 929ECF1C0FEE71660085F378;
			remoteInfo = imgshadow;
		};
		7BE58FB819A991BD00EB4AB1 /* PBXContainerItemProxy */ = {
			isa = PBXContainerItemProxy;
			containerPortal = 7BE58F5219A991BD00EB4AB1 /* cli.xcodeproj */;
			proxyType = 2;
			remoteGlobalIDString = 92ACC1380FE9DB57009E0760;
			remoteInfo = imgsnap;
		};
		7BE58FBA19A991BD00EB4AB1 /* PBXContainerItemProxy */ = {
			isa = PBXContainerItemProxy;
			containerPortal = 7BE58F5219A991BD00EB4AB1 /* cli.xcodeproj */;
			proxyType = 2;
			remoteGlobalIDString = 927CFBDA0FEF2B8300D7D4DF;
			remoteInfo = imgtext;
		};
		7BE58FBC19A991BD00EB4AB1 /* PBXContainerItemProxy */ = {
			isa = PBXContainerItemProxy;
			containerPortal = 7BE58F5219A991BD00EB4AB1 /* cli.xcodeproj */;
			proxyType = 2;
			remoteGlobalIDString = 928352D00FF43D3500428899;
			remoteInfo = imgview;
		};
		7BE58FBE19A991BD00EB4AB1 /* PBXContainerItemProxy */ = {
			isa = PBXContainerItemProxy;
			containerPortal = 7BE58F5219A991BD00EB4AB1 /* cli.xcodeproj */;
			proxyType = 2;
			remoteGlobalIDString = 927BA898107440AF00EFBD0C;
			remoteInfo = "large-type";
		};
		7BE58FC019A991BD00EB4AB1 /* PBXContainerItemProxy */ = {
			isa = PBXContainerItemProxy;
			containerPortal = 7BE58F5219A991BD00EB4AB1 /* cli.xcodeproj */;
			proxyType = 2;
			remoteGlobalIDString = 926ED7F60FE8A02100FD42D0;
			remoteInfo = loginitems;
		};
		7BE58FC219A991BD00EB4AB1 /* PBXContainerItemProxy */ = {
			isa = PBXContainerItemProxy;
			containerPortal = 7BE58F5219A991BD00EB4AB1 /* cli.xcodeproj */;
			proxyType = 2;
			remoteGlobalIDString = 92CB6B6F11F29F3C0055C445;
			remoteInfo = menu;
		};
		7BE58FC419A991BD00EB4AB1 /* PBXContainerItemProxy */ = {
			isa = PBXContainerItemProxy;
			containerPortal = 7BE58F5219A991BD00EB4AB1 /* cli.xcodeproj */;
			proxyType = 2;
			remoteGlobalIDString = 928BEB16100586660088F2D0;
			remoteInfo = nml;
		};
		7BE58FC619A991BD00EB4AB1 /* PBXContainerItemProxy */ = {
			isa = PBXContainerItemProxy;
			containerPortal = 7BE58F5219A991BD00EB4AB1 /* cli.xcodeproj */;
			proxyType = 2;
			remoteGlobalIDString = 92C8EA391034FB4600048FC7;
			remoteInfo = normalize;
		};
		7BE58FC819A991BD00EB4AB1 /* PBXContainerItemProxy */ = {
			isa = PBXContainerItemProxy;
			containerPortal = 7BE58F5219A991BD00EB4AB1 /* cli.xcodeproj */;
			proxyType = 2;
			remoteGlobalIDString = 9265496D10B8A9EF00200173;
			remoteInfo = pdate;
		};
		7BE58FCA19A991BD00EB4AB1 /* PBXContainerItemProxy */ = {
			isa = PBXContainerItemProxy;
			containerPortal = 7BE58F5219A991BD00EB4AB1 /* cli.xcodeproj */;
			proxyType = 2;
			remoteGlobalIDString = 925693D00FF201C000976A77;
			remoteInfo = pdfcat;
		};
		7BE58FCC19A991BD00EB4AB1 /* PBXContainerItemProxy */ = {
			isa = PBXContainerItemProxy;
			containerPortal = 7BE58F5219A991BD00EB4AB1 /* cli.xcodeproj */;
			proxyType = 2;
			remoteGlobalIDString = 925693C60FF2018000976A77;
			remoteInfo = pdfextract;
		};
		7BE58FCE19A991BD00EB4AB1 /* PBXContainerItemProxy */ = {
			isa = PBXContainerItemProxy;
			containerPortal = 7BE58F5219A991BD00EB4AB1 /* cli.xcodeproj */;
			proxyType = 2;
			remoteGlobalIDString = 9270F8100FF2583900036795;
			remoteInfo = pdfinfo;
		};
		7BE58FD019A991BD00EB4AB1 /* PBXContainerItemProxy */ = {
			isa = PBXContainerItemProxy;
			containerPortal = 7BE58F5219A991BD00EB4AB1 /* cli.xcodeproj */;
			proxyType = 2;
			remoteGlobalIDString = 925C36FC0FE7F15F00E9B9E4;
			remoteInfo = pid;
		};
		7BE58FD219A991BD00EB4AB1 /* PBXContainerItemProxy */ = {
			isa = PBXContainerItemProxy;
			containerPortal = 7BE58F5219A991BD00EB4AB1 /* cli.xcodeproj */;
			proxyType = 2;
			remoteGlobalIDString = 9280A59A0FF98FE300893C5A;
			remoteInfo = ql;
		};
		7BE58FD419A991BD00EB4AB1 /* PBXContainerItemProxy */ = {
			isa = PBXContainerItemProxy;
			containerPortal = 7BE58F5219A991BD00EB4AB1 /* cli.xcodeproj */;
			proxyType = 2;
			remoteGlobalIDString = 929ECF4A0FEE7E610085F378;
			remoteInfo = quit;
		};
		7BE58FD619A991BD00EB4AB1 /* PBXContainerItemProxy */ = {
			isa = PBXContainerItemProxy;
			containerPortal = 7BE58F5219A991BD00EB4AB1 /* cli.xcodeproj */;
			proxyType = 2;
			remoteGlobalIDString = 927E86000FDA378B008D6B2B;
			remoteInfo = readalias;
		};
		7BE58FD819A991BD00EB4AB1 /* PBXContainerItemProxy */ = {
			isa = PBXContainerItemProxy;
			containerPortal = 7BE58F5219A991BD00EB4AB1 /* cli.xcodeproj */;
			proxyType = 2;
			remoteGlobalIDString = 92B2E0D30FE87694001CAD1E;
			remoteInfo = setapp;
		};
		7BE58FDA19A991BD00EB4AB1 /* PBXContainerItemProxy */ = {
			isa = PBXContainerItemProxy;
			containerPortal = 7BE58F5219A991BD00EB4AB1 /* cli.xcodeproj */;
			proxyType = 2;
			remoteGlobalIDString = 925C36DC0FE7EC5A00E9B9E4;
			remoteInfo = seticon;
		};
		7BE58FDC19A991BD00EB4AB1 /* PBXContainerItemProxy */ = {
			isa = PBXContainerItemProxy;
			containerPortal = 7BE58F5219A991BD00EB4AB1 /* cli.xcodeproj */;
			proxyType = 2;
			remoteGlobalIDString = 92ACC0B20FE9C717009E0760;
			remoteInfo = slideshow;
		};
		7BE58FDE19A991BD00EB4AB1 /* PBXContainerItemProxy */ = {
			isa = PBXContainerItemProxy;
			containerPortal = 7BE58F5219A991BD00EB4AB1 /* cli.xcodeproj */;
			proxyType = 2;
			remoteGlobalIDString = 92DFDAC60FD9FE1800F7C0BD;
			remoteInfo = trash;
		};
		7BE58FE019A991BD00EB4AB1 /* PBXContainerItemProxy */ = {
			isa = PBXContainerItemProxy;
			containerPortal = 7BE58F5219A991BD00EB4AB1 /* cli.xcodeproj */;
			proxyType = 2;
			remoteGlobalIDString = 924E30520FEB9BE0004A9EA1;
			remoteInfo = trimmit;
		};
		7BE58FE219A991BD00EB4AB1 /* PBXContainerItemProxy */ = {
			isa = PBXContainerItemProxy;
			containerPortal = 7BE58F5219A991BD00EB4AB1 /* cli.xcodeproj */;
			proxyType = 2;
			remoteGlobalIDString = 924A9B600FE4F45F0098AC53;
			remoteInfo = uti;
		};
		7BE58FE419A991BD00EB4AB1 /* PBXContainerItemProxy */ = {
			isa = PBXContainerItemProxy;
			containerPortal = 7BE58F5219A991BD00EB4AB1 /* cli.xcodeproj */;
			proxyType = 2;
			remoteGlobalIDString = 92ACC2310FE9E234009E0760;
			remoteInfo = win;
		};
		7BE58FE619A991BD00EB4AB1 /* PBXContainerItemProxy */ = {
			isa = PBXContainerItemProxy;
			containerPortal = 7BE58F5219A991BD00EB4AB1 /* cli.xcodeproj */;
			proxyType = 2;
			remoteGlobalIDString = 927089210FEB4A7700835BB3;
			remoteInfo = winalpha;
		};
		7BE58FE819A991BD00EB4AB1 /* PBXContainerItemProxy */ = {
			isa = PBXContainerItemProxy;
			containerPortal = 7BE58F5219A991BD00EB4AB1 /* cli.xcodeproj */;
			proxyType = 2;
			remoteGlobalIDString = 92ACC3DB0FE9E5C5009E0760;
			remoteInfo = winlevel;
		};
		7BE58FEA19A991BD00EB4AB1 /* PBXContainerItemProxy */ = {
			isa = PBXContainerItemProxy;
			containerPortal = 7BE58F5219A991BD00EB4AB1 /* cli.xcodeproj */;
			proxyType = 2;
			remoteGlobalIDString = 929BE3D70FFB3AB70055CAD3;
			remoteInfo = winmove;
		};
		7BE58FEC19A991BD00EB4AB1 /* PBXContainerItemProxy */ = {
			isa = PBXContainerItemProxy;
			containerPortal = 7BE58F5219A991BD00EB4AB1 /* cli.xcodeproj */;
			proxyType = 2;
			remoteGlobalIDString = 92708A4A0FEB5CFB00835BB3;
			remoteInfo = winshadow;
		};
		7BE58FEE19A991BD00EB4AB1 /* PBXContainerItemProxy */ = {
			isa = PBXContainerItemProxy;
			containerPortal = 7BE58F5219A991BD00EB4AB1 /* cli.xcodeproj */;
			proxyType = 2;
			remoteGlobalIDString = 927CFBA40FEF20CC00D7D4DF;
			remoteInfo = wintransform;
		};
		7BE58FF019A991BD00EB4AB1 /* PBXContainerItemProxy */ = {
			isa = PBXContainerItemProxy;
			containerPortal = 7BE58F5219A991BD00EB4AB1 /* cli.xcodeproj */;
			proxyType = 2;
			remoteGlobalIDString = 927CFB5C0FEF17F900D7D4DF;
			remoteInfo = wintransition;
		};
		7BE58FF219A991BD00EB4AB1 /* PBXContainerItemProxy */ = {
			isa = PBXContainerItemProxy;
			containerPortal = 7BE58F5219A991BD00EB4AB1 /* cli.xcodeproj */;
			proxyType = 2;
			remoteGlobalIDString = 924311720FD12AAF00148B78;
			remoteInfo = xattr;
		};
/* End PBXContainerItemProxy section */

/* Begin PBXCopyFilesBuildPhase section */
		7B0C495819A956A10046167F /* CopyFiles */ = {
			isa = PBXCopyFilesBuildPhase;
			buildActionMask = 2147483647;
			dstPath = /usr/share/man/man1/;
			dstSubfolderSpec = 0;
			files = (
			);
			runOnlyForDeploymentPostprocessing = 1;
		};
		7B62B1BC1A99A6E3005BC6BC /* CopyFiles */ = {
			isa = PBXCopyFilesBuildPhase;
			buildActionMask = 2147483647;
			dstPath = /usr/share/man/man1/;
			dstSubfolderSpec = 0;
			files = (
			);
			runOnlyForDeploymentPostprocessing = 1;
		};
		7B8D2F251A98421500D93D95 /* CopyFiles */ = {
			isa = PBXCopyFilesBuildPhase;
			buildActionMask = 2147483647;
			dstPath = "";
			dstSubfolderSpec = 10;
			files = (
				7B8D2F261A98422900D93D95 /* AQOptionParser.framework in CopyFiles */,
			);
			runOnlyForDeploymentPostprocessing = 0;
		};
		7B8D2F621A98612F00D93D95 /* CopyFiles */ = {
			isa = PBXCopyFilesBuildPhase;
			buildActionMask = 2147483647;
			dstPath = /usr/share/man/man1/;
			dstSubfolderSpec = 0;
			files = (
			);
			runOnlyForDeploymentPostprocessing = 1;
		};
/* End PBXCopyFilesBuildPhase section */

/* Begin PBXFileReference section */
		7B0C48B919A9400E0046167F /* libAtoZIO.dylib */ = {isa = PBXFileReference; explicitFileType = "compiled.mach-o.dylib"; includeInIndex = 0; path = libAtoZIO.dylib; sourceTree = BUILT_PRODUCTS_DIR; };
		7B0C48C519A9400E0046167F /* AtoZIO.h */ = {isa = PBXFileReference; lastKnownFileType = sourcecode.c.h; name = AtoZIO.h; path = AtoZIO/AtoZIO.h; sourceTree = "<group>"; };
		7B0C48C619A9400E0046167F /* AtoZIO.m */ = {isa = PBXFileReference; lastKnownFileType = sourcecode.c.objc; name = AtoZIO.m; path = AtoZIO/AtoZIO.m; sourceTree = "<group>"; };
		7B0C48CC19A9400E0046167F /* AtoZIOTests.xctest */ = {isa = PBXFileReference; explicitFileType = wrapper.cfbundle; includeInIndex = 0; path = AtoZIOTests.xctest; sourceTree = BUILT_PRODUCTS_DIR; };
		7B0C48D919A9400E0046167F /* AtoZIOTests.m */ = {isa = PBXFileReference; lastKnownFileType = sourcecode.c.objc; path = AtoZIOTests.m; sourceTree = "<group>"; };
		7B0C48E319A9436F0046167F /* NSNib+XMLBase64.m */ = {isa = PBXFileReference; fileEncoding = 4; lastKnownFileType = sourcecode.c.objc; path = "NSNib+XMLBase64.m"; sourceTree = "<group>"; };
		7B0C48E419A9436F0046167F /* NSNib+XMLBase64.h */ = {isa = PBXFileReference; fileEncoding = 4; lastKnownFileType = sourcecode.c.h; path = "NSNib+XMLBase64.h"; sourceTree = "<group>"; };
		7B0C48E719A944660046167F /* DDEmbeddedDataReader.h */ = {isa = PBXFileReference; fileEncoding = 4; lastKnownFileType = sourcecode.c.h; path = DDEmbeddedDataReader.h; sourceTree = "<group>"; };
		7B0C48E819A944660046167F /* DDEmbeddedDataReader.m */ = {isa = PBXFileReference; fileEncoding = 4; lastKnownFileType = sourcecode.c.objc; path = DDEmbeddedDataReader.m; sourceTree = "<group>"; };
		7B0C48EB19A946560046167F /* AQOptionParser.xcodeproj */ = {isa = PBXFileReference; lastKnownFileType = "wrapper.pb-project"; name = AQOptionParser.xcodeproj; path = Modules/AQOptionParser/AQOptionParser.xcodeproj; sourceTree = "<group>"; };
		7B0C495A19A956A10046167F /* AtoZIO_EXE */ = {isa = PBXFileReference; explicitFileType = "compiled.mach-o.executable"; includeInIndex = 0; path = AtoZIO_EXE; sourceTree = BUILT_PRODUCTS_DIR; };
		7B0C495F19A956A20046167F /* AtoZIO_EXE.m */ = {isa = PBXFileReference; lastKnownFileType = sourcecode.c.objc; name = AtoZIO_EXE.m; path = AtoZIO_EXE/AtoZIO_EXE.m; sourceTree = "<group>"; };
		7B5E62C41A98013A0001B5F3 /* module.map */ = {isa = PBXFileReference; fileEncoding = 4; lastKnownFileType = "sourcecode.module-map"; path = module.map; sourceTree = "<group>"; };
		7B5E62CB1A9803460001B5F3 /* AtoZIO.framework */ = {isa = PBXFileReference; explicitFileType = wrapper.framework; includeInIndex = 0; path = AtoZIO.framework; sourceTree = BUILT_PRODUCTS_DIR; };
		7B5E62CE1A9803460001B5F3 /* Info.plist */ = {isa = PBXFileReference; lastKnownFileType = text.plist.xml; path = Info.plist; sourceTree = "<group>"; };
		7B5E62CF1A9803460001B5F3 /* AtoZIO.h */ = {isa = PBXFileReference; lastKnownFileType = sourcecode.c.h; path = AtoZIO.h; sourceTree = "<group>"; };
		7B5E62D51A9803460001B5F3 /* AtoZIOTests.xctest */ = {isa = PBXFileReference; explicitFileType = wrapper.cfbundle; includeInIndex = 0; path = AtoZIOTests.xctest; sourceTree = BUILT_PRODUCTS_DIR; };
		7B5E62DB1A9803470001B5F3 /* Info.plist */ = {isa = PBXFileReference; lastKnownFileType = text.plist.xml; path = Info.plist; sourceTree = "<group>"; };
		7B5E62DC1A9803470001B5F3 /* AtoZIOTests.m */ = {isa = PBXFileReference; lastKnownFileType = sourcecode.c.objc; path = AtoZIOTests.m; sourceTree = "<group>"; };
		7B62B1BE1A99A6E3005BC6BC /* readlineDemo */ = {isa = PBXFileReference; explicitFileType = "compiled.mach-o.executable"; includeInIndex = 0; path = readlineDemo; sourceTree = BUILT_PRODUCTS_DIR; };
		7B62B1C01A99A6E4005BC6BC /* main.m */ = {isa = PBXFileReference; lastKnownFileType = sourcecode.c.objc; path = main.m; sourceTree = "<group>"; };
		7B8D2F481A985CAF00D93D95 /* GBSettings+Application.h */ = {isa = PBXFileReference; lastKnownFileType = sourcecode.c.h; path = "GBSettings+Application.h"; sourceTree = "<group>"; };
		7B8D2F491A985CAF00D93D95 /* GBSettings+Application.m */ = {isa = PBXFileReference; lastKnownFileType = sourcecode.c.objc; path = "GBSettings+Application.m"; sourceTree = "<group>"; };
		7B8D2F4A1A985CAF00D93D95 /* GBTester.m */ = {isa = PBXFileReference; lastKnownFileType = sourcecode.c.objc; path = GBTester.m; sourceTree = "<group>"; };
		7B8D2F4C1A985CAF00D93D95 /* GBCommandLineParser.h */ = {isa = PBXFileReference; lastKnownFileType = sourcecode.c.h; name = GBCommandLineParser.h; path = src/GBCommandLineParser.h; sourceTree = "<group>"; };
		7B8D2F4D1A985CAF00D93D95 /* GBCommandLineParser.m */ = {isa = PBXFileReference; lastKnownFileType = sourcecode.c.objc; name = GBCommandLineParser.m; path = src/GBCommandLineParser.m; sourceTree = "<group>"; };
		7B8D2F4E1A985CAF00D93D95 /* GBOptionsHelper.h */ = {isa = PBXFileReference; lastKnownFileType = sourcecode.c.h; name = GBOptionsHelper.h; path = src/GBOptionsHelper.h; sourceTree = "<group>"; };
		7B8D2F4F1A985CAF00D93D95 /* GBOptionsHelper.m */ = {isa = PBXFileReference; lastKnownFileType = sourcecode.c.objc; name = GBOptionsHelper.m; path = src/GBOptionsHelper.m; sourceTree = "<group>"; };
		7B8D2F501A985CAF00D93D95 /* GBSettings.h */ = {isa = PBXFileReference; lastKnownFileType = sourcecode.c.h; name = GBSettings.h; path = src/GBSettings.h; sourceTree = "<group>"; };
		7B8D2F511A985CAF00D93D95 /* GBSettings.m */ = {isa = PBXFileReference; lastKnownFileType = sourcecode.c.objc; name = GBSettings.m; path = src/GBSettings.m; sourceTree = "<group>"; };
		7B8D2F521A985CAF00D93D95 /* Readme.markdown */ = {isa = PBXFileReference; lastKnownFileType = net.daringfireball.markdown; name = Readme.markdown; path = ../Readme.markdown; sourceTree = "<group>"; };
		7B8D2F551A985D4C00D93D95 /* GBPrint.m */ = {isa = PBXFileReference; lastKnownFileType = sourcecode.c.objc; name = GBPrint.m; path = src/GBPrint.m; sourceTree = "<group>"; };
		7B8D2F641A98612F00D93D95 /* GBTester */ = {isa = PBXFileReference; explicitFileType = "compiled.mach-o.executable"; includeInIndex = 0; path = GBTester; sourceTree = BUILT_PRODUCTS_DIR; };
		7BE58F4A19A97A7000EB4AB1 /* example.mm */ = {isa = PBXFileReference; fileEncoding = 4; lastKnownFileType = sourcecode.cpp.objcpp; name = example.mm; path = Modules/NSTerminal/example.mm; sourceTree = "<group>"; };
		7BE58F4E19A97B8200EB4AB1 /* LCTerminal.mm */ = {isa = PBXFileReference; fileEncoding = 4; lastKnownFileType = sourcecode.cpp.objcpp; name = LCTerminal.mm; path = Modules/NSTerminal/LCTerminal.mm; sourceTree = "<group>"; };
		7BE58F4F19A97B8200EB4AB1 /* LCTerminal.h */ = {isa = PBXFileReference; fileEncoding = 4; lastKnownFileType = sourcecode.c.h; name = LCTerminal.h; path = Modules/NSTerminal/LCTerminal.h; sourceTree = "<group>"; };
		7BE58F5219A991BD00EB4AB1 /* cli.xcodeproj */ = {isa = PBXFileReference; lastKnownFileType = "wrapper.pb-project"; name = cli.xcodeproj; path = Modules/CLIMac/cli.xcodeproj; sourceTree = "<group>"; };
/* End PBXFileReference section */

/* Begin PBXFrameworksBuildPhase section */
		7B0C48B619A9400E0046167F /* Frameworks */ = {
			isa = PBXFrameworksBuildPhase;
			buildActionMask = 2147483647;
			files = (
			);
			runOnlyForDeploymentPostprocessing = 0;
		};
		7B0C48C919A9400E0046167F /* Frameworks */ = {
			isa = PBXFrameworksBuildPhase;
			buildActionMask = 2147483647;
			files = (
				7B0C48D219A9400E0046167F /* libAtoZIO.dylib in Frameworks */,
			);
			runOnlyForDeploymentPostprocessing = 0;
		};
		7B5E62C71A9803460001B5F3 /* Frameworks */ = {
			isa = PBXFrameworksBuildPhase;
			buildActionMask = 2147483647;
			files = (
				7B5E62E71A98044C0001B5F3 /* AQOptionParser.framework in Frameworks */,
			);
			runOnlyForDeploymentPostprocessing = 0;
		};
		7B5E62D21A9803460001B5F3 /* Frameworks */ = {
			isa = PBXFrameworksBuildPhase;
			buildActionMask = 2147483647;
			files = (
				7B5E62D61A9803470001B5F3 /* AtoZIO.framework in Frameworks */,
			);
			runOnlyForDeploymentPostprocessing = 0;
		};
		7B62B1BB1A99A6E3005BC6BC /* Frameworks */ = {
			isa = PBXFrameworksBuildPhase;
			buildActionMask = 2147483647;
			files = (
			);
			runOnlyForDeploymentPostprocessing = 0;
		};
		7B8D2F611A98612F00D93D95 /* Frameworks */ = {
			isa = PBXFrameworksBuildPhase;
			buildActionMask = 2147483647;
			files = (
				7B8D2F6E1A98617500D93D95 /* AtoZIO.framework in Frameworks */,
			);
			runOnlyForDeploymentPostprocessing = 0;
		};
		7B90BB3E19F341AE005A69CD /* Frameworks */ = {
			isa = PBXFrameworksBuildPhase;
			buildActionMask = 2147483647;
			files = (
				7B8D2F291A98467F00D93D95 /* AtoZIO.framework in Frameworks */,
			);
			runOnlyForDeploymentPostprocessing = 0;
		};
/* End PBXFrameworksBuildPhase section */

/* Begin PBXGroup section */
		7B0C48B019A9400E0046167F = {
			isa = PBXGroup;
			children = (
				7B0C495F19A956A20046167F /* AtoZIO_EXE.m */,
				7B5E62CC1A9803460001B5F3 /* AtoZIO */,
				7B8D2F461A985CAF00D93D95 /* GBCli */,
				7B5E62C41A98013A0001B5F3 /* module.map */,
				7B0C48EB19A946560046167F /* AQOptionParser.xcodeproj */,
				7B0C48C519A9400E0046167F /* AtoZIO.h */,
				7B0C48C619A9400E0046167F /* AtoZIO.m */,
				7B0C48D319A9400E0046167F /* AtoZIOTests */,
				7B0C48E719A944660046167F /* DDEmbeddedDataReader.h */,
				7B0C48E819A944660046167F /* DDEmbeddedDataReader.m */,
				7BE58F4A19A97A7000EB4AB1 /* example.mm */,
				7BE58F4F19A97B8200EB4AB1 /* LCTerminal.h */,
				7BE58F4E19A97B8200EB4AB1 /* LCTerminal.mm */,
				7B0C48E419A9436F0046167F /* NSNib+XMLBase64.h */,
				7B0C48E319A9436F0046167F /* NSNib+XMLBase64.m */,
				7BB200D119BBDDEF00816AB9 /* Targets */,
				7B5E62CB1A9803460001B5F3 /* AtoZIO.framework */,
				7B5E62D51A9803460001B5F3 /* AtoZIOTests.xctest */,
				7B5E62D91A9803470001B5F3 /* AtoZIOTests */,
				7B8D2F641A98612F00D93D95 /* GBTester */,
				7B62B1BE1A99A6E3005BC6BC /* readlineDemo */,
				7B62B1BF1A99A6E4005BC6BC /* readlineDemo */,
				7BE58F5219A991BD00EB4AB1 /* cli.xcodeproj */,
			);
			sourceTree = "<group>";
		};
		7B0C48D319A9400E0046167F /* AtoZIOTests */ = {
			isa = PBXGroup;
			children = (
				7B0C48D919A9400E0046167F /* AtoZIOTests.m */,
			);
			path = AtoZIOTests;
			sourceTree = "<group>";
		};
		7B0C48EC19A946560046167F /* Products */ = {
			isa = PBXGroup;
			children = (
				7B0C48F119A946560046167F /* AQOptionParser.framework */,
				7B0C48F319A946560046167F /* AQOptionParserTests.xctest */,
			);
			name = Products;
			sourceTree = "<group>";
		};
		7B5E62CC1A9803460001B5F3 /* AtoZIO */ = {
			isa = PBXGroup;
			children = (
				7B5E62CF1A9803460001B5F3 /* AtoZIO.h */,
				7B5E62CD1A9803460001B5F3 /* Supporting Files */,
			);
			path = AtoZIO;
			sourceTree = "<group>";
		};
		7B5E62CD1A9803460001B5F3 /* Supporting Files */ = {
			isa = PBXGroup;
			children = (
				7B5E62CE1A9803460001B5F3 /* Info.plist */,
			);
			name = "Supporting Files";
			sourceTree = "<group>";
		};
		7B5E62D91A9803470001B5F3 /* AtoZIOTests */ = {
			isa = PBXGroup;
			children = (
				7B5E62DC1A9803470001B5F3 /* AtoZIOTests.m */,
				7B5E62DA1A9803470001B5F3 /* Supporting Files */,
			);
			path = AtoZIOTests;
			sourceTree = "<group>";
		};
		7B5E62DA1A9803470001B5F3 /* Supporting Files */ = {
			isa = PBXGroup;
			children = (
				7B5E62DB1A9803470001B5F3 /* Info.plist */,
			);
			name = "Supporting Files";
			sourceTree = "<group>";
		};
		7B62B1BF1A99A6E4005BC6BC /* readlineDemo */ = {
			isa = PBXGroup;
			children = (
				7B62B1C01A99A6E4005BC6BC /* main.m */,
			);
			path = readlineDemo;
			sourceTree = "<group>";
		};
		7B8D2F461A985CAF00D93D95 /* GBCli */ = {
			isa = PBXGroup;
			children = (
				7B8D2F6F1A9863AA00D93D95 /* Demo */,
				7B8D2F551A985D4C00D93D95 /* GBPrint.m */,
				7B8D2F521A985CAF00D93D95 /* Readme.markdown */,
				7B8D2F4C1A985CAF00D93D95 /* GBCommandLineParser.h */,
				7B8D2F4D1A985CAF00D93D95 /* GBCommandLineParser.m */,
				7B8D2F4E1A985CAF00D93D95 /* GBOptionsHelper.h */,
				7B8D2F4F1A985CAF00D93D95 /* GBOptionsHelper.m */,
				7B8D2F501A985CAF00D93D95 /* GBSettings.h */,
				7B8D2F511A985CAF00D93D95 /* GBSettings.m */,
			);
			name = GBCli;
			path = Modules/GBCli/GBCli;
			sourceTree = "<group>";
		};
		7B8D2F6F1A9863AA00D93D95 /* Demo */ = {
			isa = PBXGroup;
			children = (
				7B8D2F4A1A985CAF00D93D95 /* GBTester.m */,
				7B8D2F481A985CAF00D93D95 /* GBSettings+Application.h */,
				7B8D2F491A985CAF00D93D95 /* GBSettings+Application.m */,
			);
			name = Demo;
			sourceTree = "<group>";
		};
		7BB200D119BBDDEF00816AB9 /* Targets */ = {
			isa = PBXGroup;
			children = (
				7B0C48B919A9400E0046167F /* libAtoZIO.dylib */,
				7B0C48CC19A9400E0046167F /* AtoZIOTests.xctest */,
				7B0C495A19A956A10046167F /* AtoZIO_EXE */,
			);
			name = Targets;
			sourceTree = "<group>";
		};
		7BE58F5319A991BD00EB4AB1 /* Products */ = {
			isa = PBXGroup;
			children = (
				7BE58F8D19A991BD00EB4AB1 /* target */,
				7BE58F8F19A991BD00EB4AB1 /* alert */,
				7BE58F9119A991BD00EB4AB1 /* any2txt */,
				7BE58F9319A991BD00EB4AB1 /* app */,
				7BE58F9519A991BD00EB4AB1 /* appr */,
				7BE58F9719A991BD00EB4AB1 /* audioctl */,
				7BE58F9919A991BD00EB4AB1 /* beep */,
				7BE58F9B19A991BD00EB4AB1 /* bundle */,
				7BE58F9D19A991BD00EB4AB1 /* cifilter */,
				7BE58F9F19A991BD00EB4AB1 /* dict */,
				7BE58FA119A991BD00EB4AB1 /* dictctl */,
				7BE58FA319A991BD00EB4AB1 /* displayctl */,
				7BE58FA519A991BD00EB4AB1 /* displaysleep */,
				7BE58FA719A991BD00EB4AB1 /* dux */,
				7BE58FA919A991BD00EB4AB1 /* dup */,
				7BE58FAB19A991BD00EB4AB1 /* fileicon */,
				7BE58FAD19A991BD00EB4AB1 /* goosh */,
				7BE58FAF19A991BD00EB4AB1 /* hotkeys */,
				7BE58FB119A991BD00EB4AB1 /* html */,
				7BE58FB319A991BD00EB4AB1 /* imgbrowser */,
				7BE58FB519A991BD00EB4AB1 /* imgconv */,
				7BE58FB719A991BD00EB4AB1 /* imgshadow */,
				7BE58FB919A991BD00EB4AB1 /* imgsnap */,
				7BE58FBB19A991BD00EB4AB1 /* imgtext */,
				7BE58FBD19A991BD00EB4AB1 /* imgview */,
				7BE58FBF19A991BD00EB4AB1 /* large-type */,
				7BE58FC119A991BD00EB4AB1 /* loginitems */,
				7BE58FC319A991BD00EB4AB1 /* menu */,
				7BE58FC519A991BD00EB4AB1 /* nml */,
				7BE58FC719A991BD00EB4AB1 /* normalize */,
				7BE58FC919A991BD00EB4AB1 /* pdate */,
				7BE58FCB19A991BD00EB4AB1 /* pdfcat */,
				7BE58FCD19A991BD00EB4AB1 /* pdfextract */,
				7BE58FCF19A991BD00EB4AB1 /* pdfinfo */,
				7BE58FD119A991BD00EB4AB1 /* pid */,
				7BE58FD319A991BD00EB4AB1 /* ql */,
				7BE58FD519A991BD00EB4AB1 /* quit */,
				7BE58FD719A991BD00EB4AB1 /* readalias */,
				7BE58FD919A991BD00EB4AB1 /* setapp */,
				7BE58FDB19A991BD00EB4AB1 /* seticon */,
				7BE58FDD19A991BD00EB4AB1 /* slideshow */,
				7BE58FDF19A991BD00EB4AB1 /* trash */,
				7BE58FE119A991BD00EB4AB1 /* trimmit */,
				7BE58FE319A991BD00EB4AB1 /* uti */,
				7BE58FE519A991BD00EB4AB1 /* win */,
				7BE58FE719A991BD00EB4AB1 /* winalpha */,
				7BE58FE919A991BD00EB4AB1 /* winlevel */,
				7BE58FEB19A991BD00EB4AB1 /* winmove */,
				7BE58FED19A991BD00EB4AB1 /* winshadow */,
				7BE58FEF19A991BD00EB4AB1 /* wintransform */,
				7BE58FF119A991BD00EB4AB1 /* wintransition */,
				7BE58FF319A991BD00EB4AB1 /* xattr */,
			);
			name = Products;
			sourceTree = "<group>";
		};
/* End PBXGroup section */

/* Begin PBXHeadersBuildPhase section */
		7B0C48B719A9400E0046167F /* Headers */ = {
			isa = PBXHeadersBuildPhase;
			buildActionMask = 2147483647;
			files = (
				7B0C48E619A9436F0046167F /* NSNib+XMLBase64.h in Headers */,
				7BE58F5119A97B8300EB4AB1 /* LCTerminal.h in Headers */,
			);
			runOnlyForDeploymentPostprocessing = 0;
		};
		7B5E62C81A9803460001B5F3 /* Headers */ = {
			isa = PBXHeadersBuildPhase;
			buildActionMask = 2147483647;
			files = (
				7B8D2F5E1A985EAE00D93D95 /* GBSettings.h in Headers */,
				7B8D2F711A987AF900D93D95 /* DDEmbeddedDataReader.h in Headers */,
				7B8D2F5A1A985EAE00D93D95 /* GBCommandLineParser.h in Headers */,
				7B5E62D01A9803460001B5F3 /* AtoZIO.h in Headers */,
				7B8D2F5C1A985EAE00D93D95 /* GBOptionsHelper.h in Headers */,
			);
			runOnlyForDeploymentPostprocessing = 0;
		};
/* End PBXHeadersBuildPhase section */

/* Begin PBXNativeTarget section */
		7B0C48B819A9400E0046167F /* libAtoZIO */ = {
			isa = PBXNativeTarget;
			buildConfigurationList = 7B0C48DD19A9400E0046167F /* Build configuration list for PBXNativeTarget "libAtoZIO" */;
			buildPhases = (
				7B0C48B519A9400E0046167F /* Sources */,
				7B0C48B619A9400E0046167F /* Frameworks */,
				7B0C48B719A9400E0046167F /* Headers */,
			);
			buildRules = (
			);
			dependencies = (
			);
			name = libAtoZIO;
			productName = AtoZIO;
			productReference = 7B0C48B919A9400E0046167F /* libAtoZIO.dylib */;
			productType = "com.apple.product-type.library.dynamic";
		};
		7B0C48CB19A9400E0046167F /* AtoZIOTests */ = {
			isa = PBXNativeTarget;
			buildConfigurationList = 7B0C48E019A9400E0046167F /* Build configuration list for PBXNativeTarget "AtoZIOTests" */;
			buildPhases = (
				7B0C48C819A9400E0046167F /* Sources */,
				7B0C48C919A9400E0046167F /* Frameworks */,
				7B0C48CA19A9400E0046167F /* Resources */,
			);
			buildRules = (
			);
			dependencies = (
				7B0C48D119A9400E0046167F /* PBXTargetDependency */,
			);
			name = AtoZIOTests;
			productName = AtoZIOTests;
			productReference = 7B0C48CC19A9400E0046167F /* AtoZIOTests.xctest */;
			productType = "com.apple.product-type.bundle.unit-test";
		};
		7B0C495919A956A10046167F /* AtoZIO_EXE */ = {
			isa = PBXNativeTarget;
			buildConfigurationList = 7B0C496519A956A20046167F /* Build configuration list for PBXNativeTarget "AtoZIO_EXE" */;
			buildPhases = (
				7B0C495619A956A10046167F /* Sources */,
				7B0C495819A956A10046167F /* CopyFiles */,
				7B90BB3E19F341AE005A69CD /* Frameworks */,
			);
			buildRules = (
			);
			dependencies = (
				7B8D2F281A98467900D93D95 /* PBXTargetDependency */,
			);
			name = AtoZIO_EXE;
			productName = AtoZIO_EXE;
			productReference = 7B0C495A19A956A10046167F /* AtoZIO_EXE */;
			productType = "com.apple.product-type.tool";
		};
		7B5E62CA1A9803460001B5F3 /* AtoZIO */ = {
			isa = PBXNativeTarget;
			buildConfigurationList = 7B5E62DE1A9803470001B5F3 /* Build configuration list for PBXNativeTarget "AtoZIO" */;
			buildPhases = (
				7B5E62C61A9803460001B5F3 /* Sources */,
				7B5E62C71A9803460001B5F3 /* Frameworks */,
				7B5E62C81A9803460001B5F3 /* Headers */,
				7B5E62C91A9803460001B5F3 /* Resources */,
				7B8D2F251A98421500D93D95 /* CopyFiles */,
			);
			buildRules = (
			);
			dependencies = (
				7B5E62E61A9804400001B5F3 /* PBXTargetDependency */,
			);
			name = AtoZIO;
			productName = AtoZIO;
			productReference = 7B5E62CB1A9803460001B5F3 /* AtoZIO.framework */;
			productType = "com.apple.product-type.framework";
		};
		7B5E62D41A9803460001B5F3 /* AtoZIOTests */ = {
			isa = PBXNativeTarget;
			buildConfigurationList = 7B5E62E11A9803470001B5F3 /* Build configuration list for PBXNativeTarget "AtoZIOTests" */;
			buildPhases = (
				7B5E62D11A9803460001B5F3 /* Sources */,
				7B5E62D21A9803460001B5F3 /* Frameworks */,
				7B5E62D31A9803460001B5F3 /* Resources */,
			);
			buildRules = (
			);
			dependencies = (
				7B5E62D81A9803470001B5F3 /* PBXTargetDependency */,
			);
			name = AtoZIOTests;
			productName = AtoZIOTests;
			productReference = 7B5E62D51A9803460001B5F3 /* AtoZIOTests.xctest */;
			productType = "com.apple.product-type.bundle.unit-test";
		};
		7B62B1BD1A99A6E3005BC6BC /* readlineDemo */ = {
			isa = PBXNativeTarget;
			buildConfigurationList = 7B62B1FC1A99A6E4005BC6BC /* Build configuration list for PBXNativeTarget "readlineDemo" */;
			buildPhases = (
				7B62B1BA1A99A6E3005BC6BC /* Sources */,
				7B62B1BB1A99A6E3005BC6BC /* Frameworks */,
				7B62B1BC1A99A6E3005BC6BC /* CopyFiles */,
			);
			buildRules = (
			);
			dependencies = (
			);
			name = readlineDemo;
			productName = readlineDemo;
			productReference = 7B62B1BE1A99A6E3005BC6BC /* readlineDemo */;
			productType = "com.apple.product-type.tool";
		};
		7B8D2F631A98612F00D93D95 /* GBTester */ = {
			isa = PBXNativeTarget;
			buildConfigurationList = 7B8D2F681A98612F00D93D95 /* Build configuration list for PBXNativeTarget "GBTester" */;
			buildPhases = (
				7B8D2F601A98612F00D93D95 /* Sources */,
				7B8D2F611A98612F00D93D95 /* Frameworks */,
				7B8D2F621A98612F00D93D95 /* CopyFiles */,
			);
			buildRules = (
			);
			dependencies = (
				7B8D2F6D1A98616E00D93D95 /* PBXTargetDependency */,
			);
			name = GBTester;
			productName = GBTester;
			productReference = 7B8D2F641A98612F00D93D95 /* GBTester */;
			productType = "com.apple.product-type.tool";
		};
/* End PBXNativeTarget section */

/* Begin PBXProject section */
		7B0C48B119A9400E0046167F /* Project object */ = {
			isa = PBXProject;
			attributes = {
				LastUpgradeCheck = 0600;
				ORGANIZATIONNAME = "Alex Gray";
				TargetAttributes = {
					7B0C48CB19A9400E0046167F = {
						TestTargetID = 7B0C48B819A9400E0046167F;
					};
					7B5E62CA1A9803460001B5F3 = {
						CreatedOnToolsVersion = 6.2;
					};
					7B5E62D41A9803460001B5F3 = {
						CreatedOnToolsVersion = 6.2;
					};
					7B62B1BD1A99A6E3005BC6BC = {
						CreatedOnToolsVersion = 6.2;
					};
					7B8D2F631A98612F00D93D95 = {
						CreatedOnToolsVersion = 6.1.1;
					};
				};
			};
			buildConfigurationList = 7B0C48B419A9400E0046167F /* Build configuration list for PBXProject "AtoZIO" */;
			compatibilityVersion = "Xcode 3.2";
			developmentRegion = English;
			hasScannedForEncodings = 0;
			knownRegions = (
				en,
			);
			mainGroup = 7B0C48B019A9400E0046167F;
			productRefGroup = 7B0C48B019A9400E0046167F;
			projectDirPath = "";
			projectReferences = (
				{
					ProductGroup = 7B0C48EC19A946560046167F /* Products */;
					ProjectRef = 7B0C48EB19A946560046167F /* AQOptionParser.xcodeproj */;
				},
				{
					ProductGroup = 7BE58F5319A991BD00EB4AB1 /* Products */;
					ProjectRef = 7BE58F5219A991BD00EB4AB1 /* cli.xcodeproj */;
				},
			);
			projectRoot = "";
			targets = (
				7B0C48B819A9400E0046167F /* libAtoZIO */,
				7B0C48CB19A9400E0046167F /* AtoZIOTests */,
				7B0C495919A956A10046167F /* AtoZIO_EXE */,
				7B5E62CA1A9803460001B5F3 /* AtoZIO */,
				7B5E62D41A9803460001B5F3 /* AtoZIOTests */,
				7B8D2F631A98612F00D93D95 /* GBTester */,
				7B62B1BD1A99A6E3005BC6BC /* readlineDemo */,
			);
		};
/* End PBXProject section */

/* Begin PBXReferenceProxy section */
		7B0C48F119A946560046167F /* AQOptionParser.framework */ = {
			isa = PBXReferenceProxy;
			fileType = wrapper.framework;
			path = AQOptionParser.framework;
			remoteRef = 7B0C48F019A946560046167F /* PBXContainerItemProxy */;
			sourceTree = BUILT_PRODUCTS_DIR;
		};
		7B0C48F319A946560046167F /* AQOptionParserTests.xctest */ = {
			isa = PBXReferenceProxy;
			fileType = wrapper.cfbundle;
			path = AQOptionParserTests.xctest;
			remoteRef = 7B0C48F219A946560046167F /* PBXContainerItemProxy */;
			sourceTree = BUILT_PRODUCTS_DIR;
		};
		7BE58F8D19A991BD00EB4AB1 /* target */ = {
			isa = PBXReferenceProxy;
			fileType = "compiled.mach-o.executable";
			path = target;
			remoteRef = 7BE58F8C19A991BD00EB4AB1 /* PBXContainerItemProxy */;
			sourceTree = BUILT_PRODUCTS_DIR;
		};
		7BE58F8F19A991BD00EB4AB1 /* alert */ = {
			isa = PBXReferenceProxy;
			fileType = "compiled.mach-o.executable";
			path = alert;
			remoteRef = 7BE58F8E19A991BD00EB4AB1 /* PBXContainerItemProxy */;
			sourceTree = BUILT_PRODUCTS_DIR;
		};
		7BE58F9119A991BD00EB4AB1 /* any2txt */ = {
			isa = PBXReferenceProxy;
			fileType = "compiled.mach-o.executable";
			path = any2txt;
			remoteRef = 7BE58F9019A991BD00EB4AB1 /* PBXContainerItemProxy */;
			sourceTree = BUILT_PRODUCTS_DIR;
		};
		7BE58F9319A991BD00EB4AB1 /* app */ = {
			isa = PBXReferenceProxy;
			fileType = "compiled.mach-o.executable";
			path = app;
			remoteRef = 7BE58F9219A991BD00EB4AB1 /* PBXContainerItemProxy */;
			sourceTree = BUILT_PRODUCTS_DIR;
		};
		7BE58F9519A991BD00EB4AB1 /* appr */ = {
			isa = PBXReferenceProxy;
			fileType = "compiled.mach-o.executable";
			path = appr;
			remoteRef = 7BE58F9419A991BD00EB4AB1 /* PBXContainerItemProxy */;
			sourceTree = BUILT_PRODUCTS_DIR;
		};
		7BE58F9719A991BD00EB4AB1 /* audioctl */ = {
			isa = PBXReferenceProxy;
			fileType = "compiled.mach-o.executable";
			path = audioctl;
			remoteRef = 7BE58F9619A991BD00EB4AB1 /* PBXContainerItemProxy */;
			sourceTree = BUILT_PRODUCTS_DIR;
		};
		7BE58F9919A991BD00EB4AB1 /* beep */ = {
			isa = PBXReferenceProxy;
			fileType = "compiled.mach-o.executable";
			path = beep;
			remoteRef = 7BE58F9819A991BD00EB4AB1 /* PBXContainerItemProxy */;
			sourceTree = BUILT_PRODUCTS_DIR;
		};
		7BE58F9B19A991BD00EB4AB1 /* bundle */ = {
			isa = PBXReferenceProxy;
			fileType = "compiled.mach-o.executable";
			path = bundle;
			remoteRef = 7BE58F9A19A991BD00EB4AB1 /* PBXContainerItemProxy */;
			sourceTree = BUILT_PRODUCTS_DIR;
		};
		7BE58F9D19A991BD00EB4AB1 /* cifilter */ = {
			isa = PBXReferenceProxy;
			fileType = "compiled.mach-o.executable";
			path = cifilter;
			remoteRef = 7BE58F9C19A991BD00EB4AB1 /* PBXContainerItemProxy */;
			sourceTree = BUILT_PRODUCTS_DIR;
		};
		7BE58F9F19A991BD00EB4AB1 /* dict */ = {
			isa = PBXReferenceProxy;
			fileType = "compiled.mach-o.executable";
			path = dict;
			remoteRef = 7BE58F9E19A991BD00EB4AB1 /* PBXContainerItemProxy */;
			sourceTree = BUILT_PRODUCTS_DIR;
		};
		7BE58FA119A991BD00EB4AB1 /* dictctl */ = {
			isa = PBXReferenceProxy;
			fileType = "compiled.mach-o.executable";
			path = dictctl;
			remoteRef = 7BE58FA019A991BD00EB4AB1 /* PBXContainerItemProxy */;
			sourceTree = BUILT_PRODUCTS_DIR;
		};
		7BE58FA319A991BD00EB4AB1 /* displayctl */ = {
			isa = PBXReferenceProxy;
			fileType = "compiled.mach-o.executable";
			path = displayctl;
			remoteRef = 7BE58FA219A991BD00EB4AB1 /* PBXContainerItemProxy */;
			sourceTree = BUILT_PRODUCTS_DIR;
		};
		7BE58FA519A991BD00EB4AB1 /* displaysleep */ = {
			isa = PBXReferenceProxy;
			fileType = "compiled.mach-o.executable";
			path = displaysleep;
			remoteRef = 7BE58FA419A991BD00EB4AB1 /* PBXContainerItemProxy */;
			sourceTree = BUILT_PRODUCTS_DIR;
		};
		7BE58FA719A991BD00EB4AB1 /* dux */ = {
			isa = PBXReferenceProxy;
			fileType = "compiled.mach-o.executable";
			path = dux;
			remoteRef = 7BE58FA619A991BD00EB4AB1 /* PBXContainerItemProxy */;
			sourceTree = BUILT_PRODUCTS_DIR;
		};
		7BE58FA919A991BD00EB4AB1 /* dup */ = {
			isa = PBXReferenceProxy;
			fileType = "compiled.mach-o.executable";
			path = dup;
			remoteRef = 7BE58FA819A991BD00EB4AB1 /* PBXContainerItemProxy */;
			sourceTree = BUILT_PRODUCTS_DIR;
		};
		7BE58FAB19A991BD00EB4AB1 /* fileicon */ = {
			isa = PBXReferenceProxy;
			fileType = "compiled.mach-o.executable";
			path = fileicon;
			remoteRef = 7BE58FAA19A991BD00EB4AB1 /* PBXContainerItemProxy */;
			sourceTree = BUILT_PRODUCTS_DIR;
		};
		7BE58FAD19A991BD00EB4AB1 /* goosh */ = {
			isa = PBXReferenceProxy;
			fileType = "compiled.mach-o.executable";
			path = goosh;
			remoteRef = 7BE58FAC19A991BD00EB4AB1 /* PBXContainerItemProxy */;
			sourceTree = BUILT_PRODUCTS_DIR;
		};
		7BE58FAF19A991BD00EB4AB1 /* hotkeys */ = {
			isa = PBXReferenceProxy;
			fileType = "compiled.mach-o.executable";
			path = hotkeys;
			remoteRef = 7BE58FAE19A991BD00EB4AB1 /* PBXContainerItemProxy */;
			sourceTree = BUILT_PRODUCTS_DIR;
		};
		7BE58FB119A991BD00EB4AB1 /* html */ = {
			isa = PBXReferenceProxy;
			fileType = "compiled.mach-o.executable";
			path = html;
			remoteRef = 7BE58FB019A991BD00EB4AB1 /* PBXContainerItemProxy */;
			sourceTree = BUILT_PRODUCTS_DIR;
		};
		7BE58FB319A991BD00EB4AB1 /* imgbrowser */ = {
			isa = PBXReferenceProxy;
			fileType = "compiled.mach-o.executable";
			path = imgbrowser;
			remoteRef = 7BE58FB219A991BD00EB4AB1 /* PBXContainerItemProxy */;
			sourceTree = BUILT_PRODUCTS_DIR;
		};
		7BE58FB519A991BD00EB4AB1 /* imgconv */ = {
			isa = PBXReferenceProxy;
			fileType = "compiled.mach-o.executable";
			path = imgconv;
			remoteRef = 7BE58FB419A991BD00EB4AB1 /* PBXContainerItemProxy */;
			sourceTree = BUILT_PRODUCTS_DIR;
		};
		7BE58FB719A991BD00EB4AB1 /* imgshadow */ = {
			isa = PBXReferenceProxy;
			fileType = "compiled.mach-o.executable";
			path = imgshadow;
			remoteRef = 7BE58FB619A991BD00EB4AB1 /* PBXContainerItemProxy */;
			sourceTree = BUILT_PRODUCTS_DIR;
		};
		7BE58FB919A991BD00EB4AB1 /* imgsnap */ = {
			isa = PBXReferenceProxy;
			fileType = "compiled.mach-o.executable";
			path = imgsnap;
			remoteRef = 7BE58FB819A991BD00EB4AB1 /* PBXContainerItemProxy */;
			sourceTree = BUILT_PRODUCTS_DIR;
		};
		7BE58FBB19A991BD00EB4AB1 /* imgtext */ = {
			isa = PBXReferenceProxy;
			fileType = "compiled.mach-o.executable";
			path = imgtext;
			remoteRef = 7BE58FBA19A991BD00EB4AB1 /* PBXContainerItemProxy */;
			sourceTree = BUILT_PRODUCTS_DIR;
		};
		7BE58FBD19A991BD00EB4AB1 /* imgview */ = {
			isa = PBXReferenceProxy;
			fileType = "compiled.mach-o.executable";
			path = imgview;
			remoteRef = 7BE58FBC19A991BD00EB4AB1 /* PBXContainerItemProxy */;
			sourceTree = BUILT_PRODUCTS_DIR;
		};
		7BE58FBF19A991BD00EB4AB1 /* large-type */ = {
			isa = PBXReferenceProxy;
			fileType = "compiled.mach-o.executable";
			path = "large-type";
			remoteRef = 7BE58FBE19A991BD00EB4AB1 /* PBXContainerItemProxy */;
			sourceTree = BUILT_PRODUCTS_DIR;
		};
		7BE58FC119A991BD00EB4AB1 /* loginitems */ = {
			isa = PBXReferenceProxy;
			fileType = "compiled.mach-o.executable";
			path = loginitems;
			remoteRef = 7BE58FC019A991BD00EB4AB1 /* PBXContainerItemProxy */;
			sourceTree = BUILT_PRODUCTS_DIR;
		};
		7BE58FC319A991BD00EB4AB1 /* menu */ = {
			isa = PBXReferenceProxy;
			fileType = "compiled.mach-o.executable";
			path = menu;
			remoteRef = 7BE58FC219A991BD00EB4AB1 /* PBXContainerItemProxy */;
			sourceTree = BUILT_PRODUCTS_DIR;
		};
		7BE58FC519A991BD00EB4AB1 /* nml */ = {
			isa = PBXReferenceProxy;
			fileType = "compiled.mach-o.executable";
			path = nml;
			remoteRef = 7BE58FC419A991BD00EB4AB1 /* PBXContainerItemProxy */;
			sourceTree = BUILT_PRODUCTS_DIR;
		};
		7BE58FC719A991BD00EB4AB1 /* normalize */ = {
			isa = PBXReferenceProxy;
			fileType = "compiled.mach-o.executable";
			path = normalize;
			remoteRef = 7BE58FC619A991BD00EB4AB1 /* PBXContainerItemProxy */;
			sourceTree = BUILT_PRODUCTS_DIR;
		};
		7BE58FC919A991BD00EB4AB1 /* pdate */ = {
			isa = PBXReferenceProxy;
			fileType = "compiled.mach-o.executable";
			path = pdate;
			remoteRef = 7BE58FC819A991BD00EB4AB1 /* PBXContainerItemProxy */;
			sourceTree = BUILT_PRODUCTS_DIR;
		};
		7BE58FCB19A991BD00EB4AB1 /* pdfcat */ = {
			isa = PBXReferenceProxy;
			fileType = "compiled.mach-o.executable";
			path = pdfcat;
			remoteRef = 7BE58FCA19A991BD00EB4AB1 /* PBXContainerItemProxy */;
			sourceTree = BUILT_PRODUCTS_DIR;
		};
		7BE58FCD19A991BD00EB4AB1 /* pdfextract */ = {
			isa = PBXReferenceProxy;
			fileType = "compiled.mach-o.executable";
			path = pdfextract;
			remoteRef = 7BE58FCC19A991BD00EB4AB1 /* PBXContainerItemProxy */;
			sourceTree = BUILT_PRODUCTS_DIR;
		};
		7BE58FCF19A991BD00EB4AB1 /* pdfinfo */ = {
			isa = PBXReferenceProxy;
			fileType = "compiled.mach-o.executable";
			path = pdfinfo;
			remoteRef = 7BE58FCE19A991BD00EB4AB1 /* PBXContainerItemProxy */;
			sourceTree = BUILT_PRODUCTS_DIR;
		};
		7BE58FD119A991BD00EB4AB1 /* pid */ = {
			isa = PBXReferenceProxy;
			fileType = "compiled.mach-o.executable";
			path = pid;
			remoteRef = 7BE58FD019A991BD00EB4AB1 /* PBXContainerItemProxy */;
			sourceTree = BUILT_PRODUCTS_DIR;
		};
		7BE58FD319A991BD00EB4AB1 /* ql */ = {
			isa = PBXReferenceProxy;
			fileType = "compiled.mach-o.executable";
			path = ql;
			remoteRef = 7BE58FD219A991BD00EB4AB1 /* PBXContainerItemProxy */;
			sourceTree = BUILT_PRODUCTS_DIR;
		};
		7BE58FD519A991BD00EB4AB1 /* quit */ = {
			isa = PBXReferenceProxy;
			fileType = "compiled.mach-o.executable";
			path = quit;
			remoteRef = 7BE58FD419A991BD00EB4AB1 /* PBXContainerItemProxy */;
			sourceTree = BUILT_PRODUCTS_DIR;
		};
		7BE58FD719A991BD00EB4AB1 /* readalias */ = {
			isa = PBXReferenceProxy;
			fileType = "compiled.mach-o.executable";
			path = readalias;
			remoteRef = 7BE58FD619A991BD00EB4AB1 /* PBXContainerItemProxy */;
			sourceTree = BUILT_PRODUCTS_DIR;
		};
		7BE58FD919A991BD00EB4AB1 /* setapp */ = {
			isa = PBXReferenceProxy;
			fileType = "compiled.mach-o.executable";
			path = setapp;
			remoteRef = 7BE58FD819A991BD00EB4AB1 /* PBXContainerItemProxy */;
			sourceTree = BUILT_PRODUCTS_DIR;
		};
		7BE58FDB19A991BD00EB4AB1 /* seticon */ = {
			isa = PBXReferenceProxy;
			fileType = "compiled.mach-o.executable";
			path = seticon;
			remoteRef = 7BE58FDA19A991BD00EB4AB1 /* PBXContainerItemProxy */;
			sourceTree = BUILT_PRODUCTS_DIR;
		};
		7BE58FDD19A991BD00EB4AB1 /* slideshow */ = {
			isa = PBXReferenceProxy;
			fileType = "compiled.mach-o.executable";
			path = slideshow;
			remoteRef = 7BE58FDC19A991BD00EB4AB1 /* PBXContainerItemProxy */;
			sourceTree = BUILT_PRODUCTS_DIR;
		};
		7BE58FDF19A991BD00EB4AB1 /* trash */ = {
			isa = PBXReferenceProxy;
			fileType = "compiled.mach-o.executable";
			path = trash;
			remoteRef = 7BE58FDE19A991BD00EB4AB1 /* PBXContainerItemProxy */;
			sourceTree = BUILT_PRODUCTS_DIR;
		};
		7BE58FE119A991BD00EB4AB1 /* trimmit */ = {
			isa = PBXReferenceProxy;
			fileType = "compiled.mach-o.executable";
			path = trimmit;
			remoteRef = 7BE58FE019A991BD00EB4AB1 /* PBXContainerItemProxy */;
			sourceTree = BUILT_PRODUCTS_DIR;
		};
		7BE58FE319A991BD00EB4AB1 /* uti */ = {
			isa = PBXReferenceProxy;
			fileType = "compiled.mach-o.executable";
			path = uti;
			remoteRef = 7BE58FE219A991BD00EB4AB1 /* PBXContainerItemProxy */;
			sourceTree = BUILT_PRODUCTS_DIR;
		};
		7BE58FE519A991BD00EB4AB1 /* win */ = {
			isa = PBXReferenceProxy;
			fileType = "compiled.mach-o.executable";
			path = win;
			remoteRef = 7BE58FE419A991BD00EB4AB1 /* PBXContainerItemProxy */;
			sourceTree = BUILT_PRODUCTS_DIR;
		};
		7BE58FE719A991BD00EB4AB1 /* winalpha */ = {
			isa = PBXReferenceProxy;
			fileType = "compiled.mach-o.executable";
			path = winalpha;
			remoteRef = 7BE58FE619A991BD00EB4AB1 /* PBXContainerItemProxy */;
			sourceTree = BUILT_PRODUCTS_DIR;
		};
		7BE58FE919A991BD00EB4AB1 /* winlevel */ = {
			isa = PBXReferenceProxy;
			fileType = "compiled.mach-o.executable";
			path = winlevel;
			remoteRef = 7BE58FE819A991BD00EB4AB1 /* PBXContainerItemProxy */;
			sourceTree = BUILT_PRODUCTS_DIR;
		};
		7BE58FEB19A991BD00EB4AB1 /* winmove */ = {
			isa = PBXReferenceProxy;
			fileType = "compiled.mach-o.executable";
			path = winmove;
			remoteRef = 7BE58FEA19A991BD00EB4AB1 /* PBXContainerItemProxy */;
			sourceTree = BUILT_PRODUCTS_DIR;
		};
		7BE58FED19A991BD00EB4AB1 /* winshadow */ = {
			isa = PBXReferenceProxy;
			fileType = "compiled.mach-o.executable";
			path = winshadow;
			remoteRef = 7BE58FEC19A991BD00EB4AB1 /* PBXContainerItemProxy */;
			sourceTree = BUILT_PRODUCTS_DIR;
		};
		7BE58FEF19A991BD00EB4AB1 /* wintransform */ = {
			isa = PBXReferenceProxy;
			fileType = "compiled.mach-o.executable";
			path = wintransform;
			remoteRef = 7BE58FEE19A991BD00EB4AB1 /* PBXContainerItemProxy */;
			sourceTree = BUILT_PRODUCTS_DIR;
		};
		7BE58FF119A991BD00EB4AB1 /* wintransition */ = {
			isa = PBXReferenceProxy;
			fileType = "compiled.mach-o.executable";
			path = wintransition;
			remoteRef = 7BE58FF019A991BD00EB4AB1 /* PBXContainerItemProxy */;
			sourceTree = BUILT_PRODUCTS_DIR;
		};
		7BE58FF319A991BD00EB4AB1 /* xattr */ = {
			isa = PBXReferenceProxy;
			fileType = "compiled.mach-o.executable";
			path = xattr;
			remoteRef = 7BE58FF219A991BD00EB4AB1 /* PBXContainerItemProxy */;
			sourceTree = BUILT_PRODUCTS_DIR;
		};
/* End PBXReferenceProxy section */

/* Begin PBXResourcesBuildPhase section */
		7B0C48CA19A9400E0046167F /* Resources */ = {
			isa = PBXResourcesBuildPhase;
			buildActionMask = 2147483647;
			files = (
			);
			runOnlyForDeploymentPostprocessing = 0;
		};
		7B5E62C91A9803460001B5F3 /* Resources */ = {
			isa = PBXResourcesBuildPhase;
			buildActionMask = 2147483647;
			files = (
			);
			runOnlyForDeploymentPostprocessing = 0;
		};
		7B5E62D31A9803460001B5F3 /* Resources */ = {
			isa = PBXResourcesBuildPhase;
			buildActionMask = 2147483647;
			files = (
			);
			runOnlyForDeploymentPostprocessing = 0;
		};
/* End PBXResourcesBuildPhase section */

/* Begin PBXSourcesBuildPhase section */
		7B0C48B519A9400E0046167F /* Sources */ = {
			isa = PBXSourcesBuildPhase;
			buildActionMask = 2147483647;
			files = (
				7B0C48E519A9436F0046167F /* NSNib+XMLBase64.m in Sources */,
			);
			runOnlyForDeploymentPostprocessing = 0;
		};
		7B0C48C819A9400E0046167F /* Sources */ = {
			isa = PBXSourcesBuildPhase;
			buildActionMask = 2147483647;
			files = (
				7B0C48DA19A9400E0046167F /* AtoZIOTests.m in Sources */,
			);
			runOnlyForDeploymentPostprocessing = 0;
		};
		7B0C495619A956A10046167F /* Sources */ = {
			isa = PBXSourcesBuildPhase;
			buildActionMask = 2147483647;
			files = (
				7B0C496019A956A20046167F /* AtoZIO_EXE.m in Sources */,
			);
			runOnlyForDeploymentPostprocessing = 0;
		};
		7B5E62C61A9803460001B5F3 /* Sources */ = {
			isa = PBXSourcesBuildPhase;
			buildActionMask = 2147483647;
			files = (
				7B8D2F5F1A985EAE00D93D95 /* GBSettings.m in Sources */,
				7B8D2F5D1A985EAE00D93D95 /* GBOptionsHelper.m in Sources */,
				7B8D2F571A985EAE00D93D95 /* GBPrint.m in Sources */,
				7B5E62E81A98046E0001B5F3 /* DDEmbeddedDataReader.m in Sources */,
				7B8D2F5B1A985EAE00D93D95 /* GBCommandLineParser.m in Sources */,
				7B5E62E41A9804280001B5F3 /* AtoZIO.m in Sources */,
			);
			runOnlyForDeploymentPostprocessing = 0;
		};
		7B5E62D11A9803460001B5F3 /* Sources */ = {
			isa = PBXSourcesBuildPhase;
			buildActionMask = 2147483647;
			files = (
				7B5E62DD1A9803470001B5F3 /* AtoZIOTests.m in Sources */,
			);
			runOnlyForDeploymentPostprocessing = 0;
		};
		7B62B1BA1A99A6E3005BC6BC /* Sources */ = {
			isa = PBXSourcesBuildPhase;
			buildActionMask = 2147483647;
			files = (
				7B62B1C11A99A6E4005BC6BC /* main.m in Sources */,
			);
			runOnlyForDeploymentPostprocessing = 0;
		};
		7B8D2F601A98612F00D93D95 /* Sources */ = {
			isa = PBXSourcesBuildPhase;
			buildActionMask = 2147483647;
			files = (
				7B8D2F701A9863B000D93D95 /* GBSettings+Application.m in Sources */,
				7B8D2F6B1A98614700D93D95 /* GBTester.m in Sources */,
			);
			runOnlyForDeploymentPostprocessing = 0;
		};
/* End PBXSourcesBuildPhase section */

/* Begin PBXTargetDependency section */
		7B0C48D119A9400E0046167F /* PBXTargetDependency */ = {
			isa = PBXTargetDependency;
			target = 7B0C48B819A9400E0046167F /* libAtoZIO */;
			targetProxy = 7B0C48D019A9400E0046167F /* PBXContainerItemProxy */;
		};
		7B5E62D81A9803470001B5F3 /* PBXTargetDependency */ = {
			isa = PBXTargetDependency;
			target = 7B5E62CA1A9803460001B5F3 /* AtoZIO */;
			targetProxy = 7B5E62D71A9803470001B5F3 /* PBXContainerItemProxy */;
		};
		7B5E62E61A9804400001B5F3 /* PBXTargetDependency */ = {
			isa = PBXTargetDependency;
			name = AQOptionParser;
			targetProxy = 7B5E62E51A9804400001B5F3 /* PBXContainerItemProxy */;
		};
		7B8D2F281A98467900D93D95 /* PBXTargetDependency */ = {
			isa = PBXTargetDependency;
			target = 7B5E62CA1A9803460001B5F3 /* AtoZIO */;
			targetProxy = 7B8D2F271A98467900D93D95 /* PBXContainerItemProxy */;
		};
		7B8D2F6D1A98616E00D93D95 /* PBXTargetDependency */ = {
			isa = PBXTargetDependency;
			target = 7B5E62CA1A9803460001B5F3 /* AtoZIO */;
			targetProxy = 7B8D2F6C1A98616E00D93D95 /* PBXContainerItemProxy */;
		};
/* End PBXTargetDependency section */

/* Begin XCBuildConfiguration section */
		7B0C48DB19A9400E0046167F /* Debug */ = {
			isa = XCBuildConfiguration;
			buildSettings = {
				ALWAYS_SEARCH_USER_PATHS = NO;
				CLANG_ALLOW_NON_MODULAR_INCLUDES_IN_FRAMEWORK_MODULES = YES;
				CLANG_CXX_LANGUAGE_STANDARD = "gnu++0x";
				CLANG_CXX_LIBRARY = "libc++";
				CLANG_ENABLE_MODULES = YES;
				CLANG_ENABLE_OBJC_ARC = YES;
				CLANG_WARN_BOOL_CONVERSION = YES;
				CLANG_WARN_CONSTANT_CONVERSION = YES;
				CLANG_WARN_DIRECT_OBJC_ISA_USAGE = YES_ERROR;
				CLANG_WARN_EMPTY_BODY = YES;
				CLANG_WARN_ENUM_CONVERSION = YES;
				CLANG_WARN_INT_CONVERSION = YES;
				CLANG_WARN_OBJC_ROOT_CLASS = YES_ERROR;
				CLANG_WARN__DUPLICATE_METHOD_MATCH = YES;
				COPY_PHASE_STRIP = NO;
				CREATE_INFOPLIST_SECTION_IN_BINARY = YES;
				FRAMEWORK_SEARCH_PATHS = (
					"$(inherited)",
					$USER_FWKS,
					"$(AZBUILD)",
				);
				GCC_ENABLE_OBJC_EXCEPTIONS = YES;
				GCC_OPTIMIZATION_LEVEL = 0;
				GCC_PREPROCESSOR_DEFINITIONS = (
					"DEBUG=1",
					"$(inherited)",
				);
				GCC_SYMBOLS_PRIVATE_EXTERN = NO;
				GCC_WARN_64_TO_32_BIT_CONVERSION = YES;
				GCC_WARN_ABOUT_RETURN_TYPE = YES_ERROR;
				GCC_WARN_UNDECLARED_SELECTOR = YES;
				GCC_WARN_UNINITIALIZED_AUTOS = YES_AGGRESSIVE;
				GCC_WARN_UNUSED_FUNCTION = YES;
				GCC_WARN_UNUSED_VARIABLE = YES;
				HEADER_SEARCH_PATHS = (
					"$(BUILT_PRODUCTS_DIR)/include",
					/usr/local/include,
				);
				INFOPLIST_PREPROCESS = YES;
				LIBRARY_SEARCH_PATHS = /usr/local/lib;
				MACOSX_DEPLOYMENT_TARGET = 10.8;
				ONLY_ACTIVE_ARCH = NO;
				SDKROOT = macosx;
			};
			name = Debug;
		};
		7B0C48DC19A9400E0046167F /* Release */ = {
			isa = XCBuildConfiguration;
			buildSettings = {
				ALWAYS_SEARCH_USER_PATHS = NO;
				CLANG_ALLOW_NON_MODULAR_INCLUDES_IN_FRAMEWORK_MODULES = YES;
				CLANG_CXX_LANGUAGE_STANDARD = "gnu++0x";
				CLANG_CXX_LIBRARY = "libc++";
				CLANG_ENABLE_MODULES = YES;
				CLANG_ENABLE_OBJC_ARC = YES;
				CLANG_WARN_BOOL_CONVERSION = YES;
				CLANG_WARN_CONSTANT_CONVERSION = YES;
				CLANG_WARN_DIRECT_OBJC_ISA_USAGE = YES_ERROR;
				CLANG_WARN_EMPTY_BODY = YES;
				CLANG_WARN_ENUM_CONVERSION = YES;
				CLANG_WARN_INT_CONVERSION = YES;
				CLANG_WARN_OBJC_ROOT_CLASS = YES_ERROR;
				CLANG_WARN__DUPLICATE_METHOD_MATCH = YES;
				COPY_PHASE_STRIP = YES;
				CREATE_INFOPLIST_SECTION_IN_BINARY = YES;
				DEBUG_INFORMATION_FORMAT = "dwarf-with-dsym";
				ENABLE_NS_ASSERTIONS = NO;
				FRAMEWORK_SEARCH_PATHS = (
					"$(inherited)",
					$USER_FWKS,
					"$(AZBUILD)",
				);
				GCC_ENABLE_OBJC_EXCEPTIONS = YES;
				GCC_WARN_64_TO_32_BIT_CONVERSION = YES;
				GCC_WARN_ABOUT_RETURN_TYPE = YES_ERROR;
				GCC_WARN_UNDECLARED_SELECTOR = YES;
				GCC_WARN_UNINITIALIZED_AUTOS = YES_AGGRESSIVE;
				GCC_WARN_UNUSED_FUNCTION = YES;
				GCC_WARN_UNUSED_VARIABLE = YES;
				HEADER_SEARCH_PATHS = (
					"$(BUILT_PRODUCTS_DIR)/include",
					/usr/local/include,
				);
				INFOPLIST_PREPROCESS = YES;
				LIBRARY_SEARCH_PATHS = /usr/local/lib;
				MACOSX_DEPLOYMENT_TARGET = 10.8;
				SDKROOT = macosx;
			};
			name = Release;
		};
		7B0C48DE19A9400E0046167F /* Debug */ = {
			isa = XCBuildConfiguration;
			buildSettings = {
				APPLY_RULES_IN_COPY_FILES = YES;
				CLANG_ALLOW_NON_MODULAR_INCLUDES_IN_FRAMEWORK_MODULES = YES;
				CLANG_ENABLE_MODULES = YES;
				CODE_SIGN_IDENTITY = MrGray.com;
				CREATE_INFOPLIST_SECTION_IN_BINARY = YES;
				DEFINES_MODULE = YES;
				DEPLOYMENT_LOCATION = YES;
				DSTROOT = /;
				DYLIB_COMPATIBILITY_VERSION = 1;
				DYLIB_CURRENT_VERSION = 1;
				GENERATE_PKGINFO_FILE = YES;
				MODULEMAP_FILE = module.map;
				ONLY_ACTIVE_ARCH = NO;
				OTHER_LDFLAGS = (
					"-sub_library",
					libAQOptions,
					"-framework",
					QuartzCore,
					"-framework",
					AppKit,
					"-framework",
					AVFoundation,
				);
				PRODUCT_NAME = "$(TARGET_NAME)";
				STRIP_INSTALLED_PRODUCT = NO;
			};
			name = Debug;
		};
		7B0C48DF19A9400E0046167F /* Release */ = {
			isa = XCBuildConfiguration;
			buildSettings = {
				APPLY_RULES_IN_COPY_FILES = YES;
				CLANG_ALLOW_NON_MODULAR_INCLUDES_IN_FRAMEWORK_MODULES = YES;
				CLANG_ENABLE_MODULES = YES;
				CODE_SIGN_IDENTITY = MrGray.com;
				CREATE_INFOPLIST_SECTION_IN_BINARY = YES;
				DEFINES_MODULE = YES;
				DEPLOYMENT_LOCATION = YES;
				DSTROOT = /;
				DYLIB_COMPATIBILITY_VERSION = 1;
				DYLIB_CURRENT_VERSION = 1;
				GENERATE_PKGINFO_FILE = YES;
				MODULEMAP_FILE = module.map;
				OTHER_LDFLAGS = (
					"-sub_library",
					libAQOptions,
					"-framework",
					QuartzCore,
					"-framework",
					AppKit,
					"-framework",
					AVFoundation,
				);
				PRODUCT_NAME = "$(TARGET_NAME)";
				STRIP_INSTALLED_PRODUCT = NO;
			};
			name = Release;
		};
		7B0C48E119A9400E0046167F /* Debug */ = {
			isa = XCBuildConfiguration;
			buildSettings = {
				BUNDLE_LOADER = "$(BUILT_PRODUCTS_DIR)/libAtoZIO.dylib";
				COMBINE_HIDPI_IMAGES = YES;
				FRAMEWORK_SEARCH_PATHS = "$(AZBUILD)";
				GCC_PRECOMPILE_PREFIX_HEADER = YES;
				GCC_PREFIX_HEADER = "AtoZIO/AtoZIO-Prefix.pch";
				GCC_PREPROCESSOR_DEFINITIONS = (
					"DEBUG=1",
					"$(inherited)",
				);
				INFOPLIST_FILE = "AtoZIOTests/AtoZIOTests-Info.plist";
				LIBRARY_SEARCH_PATHS = /usr/local/lib;
				PRODUCT_NAME = "$(TARGET_NAME)";
				TEST_HOST = "$(BUNDLE_LOADER)";
				WRAPPER_EXTENSION = xctest;
			};
			name = Debug;
		};
		7B0C48E219A9400E0046167F /* Release */ = {
			isa = XCBuildConfiguration;
			buildSettings = {
				BUNDLE_LOADER = "$(BUILT_PRODUCTS_DIR)/libAtoZIO.dylib";
				COMBINE_HIDPI_IMAGES = YES;
				FRAMEWORK_SEARCH_PATHS = "$(AZBUILD)";
				GCC_PRECOMPILE_PREFIX_HEADER = YES;
				GCC_PREFIX_HEADER = "AtoZIO/AtoZIO-Prefix.pch";
				INFOPLIST_FILE = "AtoZIOTests/AtoZIOTests-Info.plist";
				LIBRARY_SEARCH_PATHS = /usr/local/lib;
				PRODUCT_NAME = "$(TARGET_NAME)";
				TEST_HOST = "$(BUNDLE_LOADER)";
				WRAPPER_EXTENSION = xctest;
			};
			name = Release;
		};
		7B0C496619A956A20046167F /* Debug */ = {
			isa = XCBuildConfiguration;
			buildSettings = {
				GCC_PREPROCESSOR_DEFINITIONS = (
					"DEBUG=1",
					"$(inherited)",
				);
				OTHER_LDFLAGS = (
					"-framework",
					AtoZ,
				);
				PRODUCT_NAME = "$(TARGET_NAME)";
			};
			name = Debug;
		};
		7B0C496719A956A20046167F /* Release */ = {
			isa = XCBuildConfiguration;
			buildSettings = {
				OTHER_LDFLAGS = (
					"-framework",
					AtoZ,
				);
				PRODUCT_NAME = "$(TARGET_NAME)";
			};
			name = Release;
		};
		7B5E62DF1A9803470001B5F3 /* Debug */ = {
			isa = XCBuildConfiguration;
			buildSettings = {
				CLANG_WARN_UNREACHABLE_CODE = YES;
				COMBINE_HIDPI_IMAGES = YES;
				CURRENT_PROJECT_VERSION = 1;
				DEFINES_MODULE = YES;
				DEPLOYMENT_LOCATION = YES;
				DEPLOYMENT_POSTPROCESSING = YES;
				DSTROOT = "$(HOME)";
				DYLIB_COMPATIBILITY_VERSION = 1;
				DYLIB_CURRENT_VERSION = 1;
				DYLIB_INSTALL_NAME_BASE = "@rpath";
				ENABLE_STRICT_OBJC_MSGSEND = YES;
				FRAMEWORK_VERSION = A;
				GCC_C_LANGUAGE_STANDARD = gnu99;
				GCC_DYNAMIC_NO_PIC = NO;
				GCC_PREPROCESSOR_DEFINITIONS = (
					"DEBUG=1",
					"$(inherited)",
				);
				INFOPLIST_FILE = AtoZIO/Info.plist;
				INSTALL_PATH = "$(LOCAL_LIBRARY_DIR)/Frameworks";
				LD_RUNPATH_SEARCH_PATHS = "$(inherited) @loader_path/Frameworks @executable_path/../Frameworks";
				MTL_ENABLE_DEBUG_INFO = YES;
				OTHER_LDFLAGS = (
					"-ObjC",
					"-framework",
					AVFoundation,
				);
				PRODUCT_NAME = "$(TARGET_NAME)";
				VERSIONING_SYSTEM = "apple-generic";
				VERSION_INFO_PREFIX = "";
			};
			name = Debug;
		};
		7B5E62E01A9803470001B5F3 /* Release */ = {
			isa = XCBuildConfiguration;
			buildSettings = {
				CLANG_WARN_UNREACHABLE_CODE = YES;
				COMBINE_HIDPI_IMAGES = YES;
				COPY_PHASE_STRIP = NO;
				CURRENT_PROJECT_VERSION = 1;
				DEFINES_MODULE = YES;
				DEPLOYMENT_LOCATION = YES;
				DEPLOYMENT_POSTPROCESSING = YES;
				DSTROOT = "$(HOME)";
				DYLIB_COMPATIBILITY_VERSION = 1;
				DYLIB_CURRENT_VERSION = 1;
				DYLIB_INSTALL_NAME_BASE = "@rpath";
				ENABLE_STRICT_OBJC_MSGSEND = YES;
				FRAMEWORK_VERSION = A;
				GCC_C_LANGUAGE_STANDARD = gnu99;
				INFOPLIST_FILE = AtoZIO/Info.plist;
				INSTALL_PATH = "$(LOCAL_LIBRARY_DIR)/Frameworks";
				LD_RUNPATH_SEARCH_PATHS = "$(inherited) @loader_path/Frameworks @executable_path/../Frameworks";
				MTL_ENABLE_DEBUG_INFO = NO;
				OTHER_LDFLAGS = (
					"-ObjC",
					"-framework",
					AVFoundation,
				);
				PRODUCT_NAME = "$(TARGET_NAME)";
				VERSIONING_SYSTEM = "apple-generic";
				VERSION_INFO_PREFIX = "";
			};
			name = Release;
		};
		7B5E62E21A9803470001B5F3 /* Debug */ = {
			isa = XCBuildConfiguration;
			buildSettings = {
				CLANG_WARN_UNREACHABLE_CODE = YES;
				COMBINE_HIDPI_IMAGES = YES;
				ENABLE_STRICT_OBJC_MSGSEND = YES;
				FRAMEWORK_SEARCH_PATHS = (
					"$(DEVELOPER_FRAMEWORKS_DIR)",
					"$(inherited)",
				);
				GCC_C_LANGUAGE_STANDARD = gnu99;
				GCC_DYNAMIC_NO_PIC = NO;
				GCC_PREPROCESSOR_DEFINITIONS = (
					"DEBUG=1",
					"$(inherited)",
				);
				INFOPLIST_FILE = AtoZIOTests/Info.plist;
				LD_RUNPATH_SEARCH_PATHS = "$(inherited) @executable_path/../Frameworks @loader_path/../Frameworks";
				MACOSX_DEPLOYMENT_TARGET = 10.10;
				MTL_ENABLE_DEBUG_INFO = YES;
				PRODUCT_NAME = "$(TARGET_NAME)";
			};
			name = Debug;
		};
		7B5E62E31A9803470001B5F3 /* Release */ = {
			isa = XCBuildConfiguration;
			buildSettings = {
				CLANG_WARN_UNREACHABLE_CODE = YES;
				COMBINE_HIDPI_IMAGES = YES;
				COPY_PHASE_STRIP = NO;
				ENABLE_STRICT_OBJC_MSGSEND = YES;
				FRAMEWORK_SEARCH_PATHS = (
					"$(DEVELOPER_FRAMEWORKS_DIR)",
					"$(inherited)",
				);
				GCC_C_LANGUAGE_STANDARD = gnu99;
				INFOPLIST_FILE = AtoZIOTests/Info.plist;
				LD_RUNPATH_SEARCH_PATHS = "$(inherited) @executable_path/../Frameworks @loader_path/../Frameworks";
				MACOSX_DEPLOYMENT_TARGET = 10.10;
				MTL_ENABLE_DEBUG_INFO = NO;
				PRODUCT_NAME = "$(TARGET_NAME)";
			};
			name = Release;
		};
		7B62B1C21A99A6E4005BC6BC /* Debug */ = {
			isa = XCBuildConfiguration;
			buildSettings = {
				CLANG_WARN_UNREACHABLE_CODE = YES;
				ENABLE_STRICT_OBJC_MSGSEND = YES;
				GCC_C_LANGUAGE_STANDARD = gnu99;
				GCC_DYNAMIC_NO_PIC = NO;
				GCC_PREPROCESSOR_DEFINITIONS = (
					"DEBUG=1",
					"$(inherited)",
				);
				MACOSX_DEPLOYMENT_TARGET = 10.10;
				MTL_ENABLE_DEBUG_INFO = YES;
				ONLY_ACTIVE_ARCH = YES;
				OTHER_LDFLAGS = "-lreadline";
				PRODUCT_NAME = "$(TARGET_NAME)";
			};
			name = Debug;
		};
		7B62B1C31A99A6E4005BC6BC /* Release */ = {
			isa = XCBuildConfiguration;
			buildSettings = {
				CLANG_WARN_UNREACHABLE_CODE = YES;
				COPY_PHASE_STRIP = NO;
				ENABLE_STRICT_OBJC_MSGSEND = YES;
				GCC_C_LANGUAGE_STANDARD = gnu99;
				MACOSX_DEPLOYMENT_TARGET = 10.10;
				MTL_ENABLE_DEBUG_INFO = NO;
				OTHER_LDFLAGS = "-lreadline";
				PRODUCT_NAME = "$(TARGET_NAME)";
			};
			name = Release;
		};
		7B8D2F691A98612F00D93D95 /* Debug */ = {
			isa = XCBuildConfiguration;
			buildSettings = {
				CLANG_WARN_UNREACHABLE_CODE = YES;
				ENABLE_STRICT_OBJC_MSGSEND = YES;
				GCC_C_LANGUAGE_STANDARD = gnu99;
				GCC_DYNAMIC_NO_PIC = NO;
				GCC_PREPROCESSOR_DEFINITIONS = (
					"DEBUG=1",
					"$(inherited)",
				);
				INFOPLIST_FILE = AtoZIO/Info.plist;
				MACOSX_DEPLOYMENT_TARGET = 10.10;
				MTL_ENABLE_DEBUG_INFO = YES;
				ONLY_ACTIVE_ARCH = YES;
				PRODUCT_NAME = "$(TARGET_NAME)";
			};
			name = Debug;
		};
		7B8D2F6A1A98612F00D93D95 /* Release */ = {
			isa = XCBuildConfiguration;
			buildSettings = {
				CLANG_WARN_UNREACHABLE_CODE = YES;
				ENABLE_STRICT_OBJC_MSGSEND = YES;
				GCC_C_LANGUAGE_STANDARD = gnu99;
				INFOPLIST_FILE = AtoZIO/Info.plist;
				MACOSX_DEPLOYMENT_TARGET = 10.10;
				MTL_ENABLE_DEBUG_INFO = NO;
				PRODUCT_NAME = "$(TARGET_NAME)";
			};
			name = Release;
		};
/* End XCBuildConfiguration section */

/* Begin XCConfigurationList section */
		7B0C48B419A9400E0046167F /* Build configuration list for PBXProject "AtoZIO" */ = {
			isa = XCConfigurationList;
			buildConfigurations = (
				7B0C48DB19A9400E0046167F /* Debug */,
				7B0C48DC19A9400E0046167F /* Release */,
			);
			defaultConfigurationIsVisible = 0;
			defaultConfigurationName = Release;
		};
		7B0C48DD19A9400E0046167F /* Build configuration list for PBXNativeTarget "libAtoZIO" */ = {
			isa = XCConfigurationList;
			buildConfigurations = (
				7B0C48DE19A9400E0046167F /* Debug */,
				7B0C48DF19A9400E0046167F /* Release */,
			);
			defaultConfigurationIsVisible = 0;
			defaultConfigurationName = Release;
		};
		7B0C48E019A9400E0046167F /* Build configuration list for PBXNativeTarget "AtoZIOTests" */ = {
			isa = XCConfigurationList;
			buildConfigurations = (
				7B0C48E119A9400E0046167F /* Debug */,
				7B0C48E219A9400E0046167F /* Release */,
			);
			defaultConfigurationIsVisible = 0;
			defaultConfigurationName = Release;
		};
		7B0C496519A956A20046167F /* Build configuration list for PBXNativeTarget "AtoZIO_EXE" */ = {
			isa = XCConfigurationList;
			buildConfigurations = (
				7B0C496619A956A20046167F /* Debug */,
				7B0C496719A956A20046167F /* Release */,
			);
			defaultConfigurationIsVisible = 0;
			defaultConfigurationName = Release;
		};
		7B5E62DE1A9803470001B5F3 /* Build configuration list for PBXNativeTarget "AtoZIO" */ = {
			isa = XCConfigurationList;
			buildConfigurations = (
				7B5E62DF1A9803470001B5F3 /* Debug */,
				7B5E62E01A9803470001B5F3 /* Release */,
			);
			defaultConfigurationIsVisible = 0;
			defaultConfigurationName = Release;
		};
		7B5E62E11A9803470001B5F3 /* Build configuration list for PBXNativeTarget "AtoZIOTests" */ = {
			isa = XCConfigurationList;
			buildConfigurations = (
				7B5E62E21A9803470001B5F3 /* Debug */,
				7B5E62E31A9803470001B5F3 /* Release */,
			);
			defaultConfigurationIsVisible = 0;
			defaultConfigurationName = Release;
		};
		7B62B1FC1A99A6E4005BC6BC /* Build configuration list for PBXNativeTarget "readlineDemo" */ = {
			isa = XCConfigurationList;
			buildConfigurations = (
				7B62B1C21A99A6E4005BC6BC /* Debug */,
				7B62B1C31A99A6E4005BC6BC /* Release */,
			);
			defaultConfigurationIsVisible = 0;
		};
		7B8D2F681A98612F00D93D95 /* Build configuration list for PBXNativeTarget "GBTester" */ = {
			isa = XCConfigurationList;
			buildConfigurations = (
				7B8D2F691A98612F00D93D95 /* Debug */,
				7B8D2F6A1A98612F00D93D95 /* Release */,
			);
			defaultConfigurationIsVisible = 0;
			defaultConfigurationName = Release;
		};
/* End XCConfigurationList section */
	};
	rootObject = 7B0C48B119A9400E0046167F /* Project object */;
}
