// !$*UTF8*$!
{
	archiveVersion = 1;
	classes = {
	};
	objectVersion = 46;
	objects = {

/* Begin PBXAggregateTarget section */
		7BA6C6E61AE7F910001BBEDA /* ToolKit Docs */ = {
			isa = PBXAggregateTarget;
			buildConfigurationList = 7BA6C6E71AE7F911001BBEDA /* Build configuration list for PBXAggregateTarget "ToolKit Docs" */;
			buildPhases = (
				7BA6C6EA1AE7F915001BBEDA /* ShellScript */,
			);
			dependencies = (
				7BA6C6EC1AE7F91A001BBEDA /* PBXTargetDependency */,
			);
			name = "ToolKit Docs";
			productName = "ToolKit Docs";
		};
/* End PBXAggregateTarget section */

/* Begin PBXBuildFile section */
		7B0B8DEE1AAD37B100EBC53D /* TK+Notify.m in Sources */ = {isa = PBXBuildFile; fileRef = 7B0B8DED1AAD37B100EBC53D /* TK+Notify.m */; };
		7B3054871AAC7FF000C80492 /* ToolKit.framework in Frameworks */ = {isa = PBXBuildFile; fileRef = 7B5E62CB1A9803460001B5F3 /* ToolKit.framework */; };
		7B351F841AA0E073007D7FE7 /* scrutil.h in Headers */ = {isa = PBXBuildFile; fileRef = 7B351F7F1AA0E007007D7FE7 /* scrutil.h */; };
		7B351F881AA105AA007D7FE7 /* io_agent.m in Sources */ = {isa = PBXBuildFile; fileRef = 7B0C495F19A956A20046167F /* io_agent.m */; };
		7B3ABD081ADD7A1B009F92FA /* linenoise.h in Headers */ = {isa = PBXBuildFile; fileRef = 7B3ABD041ADD7A1B009F92FA /* linenoise.h */; };
		7B3ABD091ADD7A1B009F92FA /* Interference.m in Sources */ = {isa = PBXBuildFile; fileRef = 7B3ABD051ADD7A1B009F92FA /* Interference.m */; settings = {COMPILER_FLAGS = "-fno-modules"; }; };
		7B3ABD0A1ADD7A1B009F92FA /* Interference.h in Headers */ = {isa = PBXBuildFile; fileRef = 7B3ABD061ADD7A1B009F92FA /* Interference.h */; };
		7B3ABD0B1ADD7A1B009F92FA /* linenoise.c in Sources */ = {isa = PBXBuildFile; fileRef = 7B3ABD071ADD7A1B009F92FA /* linenoise.c */; settings = {COMPILER_FLAGS = "-fno-modules"; }; };
		7B3BEF1B1A9BE1EF00A8E446 /* TK_Private.h in Headers */ = {isa = PBXBuildFile; fileRef = 7B3BEF1A1A9BE1EF00A8E446 /* TK_Private.h */; };
		7B3BEF1D1A9BE70500A8E446 /* TK+Color.m in Sources */ = {isa = PBXBuildFile; fileRef = 7B3BEF1C1A9BE70500A8E446 /* TK+Color.m */; };
		7B3BEF5B1A9BEEEF00A8E446 /* TK+String.m in Sources */ = {isa = PBXBuildFile; fileRef = 7B3BEF5A1A9BEEEF00A8E446 /* TK+String.m */; };
		7B3BEF601A9BF71500A8E446 /* DDEmbeddedDataReader.m in Sources */ = {isa = PBXBuildFile; fileRef = 7B0C48E819A944660046167F /* DDEmbeddedDataReader.m */; };
		7B3BEF621A9BF72A00A8E446 /* ToolKit.m in Sources */ = {isa = PBXBuildFile; fileRef = 7B0C48C619A9400E0046167F /* ToolKit.m */; };
		7B60D8691AE76AF60005120D /* Foundation.framework in Frameworks */ = {isa = PBXBuildFile; fileRef = 7B60D8681AE76AF60005120D /* Foundation.framework */; };
		7B62B1C11A99A6E4005BC6BC /* IOFundamentals.m in Sources */ = {isa = PBXBuildFile; fileRef = 7B62B1C01A99A6E4005BC6BC /* IOFundamentals.m */; };
		7B62B2001A99B78F005BC6BC /* ToolKit.h in Headers */ = {isa = PBXBuildFile; fileRef = 7B0C48C519A9400E0046167F /* ToolKit.h */; settings = {ATTRIBUTES = (Public, ); }; };
		7B62B2011A99B797005BC6BC /* LCTerminal.h in Headers */ = {isa = PBXBuildFile; fileRef = 7BE58F4F19A97B8200EB4AB1 /* LCTerminal.h */; };
		7B62B2021A99B7AB005BC6BC /* NSNib+XMLBase64.h in Headers */ = {isa = PBXBuildFile; fileRef = 7B0C48E419A9436F0046167F /* NSNib+XMLBase64.h */; };
		7B6B5B7C1AD5877F003CDF53 /* ToolKit.framework in Frameworks */ = {isa = PBXBuildFile; fileRef = 7B5E62CB1A9803460001B5F3 /* ToolKit.framework */; };
		7B7BCAF51ADC51A1003372FF /* CodeTools.m in Sources */ = {isa = PBXBuildFile; fileRef = 7B7BCAF41ADC51A1003372FF /* CodeTools.m */; };
		7B7D96381AC2314E00F5504D /* scrutil.m in Sources */ = {isa = PBXBuildFile; fileRef = 7B351F7E1AA0E007007D7FE7 /* scrutil.m */; };
		7B8377FB1AC023900074FBC0 /* printfc.m in Sources */ = {isa = PBXBuildFile; fileRef = 7B351F901AA10EC9007D7FE7 /* printfc.m */; };
		7B8D2F6B1A98614700D93D95 /* GBTester.m in Sources */ = {isa = PBXBuildFile; fileRef = 7B8D2F4A1A985CAF00D93D95 /* GBTester.m */; };
		7B8D2F6E1A98617500D93D95 /* ToolKit.framework in Frameworks */ = {isa = PBXBuildFile; fileRef = 7B5E62CB1A9803460001B5F3 /* ToolKit.framework */; };
		7B8D2F711A987AF900D93D95 /* DDEmbeddedDataReader.h in Headers */ = {isa = PBXBuildFile; fileRef = 7B0C48E719A944660046167F /* DDEmbeddedDataReader.h */; };
		7B9BC4E21ABA5BF800E381B4 /* TK_tests.m in Sources */ = {isa = PBXBuildFile; fileRef = 7B5E62DC1A9803470001B5F3 /* TK_tests.m */; };
		7BACF2D11AA3E82E0064F072 /* TK+Protocols.h in Headers */ = {isa = PBXBuildFile; fileRef = 7BACF2CF1AA3E82E0064F072 /* TK+Protocols.h */; settings = {ATTRIBUTES = (Public, ); }; };
		7BACF2D21AA3E82E0064F072 /* TK+Protocols.m in Sources */ = {isa = PBXBuildFile; fileRef = 7BACF2D01AA3E82E0064F072 /* TK+Protocols.m */; };
		7BC203671AE829E000856E20 /* TK+MacWindow.h in Headers */ = {isa = PBXBuildFile; fileRef = 7BC203651AE829E000856E20 /* TK+MacWindow.h */; settings = {ATTRIBUTES = (Public, ); }; };
		7BC203681AE829E000856E20 /* TK+MacWindow.m in Sources */ = {isa = PBXBuildFile; fileRef = 7BC203661AE829E000856E20 /* TK+MacWindow.m */; };
		7BCD5A1B1AE891A80031A48E /* TK+UI.m in Sources */ = {isa = PBXBuildFile; fileRef = 7BCD5A1A1AE891A80031A48E /* TK+UI.m */; };
		7BDADDF51AB06F3800581B83 /* NSNib+XMLBase64.m in Sources */ = {isa = PBXBuildFile; fileRef = 7B0C48E319A9436F0046167F /* NSNib+XMLBase64.m */; };
		7BF46B661AB1EE4D0029068F /* RunLoopController.m in Sources */ = {isa = PBXBuildFile; fileRef = 7BF46B621AB1EC0A0029068F /* RunLoopController.m */; };
		7BF46B671AB1EE520029068F /* RunLoopController.h in Headers */ = {isa = PBXBuildFile; fileRef = 7BF46B611AB1EC0A0029068F /* RunLoopController.h */; };
		7BF5AC861AD701D100F0E3FD /* TK+Opts.m in Sources */ = {isa = PBXBuildFile; fileRef = 7BF5AC851AD701D100F0E3FD /* TK+Opts.m */; };
/* End PBXBuildFile section */

/* Begin PBXContainerItemProxy section */
		7B6F03721AAB8C8500AB31C4 /* PBXContainerItemProxy */ = {
			isa = PBXContainerItemProxy;
			containerPortal = 7B0C48B119A9400E0046167F /* Project object */;
			proxyType = 1;
			remoteGlobalIDString = 7B5E62CA1A9803460001B5F3;
			remoteInfo = IO;
		};
		7B8D2F271A98467900D93D95 /* PBXContainerItemProxy */ = {
			isa = PBXContainerItemProxy;
			containerPortal = 7B0C48B119A9400E0046167F /* Project object */;
			proxyType = 1;
			remoteGlobalIDString = 7B5E62CA1A9803460001B5F3;
			remoteInfo = IO;
		};
		7B8D2F6C1A98616E00D93D95 /* PBXContainerItemProxy */ = {
			isa = PBXContainerItemProxy;
			containerPortal = 7B0C48B119A9400E0046167F /* Project object */;
			proxyType = 1;
			remoteGlobalIDString = 7B5E62CA1A9803460001B5F3;
			remoteInfo = IO;
		};
		7BA6C6EB1AE7F91A001BBEDA /* PBXContainerItemProxy */ = {
			isa = PBXContainerItemProxy;
			containerPortal = 7B0C48B119A9400E0046167F /* Project object */;
			proxyType = 1;
			remoteGlobalIDString = 7B5E62CA1A9803460001B5F3;
			remoteInfo = ToolKit;
		};
/* End PBXContainerItemProxy section */

/* Begin PBXCopyFilesBuildPhase section */
		7B3BEED91A9BB99300A8E446 /* CopyFiles */ = {
			isa = PBXCopyFilesBuildPhase;
			buildActionMask = 2147483647;
			dstPath = /usr/share/man/man1/;
			dstSubfolderSpec = 0;
			files = (
			);
			runOnlyForDeploymentPostprocessing = 1;
		};
		7B62B1BC1A99A6E3005BC6BC /* CopyFiles */ = {
			isa = PBXCopyFilesBuildPhase;
			buildActionMask = 2147483647;
			dstPath = /usr/share/man/man1/;
			dstSubfolderSpec = 0;
			files = (
			);
			runOnlyForDeploymentPostprocessing = 1;
		};
		7B8D2F621A98612F00D93D95 /* CopyFiles */ = {
			isa = PBXCopyFilesBuildPhase;
			buildActionMask = 2147483647;
			dstPath = /usr/share/man/man1/;
			dstSubfolderSpec = 0;
			files = (
			);
			runOnlyForDeploymentPostprocessing = 1;
		};
/* End PBXCopyFilesBuildPhase section */

/* Begin PBXFileReference section */
		7B0B8DED1AAD37B100EBC53D /* TK+Notify.m */ = {isa = PBXFileReference; fileEncoding = 4; lastKnownFileType = sourcecode.c.objc; lineEnding = 0; name = "TK+Notify.m"; path = "ToolKit/TK+Notify.m"; sourceTree = "<group>"; xcLanguageSpecificationIdentifier = xcode.lang.objc; };
		7B0C48C519A9400E0046167F /* ToolKit.h */ = {isa = PBXFileReference; lastKnownFileType = sourcecode.c.h; name = ToolKit.h; path = ToolKit/ToolKit.h; sourceTree = "<group>"; };
		7B0C48C619A9400E0046167F /* ToolKit.m */ = {isa = PBXFileReference; lastKnownFileType = sourcecode.c.objc; lineEnding = 0; name = ToolKit.m; path = ToolKit/ToolKit.m; sourceTree = "<group>"; xcLanguageSpecificationIdentifier = xcode.lang.objc; };
		7B0C48E319A9436F0046167F /* NSNib+XMLBase64.m */ = {isa = PBXFileReference; fileEncoding = 4; lastKnownFileType = sourcecode.c.objc; path = "NSNib+XMLBase64.m"; sourceTree = "<group>"; };
		7B0C48E419A9436F0046167F /* NSNib+XMLBase64.h */ = {isa = PBXFileReference; fileEncoding = 4; lastKnownFileType = sourcecode.c.h; path = "NSNib+XMLBase64.h"; sourceTree = "<group>"; };
		7B0C48E719A944660046167F /* DDEmbeddedDataReader.h */ = {isa = PBXFileReference; fileEncoding = 4; lastKnownFileType = sourcecode.c.h; path = DDEmbeddedDataReader.h; sourceTree = "<group>"; };
		7B0C48E819A944660046167F /* DDEmbeddedDataReader.m */ = {isa = PBXFileReference; fileEncoding = 4; lastKnownFileType = sourcecode.c.objc; path = DDEmbeddedDataReader.m; sourceTree = "<group>"; };
		7B0C495A19A956A10046167F /* io */ = {isa = PBXFileReference; explicitFileType = "compiled.mach-o.executable"; includeInIndex = 0; path = io; sourceTree = BUILT_PRODUCTS_DIR; };
		7B0C495F19A956A20046167F /* io_agent.m */ = {isa = PBXFileReference; lastKnownFileType = sourcecode.c.objc; lineEnding = 0; path = io_agent.m; sourceTree = "<group>"; xcLanguageSpecificationIdentifier = xcode.lang.objc; };
		7B351F111AA0E006007D7FE7 /* annotated.html */ = {isa = PBXFileReference; lastKnownFileType = text.html; path = annotated.html; sourceTree = "<group>"; };
		7B351F121AA0E006007D7FE7 /* bc_s.png */ = {isa = PBXFileReference; lastKnownFileType = image.png; path = bc_s.png; sourceTree = "<group>"; };
		7B351F131AA0E006007D7FE7 /* bdwn.png */ = {isa = PBXFileReference; lastKnownFileType = image.png; path = bdwn.png; sourceTree = "<group>"; };
		7B351F141AA0E006007D7FE7 /* classes.html */ = {isa = PBXFileReference; lastKnownFileType = text.html; path = classes.html; sourceTree = "<group>"; };
		7B351F151AA0E006007D7FE7 /* closed.png */ = {isa = PBXFileReference; lastKnownFileType = image.png; path = closed.png; sourceTree = "<group>"; };
		7B351F161AA0E006007D7FE7 /* dir_68267d1309a1af8e8297ef4c3efbcdba.html */ = {isa = PBXFileReference; lastKnownFileType = text.html; path = dir_68267d1309a1af8e8297ef4c3efbcdba.html; sourceTree = "<group>"; };
		7B351F171AA0E006007D7FE7 /* doxygen.css */ = {isa = PBXFileReference; lastKnownFileType = text.css; path = doxygen.css; sourceTree = "<group>"; };
		7B351F181AA0E006007D7FE7 /* doxygen.png */ = {isa = PBXFileReference; lastKnownFileType = image.png; path = doxygen.png; sourceTree = "<group>"; };
		7B351F191AA0E006007D7FE7 /* dynsections.js */ = {isa = PBXFileReference; lastKnownFileType = sourcecode.javascript; path = dynsections.js; sourceTree = "<group>"; };
		7B351F1A1AA0E006007D7FE7 /* files.html */ = {isa = PBXFileReference; lastKnownFileType = text.html; path = files.html; sourceTree = "<group>"; };
		7B351F1B1AA0E006007D7FE7 /* ftv2blank.png */ = {isa = PBXFileReference; lastKnownFileType = image.png; path = ftv2blank.png; sourceTree = "<group>"; };
		7B351F1C1AA0E006007D7FE7 /* ftv2cl.png */ = {isa = PBXFileReference; lastKnownFileType = image.png; path = ftv2cl.png; sourceTree = "<group>"; };
		7B351F1D1AA0E006007D7FE7 /* ftv2doc.png */ = {isa = PBXFileReference; lastKnownFileType = image.png; path = ftv2doc.png; sourceTree = "<group>"; };
		7B351F1E1AA0E006007D7FE7 /* ftv2folderclosed.png */ = {isa = PBXFileReference; lastKnownFileType = image.png; path = ftv2folderclosed.png; sourceTree = "<group>"; };
		7B351F1F1AA0E006007D7FE7 /* ftv2folderopen.png */ = {isa = PBXFileReference; lastKnownFileType = image.png; path = ftv2folderopen.png; sourceTree = "<group>"; };
		7B351F201AA0E006007D7FE7 /* ftv2lastnode.png */ = {isa = PBXFileReference; lastKnownFileType = image.png; path = ftv2lastnode.png; sourceTree = "<group>"; };
		7B351F211AA0E006007D7FE7 /* ftv2link.png */ = {isa = PBXFileReference; lastKnownFileType = image.png; path = ftv2link.png; sourceTree = "<group>"; };
		7B351F221AA0E006007D7FE7 /* ftv2mlastnode.png */ = {isa = PBXFileReference; lastKnownFileType = image.png; path = ftv2mlastnode.png; sourceTree = "<group>"; };
		7B351F231AA0E006007D7FE7 /* ftv2mnode.png */ = {isa = PBXFileReference; lastKnownFileType = image.png; path = ftv2mnode.png; sourceTree = "<group>"; };
		7B351F241AA0E006007D7FE7 /* ftv2mo.png */ = {isa = PBXFileReference; lastKnownFileType = image.png; path = ftv2mo.png; sourceTree = "<group>"; };
		7B351F251AA0E006007D7FE7 /* ftv2node.png */ = {isa = PBXFileReference; lastKnownFileType = image.png; path = ftv2node.png; sourceTree = "<group>"; };
		7B351F261AA0E006007D7FE7 /* ftv2ns.png */ = {isa = PBXFileReference; lastKnownFileType = image.png; path = ftv2ns.png; sourceTree = "<group>"; };
		7B351F271AA0E006007D7FE7 /* ftv2plastnode.png */ = {isa = PBXFileReference; lastKnownFileType = image.png; path = ftv2plastnode.png; sourceTree = "<group>"; };
		7B351F281AA0E006007D7FE7 /* ftv2pnode.png */ = {isa = PBXFileReference; lastKnownFileType = image.png; path = ftv2pnode.png; sourceTree = "<group>"; };
		7B351F291AA0E006007D7FE7 /* ftv2splitbar.png */ = {isa = PBXFileReference; lastKnownFileType = image.png; path = ftv2splitbar.png; sourceTree = "<group>"; };
		7B351F2A1AA0E006007D7FE7 /* ftv2vertline.png */ = {isa = PBXFileReference; lastKnownFileType = image.png; path = ftv2vertline.png; sourceTree = "<group>"; };
		7B351F2B1AA0E006007D7FE7 /* functions.html */ = {isa = PBXFileReference; lastKnownFileType = text.html; path = functions.html; sourceTree = "<group>"; };
		7B351F2C1AA0E006007D7FE7 /* functions_vars.html */ = {isa = PBXFileReference; lastKnownFileType = text.html; path = functions_vars.html; sourceTree = "<group>"; };
		7B351F2D1AA0E006007D7FE7 /* globals.html */ = {isa = PBXFileReference; lastKnownFileType = text.html; path = globals.html; sourceTree = "<group>"; };
		7B351F2E1AA0E006007D7FE7 /* globals_defs.html */ = {isa = PBXFileReference; lastKnownFileType = text.html; path = globals_defs.html; sourceTree = "<group>"; };
		7B351F2F1AA0E006007D7FE7 /* globals_enum.html */ = {isa = PBXFileReference; lastKnownFileType = text.html; path = globals_enum.html; sourceTree = "<group>"; };
		7B351F301AA0E006007D7FE7 /* globals_eval.html */ = {isa = PBXFileReference; lastKnownFileType = text.html; path = globals_eval.html; sourceTree = "<group>"; };
		7B351F311AA0E006007D7FE7 /* globals_func.html */ = {isa = PBXFileReference; lastKnownFileType = text.html; path = globals_func.html; sourceTree = "<group>"; };
		7B351F321AA0E006007D7FE7 /* globals_type.html */ = {isa = PBXFileReference; lastKnownFileType = text.html; path = globals_type.html; sourceTree = "<group>"; };
		7B351F331AA0E006007D7FE7 /* index.html */ = {isa = PBXFileReference; lastKnownFileType = text.html; path = index.html; sourceTree = "<group>"; };
		7B351F341AA0E006007D7FE7 /* jquery.js */ = {isa = PBXFileReference; lastKnownFileType = sourcecode.javascript; path = jquery.js; sourceTree = "<group>"; };
		7B351F351AA0E006007D7FE7 /* main_8c.html */ = {isa = PBXFileReference; lastKnownFileType = text.html; path = main_8c.html; sourceTree = "<group>"; };
		7B351F361AA0E006007D7FE7 /* main_8c_source.html */ = {isa = PBXFileReference; lastKnownFileType = text.html; path = main_8c_source.html; sourceTree = "<group>"; };
		7B351F371AA0E006007D7FE7 /* nav_f.png */ = {isa = PBXFileReference; lastKnownFileType = image.png; path = nav_f.png; sourceTree = "<group>"; };
		7B351F381AA0E006007D7FE7 /* nav_g.png */ = {isa = PBXFileReference; lastKnownFileType = image.png; path = nav_g.png; sourceTree = "<group>"; };
		7B351F391AA0E006007D7FE7 /* nav_h.png */ = {isa = PBXFileReference; lastKnownFileType = image.png; path = nav_h.png; sourceTree = "<group>"; };
		7B351F3A1AA0E006007D7FE7 /* open.png */ = {isa = PBXFileReference; lastKnownFileType = image.png; path = open.png; sourceTree = "<group>"; };
		7B351F3B1AA0E006007D7FE7 /* scrutil_8c.html */ = {isa = PBXFileReference; lastKnownFileType = text.html; path = scrutil_8c.html; sourceTree = "<group>"; };
		7B351F3C1AA0E006007D7FE7 /* scrutil_8c_source.html */ = {isa = PBXFileReference; lastKnownFileType = text.html; path = scrutil_8c_source.html; sourceTree = "<group>"; };
		7B351F3D1AA0E007007D7FE7 /* scrutil_8h.html */ = {isa = PBXFileReference; lastKnownFileType = text.html; path = scrutil_8h.html; sourceTree = "<group>"; };
		7B351F3E1AA0E007007D7FE7 /* scrutil_8h_source.html */ = {isa = PBXFileReference; lastKnownFileType = text.html; path = scrutil_8h_source.html; sourceTree = "<group>"; };
		7B351F401AA0E007007D7FE7 /* all_5f.html */ = {isa = PBXFileReference; lastKnownFileType = text.html; path = all_5f.html; sourceTree = "<group>"; };
		7B351F411AA0E007007D7FE7 /* all_5f.js */ = {isa = PBXFileReference; lastKnownFileType = sourcecode.javascript; path = all_5f.js; sourceTree = "<group>"; };
		7B351F421AA0E007007D7FE7 /* all_63.html */ = {isa = PBXFileReference; lastKnownFileType = text.html; path = all_63.html; sourceTree = "<group>"; };
		7B351F431AA0E007007D7FE7 /* all_63.js */ = {isa = PBXFileReference; lastKnownFileType = sourcecode.javascript; path = all_63.js; sourceTree = "<group>"; };
		7B351F441AA0E007007D7FE7 /* all_69.html */ = {isa = PBXFileReference; lastKnownFileType = text.html; path = all_69.html; sourceTree = "<group>"; };
		7B351F451AA0E007007D7FE7 /* all_69.js */ = {isa = PBXFileReference; lastKnownFileType = sourcecode.javascript; path = all_69.js; sourceTree = "<group>"; };
		7B351F461AA0E007007D7FE7 /* all_6d.html */ = {isa = PBXFileReference; lastKnownFileType = text.html; path = all_6d.html; sourceTree = "<group>"; };
		7B351F471AA0E007007D7FE7 /* all_6d.js */ = {isa = PBXFileReference; lastKnownFileType = sourcecode.javascript; path = all_6d.js; sourceTree = "<group>"; };
		7B351F481AA0E007007D7FE7 /* all_70.html */ = {isa = PBXFileReference; lastKnownFileType = text.html; path = all_70.html; sourceTree = "<group>"; };
		7B351F491AA0E007007D7FE7 /* all_70.js */ = {isa = PBXFileReference; lastKnownFileType = sourcecode.javascript; path = all_70.js; sourceTree = "<group>"; };
		7B351F4A1AA0E007007D7FE7 /* all_72.html */ = {isa = PBXFileReference; lastKnownFileType = text.html; path = all_72.html; sourceTree = "<group>"; };
		7B351F4B1AA0E007007D7FE7 /* all_72.js */ = {isa = PBXFileReference; lastKnownFileType = sourcecode.javascript; path = all_72.js; sourceTree = "<group>"; };
		7B351F4C1AA0E007007D7FE7 /* all_73.html */ = {isa = PBXFileReference; lastKnownFileType = text.html; path = all_73.html; sourceTree = "<group>"; };
		7B351F4D1AA0E007007D7FE7 /* all_73.js */ = {isa = PBXFileReference; lastKnownFileType = sourcecode.javascript; path = all_73.js; sourceTree = "<group>"; };
		7B351F4E1AA0E007007D7FE7 /* classes_5f.html */ = {isa = PBXFileReference; lastKnownFileType = text.html; path = classes_5f.html; sourceTree = "<group>"; };
		7B351F4F1AA0E007007D7FE7 /* classes_5f.js */ = {isa = PBXFileReference; lastKnownFileType = sourcecode.javascript; path = classes_5f.js; sourceTree = "<group>"; };
		7B351F501AA0E007007D7FE7 /* close.png */ = {isa = PBXFileReference; lastKnownFileType = image.png; path = close.png; sourceTree = "<group>"; };
		7B351F511AA0E007007D7FE7 /* defines_73.html */ = {isa = PBXFileReference; lastKnownFileType = text.html; path = defines_73.html; sourceTree = "<group>"; };
		7B351F521AA0E007007D7FE7 /* defines_73.js */ = {isa = PBXFileReference; lastKnownFileType = sourcecode.javascript; path = defines_73.js; sourceTree = "<group>"; };
		7B351F531AA0E007007D7FE7 /* enums_5f.html */ = {isa = PBXFileReference; lastKnownFileType = text.html; path = enums_5f.html; sourceTree = "<group>"; };
		7B351F541AA0E007007D7FE7 /* enums_5f.js */ = {isa = PBXFileReference; lastKnownFileType = sourcecode.javascript; path = enums_5f.js; sourceTree = "<group>"; };
		7B351F551AA0E007007D7FE7 /* enumvalues_73.html */ = {isa = PBXFileReference; lastKnownFileType = text.html; path = enumvalues_73.html; sourceTree = "<group>"; };
		7B351F561AA0E007007D7FE7 /* enumvalues_73.js */ = {isa = PBXFileReference; lastKnownFileType = sourcecode.javascript; path = enumvalues_73.js; sourceTree = "<group>"; };
		7B351F571AA0E007007D7FE7 /* files_6d.html */ = {isa = PBXFileReference; lastKnownFileType = text.html; path = files_6d.html; sourceTree = "<group>"; };
		7B351F581AA0E007007D7FE7 /* files_6d.js */ = {isa = PBXFileReference; lastKnownFileType = sourcecode.javascript; path = files_6d.js; sourceTree = "<group>"; };
		7B351F591AA0E007007D7FE7 /* files_73.html */ = {isa = PBXFileReference; lastKnownFileType = text.html; path = files_73.html; sourceTree = "<group>"; };
		7B351F5A1AA0E007007D7FE7 /* files_73.js */ = {isa = PBXFileReference; lastKnownFileType = sourcecode.javascript; path = files_73.js; sourceTree = "<group>"; };
		7B351F5B1AA0E007007D7FE7 /* functions_6d.html */ = {isa = PBXFileReference; lastKnownFileType = text.html; path = functions_6d.html; sourceTree = "<group>"; };
		7B351F5C1AA0E007007D7FE7 /* functions_6d.js */ = {isa = PBXFileReference; lastKnownFileType = sourcecode.javascript; path = functions_6d.js; sourceTree = "<group>"; };
		7B351F5D1AA0E007007D7FE7 /* functions_73.html */ = {isa = PBXFileReference; lastKnownFileType = text.html; path = functions_73.html; sourceTree = "<group>"; };
		7B351F5E1AA0E007007D7FE7 /* functions_73.js */ = {isa = PBXFileReference; lastKnownFileType = sourcecode.javascript; path = functions_73.js; sourceTree = "<group>"; };
		7B351F5F1AA0E007007D7FE7 /* mag_sel.png */ = {isa = PBXFileReference; lastKnownFileType = image.png; path = mag_sel.png; sourceTree = "<group>"; };
		7B351F601AA0E007007D7FE7 /* nomatches.html */ = {isa = PBXFileReference; lastKnownFileType = text.html; path = nomatches.html; sourceTree = "<group>"; };
		7B351F611AA0E007007D7FE7 /* search.css */ = {isa = PBXFileReference; lastKnownFileType = text.css; path = search.css; sourceTree = "<group>"; };
		7B351F621AA0E007007D7FE7 /* search.js */ = {isa = PBXFileReference; lastKnownFileType = sourcecode.javascript; path = search.js; sourceTree = "<group>"; };
		7B351F631AA0E007007D7FE7 /* search_l.png */ = {isa = PBXFileReference; lastKnownFileType = image.png; path = search_l.png; sourceTree = "<group>"; };
		7B351F641AA0E007007D7FE7 /* search_m.png */ = {isa = PBXFileReference; lastKnownFileType = image.png; path = search_m.png; sourceTree = "<group>"; };
		7B351F651AA0E007007D7FE7 /* search_r.png */ = {isa = PBXFileReference; lastKnownFileType = image.png; path = search_r.png; sourceTree = "<group>"; };
		7B351F661AA0E007007D7FE7 /* typedefs_63.html */ = {isa = PBXFileReference; lastKnownFileType = text.html; path = typedefs_63.html; sourceTree = "<group>"; };
		7B351F671AA0E007007D7FE7 /* typedefs_63.js */ = {isa = PBXFileReference; lastKnownFileType = sourcecode.javascript; path = typedefs_63.js; sourceTree = "<group>"; };
		7B351F681AA0E007007D7FE7 /* typedefs_73.html */ = {isa = PBXFileReference; lastKnownFileType = text.html; path = typedefs_73.html; sourceTree = "<group>"; };
		7B351F691AA0E007007D7FE7 /* typedefs_73.js */ = {isa = PBXFileReference; lastKnownFileType = sourcecode.javascript; path = typedefs_73.js; sourceTree = "<group>"; };
		7B351F6A1AA0E007007D7FE7 /* variables_63.html */ = {isa = PBXFileReference; lastKnownFileType = text.html; path = variables_63.html; sourceTree = "<group>"; };
		7B351F6B1AA0E007007D7FE7 /* variables_63.js */ = {isa = PBXFileReference; lastKnownFileType = sourcecode.javascript; path = variables_63.js; sourceTree = "<group>"; };
		7B351F6C1AA0E007007D7FE7 /* variables_69.html */ = {isa = PBXFileReference; lastKnownFileType = text.html; path = variables_69.html; sourceTree = "<group>"; };
		7B351F6D1AA0E007007D7FE7 /* variables_69.js */ = {isa = PBXFileReference; lastKnownFileType = sourcecode.javascript; path = variables_69.js; sourceTree = "<group>"; };
		7B351F6E1AA0E007007D7FE7 /* variables_70.html */ = {isa = PBXFileReference; lastKnownFileType = text.html; path = variables_70.html; sourceTree = "<group>"; };
		7B351F6F1AA0E007007D7FE7 /* variables_70.js */ = {isa = PBXFileReference; lastKnownFileType = sourcecode.javascript; path = variables_70.js; sourceTree = "<group>"; };
		7B351F701AA0E007007D7FE7 /* variables_72.html */ = {isa = PBXFileReference; lastKnownFileType = text.html; path = variables_72.html; sourceTree = "<group>"; };
		7B351F711AA0E007007D7FE7 /* variables_72.js */ = {isa = PBXFileReference; lastKnownFileType = sourcecode.javascript; path = variables_72.js; sourceTree = "<group>"; };
		7B351F721AA0E007007D7FE7 /* struct__scr_attributes.html */ = {isa = PBXFileReference; lastKnownFileType = text.html; path = struct__scr_attributes.html; sourceTree = "<group>"; };
		7B351F731AA0E007007D7FE7 /* struct__scr_position.html */ = {isa = PBXFileReference; lastKnownFileType = text.html; path = struct__scr_position.html; sourceTree = "<group>"; };
		7B351F741AA0E007007D7FE7 /* sync_off.png */ = {isa = PBXFileReference; lastKnownFileType = image.png; path = sync_off.png; sourceTree = "<group>"; };
		7B351F751AA0E007007D7FE7 /* sync_on.png */ = {isa = PBXFileReference; lastKnownFileType = image.png; path = sync_on.png; sourceTree = "<group>"; };
		7B351F761AA0E007007D7FE7 /* tab_a.png */ = {isa = PBXFileReference; lastKnownFileType = image.png; path = tab_a.png; sourceTree = "<group>"; };
		7B351F771AA0E007007D7FE7 /* tab_b.png */ = {isa = PBXFileReference; lastKnownFileType = image.png; path = tab_b.png; sourceTree = "<group>"; };
		7B351F781AA0E007007D7FE7 /* tab_h.png */ = {isa = PBXFileReference; lastKnownFileType = image.png; path = tab_h.png; sourceTree = "<group>"; };
		7B351F791AA0E007007D7FE7 /* tab_s.png */ = {isa = PBXFileReference; lastKnownFileType = image.png; path = tab_s.png; sourceTree = "<group>"; };
		7B351F7A1AA0E007007D7FE7 /* tabs.css */ = {isa = PBXFileReference; lastKnownFileType = text.css; path = tabs.css; sourceTree = "<group>"; };
		7B351F7B1AA0E007007D7FE7 /* scrutil.dox */ = {isa = PBXFileReference; lastKnownFileType = text; path = scrutil.dox; sourceTree = "<group>"; };
		7B351F7C1AA0E007007D7FE7 /* scrutil.cbp */ = {isa = PBXFileReference; lastKnownFileType = text.xml; path = scrutil.cbp; sourceTree = "<group>"; };
		7B351F7E1AA0E007007D7FE7 /* scrutil.m */ = {isa = PBXFileReference; lastKnownFileType = sourcecode.c.objc; name = scrutil.m; path = src/scrutil.m; sourceTree = "<group>"; };
		7B351F7F1AA0E007007D7FE7 /* scrutil.h */ = {isa = PBXFileReference; lastKnownFileType = sourcecode.c.h; lineEnding = 0; name = scrutil.h; path = src/scrutil.h; sourceTree = "<group>"; xcLanguageSpecificationIdentifier = xcode.lang.objcpp; };
		7B351F811AA0E007007D7FE7 /* main.m */ = {isa = PBXFileReference; lastKnownFileType = sourcecode.c.objc; lineEnding = 0; path = main.m; sourceTree = "<group>"; xcLanguageSpecificationIdentifier = xcode.lang.objc; };
		7B351F821AA0E007007D7FE7 /* test */ = {isa = PBXFileReference; lastKnownFileType = "compiled.mach-o.executable"; path = test; sourceTree = "<group>"; };
		7B351F851AA0EE81007D7FE7 /* sel.m */ = {isa = PBXFileReference; fileEncoding = 4; lastKnownFileType = sourcecode.c.objc; name = sel.m; path = Modules/sel.m; sourceTree = "<group>"; };
		7B351F8E1AA10EC9007D7FE7 /* README.md */ = {isa = PBXFileReference; lastKnownFileType = net.daringfireball.markdown; path = README.md; sourceTree = "<group>"; };
		7B351F901AA10EC9007D7FE7 /* printfc.m */ = {isa = PBXFileReference; lastKnownFileType = sourcecode.c.objc; path = printfc.m; sourceTree = "<group>"; };
		7B351F911AA10EC9007D7FE7 /* printfc.h */ = {isa = PBXFileReference; lastKnownFileType = sourcecode.c.h; path = printfc.h; sourceTree = "<group>"; };
		7B351F931AA10EC9007D7FE7 /* main.m */ = {isa = PBXFileReference; lastKnownFileType = sourcecode.c.objc; lineEnding = 0; path = main.m; sourceTree = "<group>"; xcLanguageSpecificationIdentifier = xcode.lang.objc; };
		7B3ABD041ADD7A1B009F92FA /* linenoise.h */ = {isa = PBXFileReference; fileEncoding = 4; lastKnownFileType = sourcecode.c.h; name = linenoise.h; path = ../linenoise/linenoise.h; sourceTree = "<group>"; };
		7B3ABD051ADD7A1B009F92FA /* Interference.m */ = {isa = PBXFileReference; fileEncoding = 4; lastKnownFileType = sourcecode.c.objc; name = Interference.m; path = ../linenoise/objc/Interference.m; sourceTree = "<group>"; };
		7B3ABD061ADD7A1B009F92FA /* Interference.h */ = {isa = PBXFileReference; fileEncoding = 4; lastKnownFileType = sourcecode.c.h; name = Interference.h; path = ../linenoise/objc/Interference.h; sourceTree = "<group>"; };
		7B3ABD071ADD7A1B009F92FA /* linenoise.c */ = {isa = PBXFileReference; fileEncoding = 4; lastKnownFileType = sourcecode.c.c; name = linenoise.c; path = ../linenoise/linenoise.c; sourceTree = "<group>"; };
		7B3BEEDB1A9BB99300A8E446 /* linenoise_example */ = {isa = PBXFileReference; explicitFileType = "compiled.mach-o.executable"; includeInIndex = 0; path = linenoise_example; sourceTree = BUILT_PRODUCTS_DIR; };
		7B3BEF191A9BE16700A8E446 /* AtoZIO.staging.m */ = {isa = PBXFileReference; lastKnownFileType = sourcecode.c.objc; name = AtoZIO.staging.m; path = IO/AtoZIO.staging.m; sourceTree = "<group>"; };
		7B3BEF1A1A9BE1EF00A8E446 /* TK_Private.h */ = {isa = PBXFileReference; fileEncoding = 4; lastKnownFileType = sourcecode.c.h; lineEnding = 0; name = TK_Private.h; path = ToolKit/TK_Private.h; sourceTree = "<group>"; xcLanguageSpecificationIdentifier = xcode.lang.objcpp; };
		7B3BEF1C1A9BE70500A8E446 /* TK+Color.m */ = {isa = PBXFileReference; fileEncoding = 4; lastKnownFileType = sourcecode.c.objc; lineEnding = 0; name = "TK+Color.m"; path = "ToolKit/TK+Color.m"; sourceTree = "<group>"; xcLanguageSpecificationIdentifier = xcode.lang.objc; };
		7B3BEF1E1A9BE74200A8E446 /* AtoZIO.staging.h */ = {isa = PBXFileReference; lastKnownFileType = sourcecode.c.h; lineEnding = 0; name = AtoZIO.staging.h; path = IO/AtoZIO.staging.h; sourceTree = "<group>"; xcLanguageSpecificationIdentifier = xcode.lang.objcpp; };
		7B3BEF5A1A9BEEEF00A8E446 /* TK+String.m */ = {isa = PBXFileReference; fileEncoding = 4; lastKnownFileType = sourcecode.c.objc; lineEnding = 0; name = "TK+String.m"; path = "ToolKit/TK+String.m"; sourceTree = "<group>"; xcLanguageSpecificationIdentifier = xcode.lang.objc; };
		7B5E62CB1A9803460001B5F3 /* ToolKit.framework */ = {isa = PBXFileReference; explicitFileType = wrapper.framework; includeInIndex = 0; path = ToolKit.framework; sourceTree = BUILT_PRODUCTS_DIR; };
		7B5E62CE1A9803460001B5F3 /* Info.plist */ = {isa = PBXFileReference; lastKnownFileType = text.plist.xml; name = Info.plist; path = Resources/Info.plist; sourceTree = "<group>"; };
		7B5E62DB1A9803470001B5F3 /* ToolKitTests-Info.plist */ = {isa = PBXFileReference; lastKnownFileType = text.plist.xml; name = "ToolKitTests-Info.plist"; path = "IO_tests/ToolKitTests-Info.plist"; sourceTree = "<group>"; };
		7B5E62DC1A9803470001B5F3 /* TK_tests.m */ = {isa = PBXFileReference; lastKnownFileType = sourcecode.c.objc; lineEnding = 0; name = TK_tests.m; path = ToolKit/TK_tests.m; sourceTree = "<group>"; xcLanguageSpecificationIdentifier = xcode.lang.objc; };
		7B60D8681AE76AF60005120D /* Foundation.framework */ = {isa = PBXFileReference; lastKnownFileType = wrapper.framework; name = Foundation.framework; path = System/Library/Frameworks/Foundation.framework; sourceTree = SDKROOT; };
		7B62B1BE1A99A6E3005BC6BC /* ToolKitFundamentals */ = {isa = PBXFileReference; explicitFileType = "compiled.mach-o.executable"; includeInIndex = 0; path = ToolKitFundamentals; sourceTree = BUILT_PRODUCTS_DIR; };
		7B62B1C01A99A6E4005BC6BC /* IOFundamentals.m */ = {isa = PBXFileReference; lastKnownFileType = sourcecode.c.objc; lineEnding = 0; name = IOFundamentals.m; path = readlineDemo/IOFundamentals.m; sourceTree = "<group>"; xcLanguageSpecificationIdentifier = xcode.lang.objc; };
		7B7BCAF41ADC51A1003372FF /* CodeTools.m */ = {isa = PBXFileReference; fileEncoding = 4; lastKnownFileType = sourcecode.c.objc; path = CodeTools.m; sourceTree = "<group>"; };
		7B884F911AB8C2DD00B9AF43 /* AtoZCLI.m */ = {isa = PBXFileReference; lastKnownFileType = sourcecode.c.objc; path = AtoZCLI.m; sourceTree = "<group>"; };
		7B884F921AB8C2DD00B9AF43 /* AZCLICategories.h */ = {isa = PBXFileReference; lastKnownFileType = sourcecode.c.h; path = AZCLICategories.h; sourceTree = "<group>"; wrapsLines = 1; };
		7B884F931AB8C2DD00B9AF43 /* AZCLICategories.m */ = {isa = PBXFileReference; lastKnownFileType = sourcecode.c.objc; path = AZCLICategories.m; sourceTree = "<group>"; };
		7B884F941AB8C2DD00B9AF43 /* bash:tip_colors_and_formatting - FLOZz' MISC.webarchive */ = {isa = PBXFileReference; lastKnownFileType = file.bplist; path = "bash:tip_colors_and_formatting - FLOZz' MISC.webarchive"; sourceTree = "<group>"; };
		7B884F961AB8C2DD00B9AF43 /* .gitignore */ = {isa = PBXFileReference; lastKnownFileType = text; path = .gitignore; sourceTree = "<group>"; };
		7B884F971AB8C2DD00B9AF43 /* example.mm */ = {isa = PBXFileReference; lastKnownFileType = sourcecode.cpp.objcpp; path = example.mm; sourceTree = "<group>"; };
		7B884F981AB8C2DD00B9AF43 /* NSTerminal.h */ = {isa = PBXFileReference; lastKnownFileType = sourcecode.c.h; lineEnding = 0; path = NSTerminal.h; sourceTree = "<group>"; wrapsLines = 1; xcLanguageSpecificationIdentifier = xcode.lang.objcpp; };
		7B884F991AB8C2DD00B9AF43 /* NSTerminal.mm */ = {isa = PBXFileReference; lastKnownFileType = sourcecode.cpp.objcpp; path = NSTerminal.mm; sourceTree = "<group>"; };
		7B884F9A1AB8C2DD00B9AF43 /* README.md */ = {isa = PBXFileReference; lastKnownFileType = net.daringfireball.markdown; path = README.md; sourceTree = "<group>"; };
		7B884F9B1AB8C2DD00B9AF43 /* select.sh */ = {isa = PBXFileReference; lastKnownFileType = text.script.sh; path = select.sh; sourceTree = "<group>"; };
		7B884F9C1AB8C2DD00B9AF43 /* Terminal.h */ = {isa = PBXFileReference; lastKnownFileType = sourcecode.c.h; path = Terminal.h; sourceTree = "<group>"; wrapsLines = 1; };
		7B8D2F4A1A985CAF00D93D95 /* GBTester.m */ = {isa = PBXFileReference; lastKnownFileType = sourcecode.c.objc; lineEnding = 0; path = GBTester.m; sourceTree = "<group>"; xcLanguageSpecificationIdentifier = xcode.lang.objc; };
		7B8D2F4C1A985CAF00D93D95 /* GBCommandLineParser.h */ = {isa = PBXFileReference; lastKnownFileType = sourcecode.c.h; name = GBCommandLineParser.h; path = src/GBCommandLineParser.h; sourceTree = "<group>"; };
		7B8D2F4D1A985CAF00D93D95 /* GBCommandLineParser.m */ = {isa = PBXFileReference; lastKnownFileType = sourcecode.c.objc; name = GBCommandLineParser.m; path = src/GBCommandLineParser.m; sourceTree = "<group>"; };
		7B8D2F4E1A985CAF00D93D95 /* GBOptionsHelper.h */ = {isa = PBXFileReference; lastKnownFileType = sourcecode.c.h; lineEnding = 0; name = GBOptionsHelper.h; path = src/GBOptionsHelper.h; sourceTree = "<group>"; xcLanguageSpecificationIdentifier = xcode.lang.objcpp; };
		7B8D2F4F1A985CAF00D93D95 /* GBOptionsHelper.m */ = {isa = PBXFileReference; lastKnownFileType = sourcecode.c.objc; lineEnding = 0; name = GBOptionsHelper.m; path = src/GBOptionsHelper.m; sourceTree = "<group>"; xcLanguageSpecificationIdentifier = xcode.lang.objc; };
		7B8D2F501A985CAF00D93D95 /* GBSettings.h */ = {isa = PBXFileReference; lastKnownFileType = sourcecode.c.h; lineEnding = 0; name = GBSettings.h; path = src/GBSettings.h; sourceTree = "<group>"; xcLanguageSpecificationIdentifier = xcode.lang.objcpp; };
		7B8D2F511A985CAF00D93D95 /* GBSettings.m */ = {isa = PBXFileReference; lastKnownFileType = sourcecode.c.objc; name = GBSettings.m; path = src/GBSettings.m; sourceTree = "<group>"; };
		7B8D2F521A985CAF00D93D95 /* Readme.markdown */ = {isa = PBXFileReference; lastKnownFileType = net.daringfireball.markdown; name = Readme.markdown; path = ../Readme.markdown; sourceTree = "<group>"; };
		7B8D2F551A985D4C00D93D95 /* GBPrint.m */ = {isa = PBXFileReference; lastKnownFileType = sourcecode.c.objc; lineEnding = 0; name = GBPrint.m; path = src/GBPrint.m; sourceTree = "<group>"; xcLanguageSpecificationIdentifier = xcode.lang.objc; };
		7B8D2F641A98612F00D93D95 /* GBTester */ = {isa = PBXFileReference; explicitFileType = "compiled.mach-o.executable"; includeInIndex = 0; path = GBTester; sourceTree = BUILT_PRODUCTS_DIR; };
		7B967DD01ADB0D79005E09B4 /* CodeTools.io */ = {isa = PBXFileReference; explicitFileType = wrapper.cfbundle; includeInIndex = 0; path = CodeTools.io; sourceTree = BUILT_PRODUCTS_DIR; };
		7B967DD31ADB0D79005E09B4 /* Info.plist */ = {isa = PBXFileReference; lastKnownFileType = text.plist.xml; path = Info.plist; sourceTree = "<group>"; };
		7B9D7ABE1A9E79D00043B029 /* _xterm256.m */ = {isa = PBXFileReference; fileEncoding = 4; lastKnownFileType = sourcecode.c.objc; name = _xterm256.m; path = IO/_xterm256.m; sourceTree = "<group>"; };
		7BA6C6E51AE7F828001BBEDA /* AppledocSettings.plist */ = {isa = PBXFileReference; fileEncoding = 4; lastKnownFileType = text.plist.xml; name = AppledocSettings.plist; path = Resources/AppledocSettings.plist; sourceTree = "<group>"; };
		7BA6C6ED1AE80124001BBEDA /* Iconset.xcassets */ = {isa = PBXFileReference; lastKnownFileType = folder.assetcatalog; name = Iconset.xcassets; path = Resources/Iconset.xcassets; sourceTree = "<group>"; };
		7BA6C73D1AE805F0001BBEDA /* Icons.xcassets */ = {isa = PBXFileReference; lastKnownFileType = folder.assetcatalog; name = Icons.xcassets; path = ../../../../../Users/localadmin/Documents/Icons.xcassets; sourceTree = "<group>"; };
		7BACF2CF1AA3E82E0064F072 /* TK+Protocols.h */ = {isa = PBXFileReference; fileEncoding = 4; lastKnownFileType = sourcecode.c.h; lineEnding = 0; name = "TK+Protocols.h"; path = "ToolKit/TK+Protocols.h"; sourceTree = "<group>"; xcLanguageSpecificationIdentifier = xcode.lang.objcpp; };
		7BACF2D01AA3E82E0064F072 /* TK+Protocols.m */ = {isa = PBXFileReference; fileEncoding = 4; lastKnownFileType = sourcecode.c.objc; name = "TK+Protocols.m"; path = "ToolKit/TK+Protocols.m"; sourceTree = "<group>"; };
		7BC203651AE829E000856E20 /* TK+MacWindow.h */ = {isa = PBXFileReference; fileEncoding = 4; lastKnownFileType = sourcecode.c.h; name = "TK+MacWindow.h"; path = "ToolKit/TK+MacWindow.h"; sourceTree = "<group>"; };
		7BC203661AE829E000856E20 /* TK+MacWindow.m */ = {isa = PBXFileReference; fileEncoding = 4; lastKnownFileType = sourcecode.c.objc; name = "TK+MacWindow.m"; path = "ToolKit/TK+MacWindow.m"; sourceTree = "<group>"; };
		7BCD5A121AE890E80031A48E /* UI.toolkit */ = {isa = PBXFileReference; explicitFileType = wrapper.cfbundle; includeInIndex = 0; path = UI.toolkit; sourceTree = BUILT_PRODUCTS_DIR; };
		7BCD5A151AE890E90031A48E /* Info.plist */ = {isa = PBXFileReference; lastKnownFileType = text.plist.xml; path = Info.plist; sourceTree = "<group>"; };
		7BCD5A1A1AE891A80031A48E /* TK+UI.m */ = {isa = PBXFileReference; fileEncoding = 4; lastKnownFileType = sourcecode.c.objc; path = "TK+UI.m"; sourceTree = "<group>"; };
		7BD3E4A01ABD30F700552876 /* README.md */ = {isa = PBXFileReference; fileEncoding = 4; lastKnownFileType = net.daringfireball.markdown; path = README.md; sourceTree = "<group>"; };
		7BD69AC11A9B86E60084B75F /* ToolKitTests.xctest */ = {isa = PBXFileReference; explicitFileType = wrapper.cfbundle; includeInIndex = 0; path = ToolKitTests.xctest; sourceTree = BUILT_PRODUCTS_DIR; };
		7BDADDF61AB06F9D00581B83 /* Universal.xcconfig */ = {isa = PBXFileReference; lastKnownFileType = text.xcconfig; name = Universal.xcconfig; path = /Volumes/2T/ServiceData/AtoZ.framework/AtoZUniversal/../xcconfigs/Base/Universal.xcconfig; sourceTree = "<absolute>"; };
		7BE58F4A19A97A7000EB4AB1 /* example.mm */ = {isa = PBXFileReference; fileEncoding = 4; lastKnownFileType = sourcecode.cpp.objcpp; name = example.mm; path = Modules/NSTerminal/example.mm; sourceTree = "<group>"; };
		7BE58F4E19A97B8200EB4AB1 /* LCTerminal.mm */ = {isa = PBXFileReference; fileEncoding = 4; lastKnownFileType = sourcecode.cpp.objcpp; name = LCTerminal.mm; path = Modules/NSTerminal/LCTerminal.mm; sourceTree = "<group>"; };
		7BE58F4F19A97B8200EB4AB1 /* LCTerminal.h */ = {isa = PBXFileReference; fileEncoding = 4; lastKnownFileType = sourcecode.c.h; name = LCTerminal.h; path = Modules/NSTerminal/LCTerminal.h; sourceTree = "<group>"; };
		7BF46B5D1AB1EC0A0029068F /* AsyncDownloader.h */ = {isa = PBXFileReference; lastKnownFileType = sourcecode.c.h; lineEnding = 0; path = AsyncDownloader.h; sourceTree = "<group>"; xcLanguageSpecificationIdentifier = xcode.lang.objcpp; };
		7BF46B5E1AB1EC0A0029068F /* AsyncDownloader.m */ = {isa = PBXFileReference; lastKnownFileType = sourcecode.c.objc; path = AsyncDownloader.m; sourceTree = "<group>"; };
		7BF46B5F1AB1EC0A0029068F /* Makefile */ = {isa = PBXFileReference; lastKnownFileType = sourcecode.make; path = Makefile; sourceTree = "<group>"; };
		7BF46B601AB1EC0A0029068F /* README.md */ = {isa = PBXFileReference; lastKnownFileType = net.daringfireball.markdown; path = README.md; sourceTree = "<group>"; };
		7BF46B611AB1EC0A0029068F /* RunLoopController.h */ = {isa = PBXFileReference; lastKnownFileType = sourcecode.c.h; lineEnding = 0; path = RunLoopController.h; sourceTree = "<group>"; xcLanguageSpecificationIdentifier = xcode.lang.objcpp; };
		7BF46B621AB1EC0A0029068F /* RunLoopController.m */ = {isa = PBXFileReference; lastKnownFileType = sourcecode.c.objc; path = RunLoopController.m; sourceTree = "<group>"; wrapsLines = 1; };
		7BF46B631AB1EC0A0029068F /* testAsyncNetworking.m */ = {isa = PBXFileReference; lastKnownFileType = sourcecode.c.objc; path = testAsyncNetworking.m; sourceTree = "<group>"; };
		7BF46B641AB1EC0A0029068F /* testDispatch.m */ = {isa = PBXFileReference; lastKnownFileType = sourcecode.c.objc; path = testDispatch.m; sourceTree = "<group>"; };
		7BF46B651AB1EC0A0029068F /* testMultiTimers.m */ = {isa = PBXFileReference; lastKnownFileType = sourcecode.c.objc; path = testMultiTimers.m; sourceTree = "<group>"; };
		7BF5AC851AD701D100F0E3FD /* TK+Opts.m */ = {isa = PBXFileReference; fileEncoding = 4; lastKnownFileType = sourcecode.c.objc; lineEnding = 0; name = "TK+Opts.m"; path = "ToolKit/TK+Opts.m"; sourceTree = "<group>"; xcLanguageSpecificationIdentifier = xcode.lang.objc; };
		7BF6EAEF1AC4C800003E21DF /* progressbar */ = {isa = PBXFileReference; lastKnownFileType = folder; name = progressbar; path = ../../git/progressbar; sourceTree = "<group>"; };
		7BF6EB271AC51C8E003E21DF /* testDispatch */ = {isa = PBXFileReference; lastKnownFileType = "compiled.mach-o.executable"; path = testDispatch; sourceTree = "<group>"; };
		7BF6EB281AC51C8E003E21DF /* testMultiTimers */ = {isa = PBXFileReference; lastKnownFileType = "compiled.mach-o.executable"; path = testMultiTimers; sourceTree = "<group>"; };
		7BF6EB291AC51C8E003E21DF /* testAsyncNetworking */ = {isa = PBXFileReference; lastKnownFileType = "compiled.mach-o.executable"; path = testAsyncNetworking; sourceTree = "<group>"; };
/* End PBXFileReference section */

/* Begin PBXFrameworksBuildPhase section */
		7B3BEED81A9BB99300A8E446 /* Frameworks */ = {
			isa = PBXFrameworksBuildPhase;
			buildActionMask = 2147483647;
			files = (
			);
			runOnlyForDeploymentPostprocessing = 0;
		};
		7B62B1BB1A99A6E3005BC6BC /* Frameworks */ = {
			isa = PBXFrameworksBuildPhase;
			buildActionMask = 2147483647;
			files = (
				7B3054871AAC7FF000C80492 /* ToolKit.framework in Frameworks */,
			);
			runOnlyForDeploymentPostprocessing = 0;
		};
		7B6B5B7B1AD5877A003CDF53 /* Frameworks */ = {
			isa = PBXFrameworksBuildPhase;
			buildActionMask = 2147483647;
			files = (
				7B6B5B7C1AD5877F003CDF53 /* ToolKit.framework in Frameworks */,
			);
			runOnlyForDeploymentPostprocessing = 0;
		};
		7B8D2F611A98612F00D93D95 /* Frameworks */ = {
			isa = PBXFrameworksBuildPhase;
			buildActionMask = 2147483647;
			files = (
				7B8D2F6E1A98617500D93D95 /* ToolKit.framework in Frameworks */,
			);
			runOnlyForDeploymentPostprocessing = 0;
		};
		7B967DCD1ADB0D79005E09B4 /* Frameworks */ = {
			isa = PBXFrameworksBuildPhase;
			buildActionMask = 2147483647;
			files = (
			);
			runOnlyForDeploymentPostprocessing = 0;
		};
		7BCD5A0F1AE890E80031A48E /* Frameworks */ = {
			isa = PBXFrameworksBuildPhase;
			buildActionMask = 2147483647;
			files = (
			);
			runOnlyForDeploymentPostprocessing = 0;
		};
		7BE3E4291AB810D500B4D4C7 /* Frameworks */ = {
			isa = PBXFrameworksBuildPhase;
			buildActionMask = 2147483647;
			files = (
				7B60D8691AE76AF60005120D /* Foundation.framework in Frameworks */,
			);
			runOnlyForDeploymentPostprocessing = 0;
		};
/* End PBXFrameworksBuildPhase section */

/* Begin PBXGroup section */
		7B0C48B019A9400E0046167F = {
			isa = PBXGroup;
			children = (
				7B0C48C519A9400E0046167F /* ToolKit.h */,
				7B0C48C619A9400E0046167F /* ToolKit.m */,
				7BACF2CF1AA3E82E0064F072 /* TK+Protocols.h */,
				7BACF2D01AA3E82E0064F072 /* TK+Protocols.m */,
				7B3BEF1A1A9BE1EF00A8E446 /* TK_Private.h */,
				7BF5AC851AD701D100F0E3FD /* TK+Opts.m */,
				7B3BEF1C1A9BE70500A8E446 /* TK+Color.m */,
				7B3BEF5A1A9BEEEF00A8E446 /* TK+String.m */,
				7B0B8DED1AAD37B100EBC53D /* TK+Notify.m */,
				7B5E62DC1A9803470001B5F3 /* TK_tests.m */,
				7BC203651AE829E000856E20 /* TK+MacWindow.h */,
				7BC203661AE829E000856E20 /* TK+MacWindow.m */,
				7BD3E4A01ABD30F700552876 /* README.md */,
				7B60D8681AE76AF60005120D /* Foundation.framework */,
				7B0C495F19A956A20046167F /* io_agent.m */,
				7B62B1FF1A99B1D3005BC6BC /* Modules */,
				7BFDEB2C1AA41B0100B62038 /* Products */,
				7B3ABD121ADD8212009F92FA /* Other */,
				7BCD5A131AE890E90031A48E /* UI */,
				7BB200D119BBDDEF00816AB9 /* Support */,
				7B967DD11ADB0D79005E09B4 /* CodeTools */,
			);
			sourceTree = "<group>";
		};
		7B351F0E1AA0E006007D7FE7 /* scrutil_cpuro */ = {
			isa = PBXGroup;
			children = (
				7B351F7F1AA0E007007D7FE7 /* scrutil.h */,
				7B351F7E1AA0E007007D7FE7 /* scrutil.m */,
				7B351F0F1AA0E006007D7FE7 /* doc */,
				7B351F7C1AA0E007007D7FE7 /* scrutil.cbp */,
				7B351F801AA0E007007D7FE7 /* test */,
			);
			name = scrutil_cpuro;
			path = Modules/scrutil_cpuro;
			sourceTree = "<group>";
		};
		7B351F0F1AA0E006007D7FE7 /* doc */ = {
			isa = PBXGroup;
			children = (
				7B351F101AA0E006007D7FE7 /* html */,
				7B351F7B1AA0E007007D7FE7 /* scrutil.dox */,
			);
			path = doc;
			sourceTree = "<group>";
		};
		7B351F101AA0E006007D7FE7 /* html */ = {
			isa = PBXGroup;
			children = (
				7B351F111AA0E006007D7FE7 /* annotated.html */,
				7B351F121AA0E006007D7FE7 /* bc_s.png */,
				7B351F131AA0E006007D7FE7 /* bdwn.png */,
				7B351F141AA0E006007D7FE7 /* classes.html */,
				7B351F151AA0E006007D7FE7 /* closed.png */,
				7B351F161AA0E006007D7FE7 /* dir_68267d1309a1af8e8297ef4c3efbcdba.html */,
				7B351F171AA0E006007D7FE7 /* doxygen.css */,
				7B351F181AA0E006007D7FE7 /* doxygen.png */,
				7B351F191AA0E006007D7FE7 /* dynsections.js */,
				7B351F1A1AA0E006007D7FE7 /* files.html */,
				7B351F1B1AA0E006007D7FE7 /* ftv2blank.png */,
				7B351F1C1AA0E006007D7FE7 /* ftv2cl.png */,
				7B351F1D1AA0E006007D7FE7 /* ftv2doc.png */,
				7B351F1E1AA0E006007D7FE7 /* ftv2folderclosed.png */,
				7B351F1F1AA0E006007D7FE7 /* ftv2folderopen.png */,
				7B351F201AA0E006007D7FE7 /* ftv2lastnode.png */,
				7B351F211AA0E006007D7FE7 /* ftv2link.png */,
				7B351F221AA0E006007D7FE7 /* ftv2mlastnode.png */,
				7B351F231AA0E006007D7FE7 /* ftv2mnode.png */,
				7B351F241AA0E006007D7FE7 /* ftv2mo.png */,
				7B351F251AA0E006007D7FE7 /* ftv2node.png */,
				7B351F261AA0E006007D7FE7 /* ftv2ns.png */,
				7B351F271AA0E006007D7FE7 /* ftv2plastnode.png */,
				7B351F281AA0E006007D7FE7 /* ftv2pnode.png */,
				7B351F291AA0E006007D7FE7 /* ftv2splitbar.png */,
				7B351F2A1AA0E006007D7FE7 /* ftv2vertline.png */,
				7B351F2B1AA0E006007D7FE7 /* functions.html */,
				7B351F2C1AA0E006007D7FE7 /* functions_vars.html */,
				7B351F2D1AA0E006007D7FE7 /* globals.html */,
				7B351F2E1AA0E006007D7FE7 /* globals_defs.html */,
				7B351F2F1AA0E006007D7FE7 /* globals_enum.html */,
				7B351F301AA0E006007D7FE7 /* globals_eval.html */,
				7B351F311AA0E006007D7FE7 /* globals_func.html */,
				7B351F321AA0E006007D7FE7 /* globals_type.html */,
				7B351F331AA0E006007D7FE7 /* index.html */,
				7B351F341AA0E006007D7FE7 /* jquery.js */,
				7B351F351AA0E006007D7FE7 /* main_8c.html */,
				7B351F361AA0E006007D7FE7 /* main_8c_source.html */,
				7B351F371AA0E006007D7FE7 /* nav_f.png */,
				7B351F381AA0E006007D7FE7 /* nav_g.png */,
				7B351F391AA0E006007D7FE7 /* nav_h.png */,
				7B351F3A1AA0E006007D7FE7 /* open.png */,
				7B351F3B1AA0E006007D7FE7 /* scrutil_8c.html */,
				7B351F3C1AA0E006007D7FE7 /* scrutil_8c_source.html */,
				7B351F3D1AA0E007007D7FE7 /* scrutil_8h.html */,
				7B351F3E1AA0E007007D7FE7 /* scrutil_8h_source.html */,
				7B351F3F1AA0E007007D7FE7 /* search */,
				7B351F721AA0E007007D7FE7 /* struct__scr_attributes.html */,
				7B351F731AA0E007007D7FE7 /* struct__scr_position.html */,
				7B351F741AA0E007007D7FE7 /* sync_off.png */,
				7B351F751AA0E007007D7FE7 /* sync_on.png */,
				7B351F761AA0E007007D7FE7 /* tab_a.png */,
				7B351F771AA0E007007D7FE7 /* tab_b.png */,
				7B351F781AA0E007007D7FE7 /* tab_h.png */,
				7B351F791AA0E007007D7FE7 /* tab_s.png */,
				7B351F7A1AA0E007007D7FE7 /* tabs.css */,
			);
			path = html;
			sourceTree = "<group>";
		};
		7B351F3F1AA0E007007D7FE7 /* search */ = {
			isa = PBXGroup;
			children = (
				7B351F401AA0E007007D7FE7 /* all_5f.html */,
				7B351F411AA0E007007D7FE7 /* all_5f.js */,
				7B351F421AA0E007007D7FE7 /* all_63.html */,
				7B351F431AA0E007007D7FE7 /* all_63.js */,
				7B351F441AA0E007007D7FE7 /* all_69.html */,
				7B351F451AA0E007007D7FE7 /* all_69.js */,
				7B351F461AA0E007007D7FE7 /* all_6d.html */,
				7B351F471AA0E007007D7FE7 /* all_6d.js */,
				7B351F481AA0E007007D7FE7 /* all_70.html */,
				7B351F491AA0E007007D7FE7 /* all_70.js */,
				7B351F4A1AA0E007007D7FE7 /* all_72.html */,
				7B351F4B1AA0E007007D7FE7 /* all_72.js */,
				7B351F4C1AA0E007007D7FE7 /* all_73.html */,
				7B351F4D1AA0E007007D7FE7 /* all_73.js */,
				7B351F4E1AA0E007007D7FE7 /* classes_5f.html */,
				7B351F4F1AA0E007007D7FE7 /* classes_5f.js */,
				7B351F501AA0E007007D7FE7 /* close.png */,
				7B351F511AA0E007007D7FE7 /* defines_73.html */,
				7B351F521AA0E007007D7FE7 /* defines_73.js */,
				7B351F531AA0E007007D7FE7 /* enums_5f.html */,
				7B351F541AA0E007007D7FE7 /* enums_5f.js */,
				7B351F551AA0E007007D7FE7 /* enumvalues_73.html */,
				7B351F561AA0E007007D7FE7 /* enumvalues_73.js */,
				7B351F571AA0E007007D7FE7 /* files_6d.html */,
				7B351F581AA0E007007D7FE7 /* files_6d.js */,
				7B351F591AA0E007007D7FE7 /* files_73.html */,
				7B351F5A1AA0E007007D7FE7 /* files_73.js */,
				7B351F5B1AA0E007007D7FE7 /* functions_6d.html */,
				7B351F5C1AA0E007007D7FE7 /* functions_6d.js */,
				7B351F5D1AA0E007007D7FE7 /* functions_73.html */,
				7B351F5E1AA0E007007D7FE7 /* functions_73.js */,
				7B351F5F1AA0E007007D7FE7 /* mag_sel.png */,
				7B351F601AA0E007007D7FE7 /* nomatches.html */,
				7B351F611AA0E007007D7FE7 /* search.css */,
				7B351F621AA0E007007D7FE7 /* search.js */,
				7B351F631AA0E007007D7FE7 /* search_l.png */,
				7B351F641AA0E007007D7FE7 /* search_m.png */,
				7B351F651AA0E007007D7FE7 /* search_r.png */,
				7B351F661AA0E007007D7FE7 /* typedefs_63.html */,
				7B351F671AA0E007007D7FE7 /* typedefs_63.js */,
				7B351F681AA0E007007D7FE7 /* typedefs_73.html */,
				7B351F691AA0E007007D7FE7 /* typedefs_73.js */,
				7B351F6A1AA0E007007D7FE7 /* variables_63.html */,
				7B351F6B1AA0E007007D7FE7 /* variables_63.js */,
				7B351F6C1AA0E007007D7FE7 /* variables_69.html */,
				7B351F6D1AA0E007007D7FE7 /* variables_69.js */,
				7B351F6E1AA0E007007D7FE7 /* variables_70.html */,
				7B351F6F1AA0E007007D7FE7 /* variables_70.js */,
				7B351F701AA0E007007D7FE7 /* variables_72.html */,
				7B351F711AA0E007007D7FE7 /* variables_72.js */,
			);
			path = search;
			sourceTree = "<group>";
		};
		7B351F801AA0E007007D7FE7 /* test */ = {
			isa = PBXGroup;
			children = (
				7B351F821AA0E007007D7FE7 /* test */,
				7B351F811AA0E007007D7FE7 /* main.m */,
			);
			path = test;
			sourceTree = "<group>";
		};
		7B351F891AA10EC9007D7FE7 /* printfc */ = {
			isa = PBXGroup;
			children = (
				7B351F8E1AA10EC9007D7FE7 /* README.md */,
				7B351F8F1AA10EC9007D7FE7 /* sources */,
				7B351F921AA10EC9007D7FE7 /* tests */,
			);
			name = printfc;
			path = Modules/printfc;
			sourceTree = "<group>";
		};
		7B351F8F1AA10EC9007D7FE7 /* sources */ = {
			isa = PBXGroup;
			children = (
				7B351F901AA10EC9007D7FE7 /* printfc.m */,
				7B351F911AA10EC9007D7FE7 /* printfc.h */,
			);
			path = sources;
			sourceTree = "<group>";
		};
		7B351F921AA10EC9007D7FE7 /* tests */ = {
			isa = PBXGroup;
			children = (
				7B351F931AA10EC9007D7FE7 /* main.m */,
			);
			path = tests;
			sourceTree = "<group>";
		};
		7B3ABD0C1ADD7A23009F92FA /* linenoise */ = {
			isa = PBXGroup;
			children = (
				7B3ABD041ADD7A1B009F92FA /* linenoise.h */,
				7B3ABD061ADD7A1B009F92FA /* Interference.h */,
				7B3ABD051ADD7A1B009F92FA /* Interference.m */,
				7B3ABD071ADD7A1B009F92FA /* linenoise.c */,
			);
			name = linenoise;
			sourceTree = "<group>";
		};
		7B3ABD121ADD8212009F92FA /* Other */ = {
			isa = PBXGroup;
			children = (
				7B351F851AA0EE81007D7FE7 /* sel.m */,
				7B62B1C01A99A6E4005BC6BC /* IOFundamentals.m */,
				7B884F901AB8C2DD00B9AF43 /* AtoZCLI */,
				7BF46B5C1AB1EC0A0029068F /* RunLoopController */,
				7B8D2F461A985CAF00D93D95 /* GBCli */,
				7B62B1FD1A99B0C1005BC6BC /* LCTerminal */,
			);
			name = Other;
			sourceTree = "<group>";
		};
		7B62B1FD1A99B0C1005BC6BC /* LCTerminal */ = {
			isa = PBXGroup;
			children = (
				7BE58F4A19A97A7000EB4AB1 /* example.mm */,
				7BE58F4F19A97B8200EB4AB1 /* LCTerminal.h */,
				7BE58F4E19A97B8200EB4AB1 /* LCTerminal.mm */,
			);
			name = LCTerminal;
			sourceTree = "<group>";
		};
		7B62B1FE1A99B0EE005BC6BC /* EmbeddedData */ = {
			isa = PBXGroup;
			children = (
				7B0C48E719A944660046167F /* DDEmbeddedDataReader.h */,
				7B0C48E819A944660046167F /* DDEmbeddedDataReader.m */,
				7B0C48E419A9436F0046167F /* NSNib+XMLBase64.h */,
				7B0C48E319A9436F0046167F /* NSNib+XMLBase64.m */,
			);
			name = EmbeddedData;
			sourceTree = "<group>";
		};
		7B62B1FF1A99B1D3005BC6BC /* Modules */ = {
			isa = PBXGroup;
			children = (
				7B3ABD0C1ADD7A23009F92FA /* linenoise */,
				7BF6EAEF1AC4C800003E21DF /* progressbar */,
				7B351F891AA10EC9007D7FE7 /* printfc */,
				7B351F0E1AA0E006007D7FE7 /* scrutil_cpuro */,
				7B62B1FE1A99B0EE005BC6BC /* EmbeddedData */,
			);
			name = Modules;
			sourceTree = "<group>";
		};
		7B884F901AB8C2DD00B9AF43 /* AtoZCLI */ = {
			isa = PBXGroup;
			children = (
				7B884F911AB8C2DD00B9AF43 /* AtoZCLI.m */,
				7B884F921AB8C2DD00B9AF43 /* AZCLICategories.h */,
				7B884F931AB8C2DD00B9AF43 /* AZCLICategories.m */,
				7B884F941AB8C2DD00B9AF43 /* bash:tip_colors_and_formatting - FLOZz' MISC.webarchive */,
				7B884F951AB8C2DD00B9AF43 /* NSTerminal */,
				7B884F9B1AB8C2DD00B9AF43 /* select.sh */,
				7B884F9C1AB8C2DD00B9AF43 /* Terminal.h */,
			);
			name = AtoZCLI;
			path = ../../AtoZ.framework/AtoZ/AtoZCLI;
			sourceTree = "<group>";
		};
		7B884F951AB8C2DD00B9AF43 /* NSTerminal */ = {
			isa = PBXGroup;
			children = (
				7B884F961AB8C2DD00B9AF43 /* .gitignore */,
				7B884F971AB8C2DD00B9AF43 /* example.mm */,
				7B884F981AB8C2DD00B9AF43 /* NSTerminal.h */,
				7B884F991AB8C2DD00B9AF43 /* NSTerminal.mm */,
				7B884F9A1AB8C2DD00B9AF43 /* README.md */,
			);
			path = NSTerminal;
			sourceTree = "<group>";
		};
		7B8D2F461A985CAF00D93D95 /* GBCli */ = {
			isa = PBXGroup;
			children = (
				7B8D2F6F1A9863AA00D93D95 /* Demo */,
				7B8D2F551A985D4C00D93D95 /* GBPrint.m */,
				7B8D2F521A985CAF00D93D95 /* Readme.markdown */,
				7B8D2F4C1A985CAF00D93D95 /* GBCommandLineParser.h */,
				7B8D2F4D1A985CAF00D93D95 /* GBCommandLineParser.m */,
				7B8D2F4E1A985CAF00D93D95 /* GBOptionsHelper.h */,
				7B8D2F4F1A985CAF00D93D95 /* GBOptionsHelper.m */,
				7B8D2F501A985CAF00D93D95 /* GBSettings.h */,
				7B8D2F511A985CAF00D93D95 /* GBSettings.m */,
			);
			name = GBCli;
			path = Modules/GBCli/GBCli;
			sourceTree = "<group>";
		};
		7B8D2F6F1A9863AA00D93D95 /* Demo */ = {
			isa = PBXGroup;
			children = (
				7B8D2F4A1A985CAF00D93D95 /* GBTester.m */,
			);
			name = Demo;
			sourceTree = "<group>";
		};
		7B967DD11ADB0D79005E09B4 /* CodeTools */ = {
			isa = PBXGroup;
			children = (
				7B967DD21ADB0D79005E09B4 /* Supporting Files */,
				7B7BCAF41ADC51A1003372FF /* CodeTools.m */,
			);
			path = CodeTools;
			sourceTree = "<group>";
		};
		7B967DD21ADB0D79005E09B4 /* Supporting Files */ = {
			isa = PBXGroup;
			children = (
				7B967DD01ADB0D79005E09B4 /* CodeTools.io */,
				7B967DD31ADB0D79005E09B4 /* Info.plist */,
			);
			name = "Supporting Files";
			sourceTree = "<group>";
		};
		7BB200D119BBDDEF00816AB9 /* Support */ = {
			isa = PBXGroup;
			children = (
				7BA6C73D1AE805F0001BBEDA /* Icons.xcassets */,
				7BA6C6E51AE7F828001BBEDA /* AppledocSettings.plist */,
				7BDADDF61AB06F9D00581B83 /* Universal.xcconfig */,
				7B5E62CE1A9803460001B5F3 /* Info.plist */,
				7B3BEF1E1A9BE74200A8E446 /* AtoZIO.staging.h */,
				7B3BEF191A9BE16700A8E446 /* AtoZIO.staging.m */,
				7B9D7ABE1A9E79D00043B029 /* _xterm256.m */,
				7B5E62DB1A9803470001B5F3 /* ToolKitTests-Info.plist */,
				7BA6C6ED1AE80124001BBEDA /* Iconset.xcassets */,
			);
			name = Support;
			sourceTree = "<group>";
		};
		7BCD5A131AE890E90031A48E /* UI */ = {
			isa = PBXGroup;
			children = (
				7BCD5A151AE890E90031A48E /* Info.plist */,
				7BCD5A1A1AE891A80031A48E /* TK+UI.m */,
			);
			path = UI;
			sourceTree = "<group>";
		};
		7BF46B5C1AB1EC0A0029068F /* RunLoopController */ = {
			isa = PBXGroup;
			children = (
				7BF46B611AB1EC0A0029068F /* RunLoopController.h */,
				7BF46B621AB1EC0A0029068F /* RunLoopController.m */,
				7BF46B5D1AB1EC0A0029068F /* AsyncDownloader.h */,
				7BF46B5E1AB1EC0A0029068F /* AsyncDownloader.m */,
				7BF46B5F1AB1EC0A0029068F /* Makefile */,
				7BF46B601AB1EC0A0029068F /* README.md */,
				7BF6EB271AC51C8E003E21DF /* testDispatch */,
				7BF46B641AB1EC0A0029068F /* testDispatch.m */,
				7BF6EB281AC51C8E003E21DF /* testMultiTimers */,
				7BF46B651AB1EC0A0029068F /* testMultiTimers.m */,
				7BF6EB291AC51C8E003E21DF /* testAsyncNetworking */,
				7BF46B631AB1EC0A0029068F /* testAsyncNetworking.m */,
			);
			name = RunLoopController;
			path = Modules/RunLoopController;
			sourceTree = "<group>";
		};
		7BFDEB2C1AA41B0100B62038 /* Products */ = {
			isa = PBXGroup;
			children = (
				7B5E62CB1A9803460001B5F3 /* ToolKit.framework */,
				7B0C495A19A956A10046167F /* io */,
				7B8D2F641A98612F00D93D95 /* GBTester */,
				7B62B1BE1A99A6E3005BC6BC /* ToolKitFundamentals */,
				7BCD5A121AE890E80031A48E /* UI.toolkit */,
				7BD69AC11A9B86E60084B75F /* ToolKitTests.xctest */,
				7B3BEEDB1A9BB99300A8E446 /* linenoise_example */,
			);
			name = Products;
			sourceTree = SOURCE_ROOT;
		};
/* End PBXGroup section */

/* Begin PBXHeadersBuildPhase section */
		7B5E62C81A9803460001B5F3 /* Headers */ = {
			isa = PBXHeadersBuildPhase;
			buildActionMask = 2147483647;
			files = (
				7B62B2001A99B78F005BC6BC /* ToolKit.h in Headers */,
				7B351F841AA0E073007D7FE7 /* scrutil.h in Headers */,
				7BC203671AE829E000856E20 /* TK+MacWindow.h in Headers */,
				7B3ABD081ADD7A1B009F92FA /* linenoise.h in Headers */,
				7B62B2011A99B797005BC6BC /* LCTerminal.h in Headers */,
				7BACF2D11AA3E82E0064F072 /* TK+Protocols.h in Headers */,
				7B62B2021A99B7AB005BC6BC /* NSNib+XMLBase64.h in Headers */,
				7BF46B671AB1EE520029068F /* RunLoopController.h in Headers */,
				7B8D2F711A987AF900D93D95 /* DDEmbeddedDataReader.h in Headers */,
				7B3BEF1B1A9BE1EF00A8E446 /* TK_Private.h in Headers */,
				7B3ABD0A1ADD7A1B009F92FA /* Interference.h in Headers */,
			);
			runOnlyForDeploymentPostprocessing = 0;
		};
/* End PBXHeadersBuildPhase section */

/* Begin PBXLegacyTarget section */
		7B62B28D1A9A0D50005BC6BC /* linenoise */ = {
			isa = PBXLegacyTarget;
			buildArgumentsString = "$(ACTION)";
			buildConfigurationList = 7B62B28E1A9A0D51005BC6BC /* Build configuration list for PBXLegacyTarget "linenoise" */;
			buildPhases = (
			);
			buildToolPath = /usr/bin/make;
			buildWorkingDirectory = Modules/linenoise;
			dependencies = (
			);
			name = linenoise;
			passBuildSettingsInEnvironment = 1;
			productName = linenoise;
		};
/* End PBXLegacyTarget section */

/* Begin PBXNativeTarget section */
		7B0C48CB19A9400E0046167F /* ToolKitTests */ = {
			isa = PBXNativeTarget;
			buildConfigurationList = 7B0C48E019A9400E0046167F /* Build configuration list for PBXNativeTarget "ToolKitTests" */;
			buildPhases = (
				7B0C48C819A9400E0046167F /* Sources */,
			);
			buildRules = (
			);
			dependencies = (
			);
			name = ToolKitTests;
			productName = AtoZIOTests;
			productReference = 7BD69AC11A9B86E60084B75F /* ToolKitTests.xctest */;
			productType = "com.apple.product-type.bundle.unit-test";
		};
		7B0C495919A956A10046167F /* io */ = {
			isa = PBXNativeTarget;
			buildConfigurationList = 7B0C496519A956A20046167F /* Build configuration list for PBXNativeTarget "io" */;
			buildPhases = (
				7B0C495619A956A10046167F /* Sources */,
				7B6B5B7B1AD5877A003CDF53 /* Frameworks */,
			);
			buildRules = (
			);
			dependencies = (
				7B8D2F281A98467900D93D95 /* PBXTargetDependency */,
			);
			name = io;
			productName = io_agent;
			productReference = 7B0C495A19A956A10046167F /* io */;
			productType = "com.apple.product-type.tool";
		};
		7B3BEEDA1A9BB99300A8E446 /* linenoise_example */ = {
			isa = PBXNativeTarget;
			buildConfigurationList = 7B3BEEDF1A9BB99300A8E446 /* Build configuration list for PBXNativeTarget "linenoise_example" */;
			buildPhases = (
				7B3BEED71A9BB99300A8E446 /* Sources */,
				7B3BEED81A9BB99300A8E446 /* Frameworks */,
				7B3BEED91A9BB99300A8E446 /* CopyFiles */,
			);
			buildRules = (
			);
			dependencies = (
			);
			name = linenoise_example;
			productName = linenoise_example;
			productReference = 7B3BEEDB1A9BB99300A8E446 /* linenoise_example */;
			productType = "com.apple.product-type.tool";
		};
		7B5E62CA1A9803460001B5F3 /* ToolKit */ = {
			isa = PBXNativeTarget;
			buildConfigurationList = 7B5E62DE1A9803470001B5F3 /* Build configuration list for PBXNativeTarget "ToolKit" */;
			buildPhases = (
				7B5E62C61A9803460001B5F3 /* Sources */,
				7B5E62C81A9803460001B5F3 /* Headers */,
				7BE3E4291AB810D500B4D4C7 /* Frameworks */,
				7B2EF3F81AB03CDF00382535 /* INSTALL_FW_ON_DEVICE.zsh */,
			);
			buildRules = (
			);
			dependencies = (
			);
			name = ToolKit;
			productName = IO;
			productReference = 7B5E62CB1A9803460001B5F3 /* ToolKit.framework */;
			productType = "com.apple.product-type.framework";
		};
		7B62B1BD1A99A6E3005BC6BC /* ToolKitFundamentals */ = {
			isa = PBXNativeTarget;
			buildConfigurationList = 7B62B1FC1A99A6E4005BC6BC /* Build configuration list for PBXNativeTarget "ToolKitFundamentals" */;
			buildPhases = (
				7B62B1BA1A99A6E3005BC6BC /* Sources */,
				7B62B1BB1A99A6E3005BC6BC /* Frameworks */,
				7B62B1BC1A99A6E3005BC6BC /* CopyFiles */,
			);
			buildRules = (
			);
			dependencies = (
				7B6F03731AAB8C8500AB31C4 /* PBXTargetDependency */,
			);
			name = ToolKitFundamentals;
			productName = readlineDemo;
			productReference = 7B62B1BE1A99A6E3005BC6BC /* ToolKitFundamentals */;
			productType = "com.apple.product-type.tool";
		};
		7B8D2F631A98612F00D93D95 /* GBTester */ = {
			isa = PBXNativeTarget;
			buildConfigurationList = 7B8D2F681A98612F00D93D95 /* Build configuration list for PBXNativeTarget "GBTester" */;
			buildPhases = (
				7B8D2F601A98612F00D93D95 /* Sources */,
				7B8D2F611A98612F00D93D95 /* Frameworks */,
				7B8D2F621A98612F00D93D95 /* CopyFiles */,
			);
			buildRules = (
			);
			dependencies = (
				7B8D2F6D1A98616E00D93D95 /* PBXTargetDependency */,
			);
			name = GBTester;
			productName = GBTester;
			productReference = 7B8D2F641A98612F00D93D95 /* GBTester */;
			productType = "com.apple.product-type.tool";
		};
		7B967DCF1ADB0D79005E09B4 /* CodeTools */ = {
			isa = PBXNativeTarget;
			buildConfigurationList = 7B967E0E1ADB0D79005E09B4 /* Build configuration list for PBXNativeTarget "CodeTools" */;
			buildPhases = (
				7B967DCC1ADB0D79005E09B4 /* Sources */,
				7B967DCD1ADB0D79005E09B4 /* Frameworks */,
				7B967DCE1ADB0D79005E09B4 /* Resources */,
			);
			buildRules = (
			);
			dependencies = (
			);
			name = CodeTools;
			productName = CodeTools;
			productReference = 7B967DD01ADB0D79005E09B4 /* CodeTools.io */;
			productType = "com.apple.product-type.bundle";
		};
		7BCD5A111AE890E80031A48E /* UI */ = {
			isa = PBXNativeTarget;
			buildConfigurationList = 7BCD5A191AE890E90031A48E /* Build configuration list for PBXNativeTarget "UI" */;
			buildPhases = (
				7BCD5A0E1AE890E80031A48E /* Sources */,
				7BCD5A0F1AE890E80031A48E /* Frameworks */,
				7BCD5A101AE890E80031A48E /* Resources */,
			);
			buildRules = (
			);
			dependencies = (
			);
			name = UI;
			productName = UI;
			productReference = 7BCD5A121AE890E80031A48E /* UI.toolkit */;
			productType = "com.apple.product-type.bundle";
		};
/* End PBXNativeTarget section */

/* Begin PBXProject section */
		7B0C48B119A9400E0046167F /* Project object */ = {
			isa = PBXProject;
			attributes = {
				LastUpgradeCheck = 0630;
				ORGANIZATIONNAME = "Alex Gray";
				TargetAttributes = {
					7B0C48CB19A9400E0046167F = {
						TestTargetID = 7B0C48B819A9400E0046167F;
					};
					7B3BEEDA1A9BB99300A8E446 = {
						CreatedOnToolsVersion = 6.3;
					};
					7B5E62CA1A9803460001B5F3 = {
						CreatedOnToolsVersion = 6.2;
					};
					7B62B1BD1A99A6E3005BC6BC = {
						CreatedOnToolsVersion = 6.2;
					};
					7B62B28D1A9A0D50005BC6BC = {
						CreatedOnToolsVersion = 6.2;
					};
					7B8D2F631A98612F00D93D95 = {
						CreatedOnToolsVersion = 6.1.1;
					};
					7B967DCF1ADB0D79005E09B4 = {
						CreatedOnToolsVersion = 6.3;
					};
					7BA6C6E61AE7F910001BBEDA = {
						CreatedOnToolsVersion = 6.3;
					};
					7BCD5A111AE890E80031A48E = {
						CreatedOnToolsVersion = 6.3;
					};
				};
			};
			buildConfigurationList = 7B0C48B419A9400E0046167F /* Build configuration list for PBXProject "ToolKit" */;
			compatibilityVersion = "Xcode 3.2";
			developmentRegion = English;
			hasScannedForEncodings = 0;
			knownRegions = (
				en,
			);
			mainGroup = 7B0C48B019A9400E0046167F;
			productRefGroup = 7B0C48B019A9400E0046167F;
			projectDirPath = "";
			projectRoot = "";
			targets = (
				7B5E62CA1A9803460001B5F3 /* ToolKit */,
				7BA6C6E61AE7F910001BBEDA /* ToolKit Docs */,
				7B0C495919A956A10046167F /* io */,
				7B0C48CB19A9400E0046167F /* ToolKitTests */,
				7B8D2F631A98612F00D93D95 /* GBTester */,
				7B62B1BD1A99A6E3005BC6BC /* ToolKitFundamentals */,
				7B62B28D1A9A0D50005BC6BC /* linenoise */,
				7B3BEEDA1A9BB99300A8E446 /* linenoise_example */,
				7B967DCF1ADB0D79005E09B4 /* CodeTools */,
				7BCD5A111AE890E80031A48E /* UI */,
			);
		};
/* End PBXProject section */

/* Begin PBXResourcesBuildPhase section */
		7B967DCE1ADB0D79005E09B4 /* Resources */ = {
			isa = PBXResourcesBuildPhase;
			buildActionMask = 2147483647;
			files = (
			);
			runOnlyForDeploymentPostprocessing = 0;
		};
		7BCD5A101AE890E80031A48E /* Resources */ = {
			isa = PBXResourcesBuildPhase;
			buildActionMask = 2147483647;
			files = (
			);
			runOnlyForDeploymentPostprocessing = 0;
		};
/* End PBXResourcesBuildPhase section */

/* Begin PBXShellScriptBuildPhase section */
		7B2EF3F81AB03CDF00382535 /* INSTALL_FW_ON_DEVICE.zsh */ = {
			isa = PBXShellScriptBuildPhase;
			buildActionMask = 2147483647;
			files = (
			);
			inputPaths = (
			);
			name = INSTALL_FW_ON_DEVICE.zsh;
			outputPaths = (
			);
			runOnlyForDeploymentPostprocessing = 0;
			shellPath = /bin/sh;
			shellScript = "/a2z/Scripts/INSTALL_FW_ON_DEVICE.zsh\n#xcodebuild -project \"${TARGET_NAME}.xcodeproj\" -target io -derivedDataPath \"${BUILD_ROOT}\" &";
		};
		7BA6C6EA1AE7F915001BBEDA /* ShellScript */ = {
			isa = PBXShellScriptBuildPhase;
			buildActionMask = 2147483647;
			files = (
			);
			inputPaths = (
				"$(SRCROOT)/Resources/AppledocSettings.plist",
				"$(SRCROOT)/$(PROJECT_NAME)",
			);
			outputPaths = (
				"$(DERIVED_FILE_DIR)/docs",
			);
			runOnlyForDeploymentPostprocessing = 0;
			shellPath = /bin/zsh;
			shellScript = "ADOC=/usr/local/bin/appledoc\n\n#mkdir -p \"${SCRIPT_OUTPUT_FILE_0}\"\n#open -R \"${SCRIPT_OUTPUT_FILE_0}\"\n\n$ADOC \"${SCRIPT_INPUT_FILE_0}\" \"${SCRIPT_INPUT_FILE_1}\"\n\n# --output \"${SCRIPT_OUTPUT_FILE_0}\"\n";
		};
/* End PBXShellScriptBuildPhase section */

/* Begin PBXSourcesBuildPhase section */
		7B0C48C819A9400E0046167F /* Sources */ = {
			isa = PBXSourcesBuildPhase;
			buildActionMask = 2147483647;
			files = (
				7B9BC4E21ABA5BF800E381B4 /* TK_tests.m in Sources */,
			);
			runOnlyForDeploymentPostprocessing = 0;
		};
		7B0C495619A956A10046167F /* Sources */ = {
			isa = PBXSourcesBuildPhase;
			buildActionMask = 2147483647;
			files = (
				7B351F881AA105AA007D7FE7 /* io_agent.m in Sources */,
			);
			runOnlyForDeploymentPostprocessing = 0;
		};
		7B3BEED71A9BB99300A8E446 /* Sources */ = {
			isa = PBXSourcesBuildPhase;
			buildActionMask = 2147483647;
			files = (
			);
			runOnlyForDeploymentPostprocessing = 0;
		};
		7B5E62C61A9803460001B5F3 /* Sources */ = {
			isa = PBXSourcesBuildPhase;
			buildActionMask = 2147483647;
			files = (
				7B3BEF601A9BF71500A8E446 /* DDEmbeddedDataReader.m in Sources */,
				7B3ABD091ADD7A1B009F92FA /* Interference.m in Sources */,
				7BDADDF51AB06F3800581B83 /* NSNib+XMLBase64.m in Sources */,
				7BF46B661AB1EE4D0029068F /* RunLoopController.m in Sources */,
				7BC203681AE829E000856E20 /* TK+MacWindow.m in Sources */,
				7B3BEF621A9BF72A00A8E446 /* ToolKit.m in Sources */,
				7BACF2D21AA3E82E0064F072 /* TK+Protocols.m in Sources */,
				7B7D96381AC2314E00F5504D /* scrutil.m in Sources */,
				7BF5AC861AD701D100F0E3FD /* TK+Opts.m in Sources */,
				7B8377FB1AC023900074FBC0 /* printfc.m in Sources */,
				7B3BEF5B1A9BEEEF00A8E446 /* TK+String.m in Sources */,
				7B0B8DEE1AAD37B100EBC53D /* TK+Notify.m in Sources */,
				7B3ABD0B1ADD7A1B009F92FA /* linenoise.c in Sources */,
				7B3BEF1D1A9BE70500A8E446 /* TK+Color.m in Sources */,
			);
			runOnlyForDeploymentPostprocessing = 0;
		};
		7B62B1BA1A99A6E3005BC6BC /* Sources */ = {
			isa = PBXSourcesBuildPhase;
			buildActionMask = 2147483647;
			files = (
				7B62B1C11A99A6E4005BC6BC /* IOFundamentals.m in Sources */,
			);
			runOnlyForDeploymentPostprocessing = 0;
		};
		7B8D2F601A98612F00D93D95 /* Sources */ = {
			isa = PBXSourcesBuildPhase;
			buildActionMask = 2147483647;
			files = (
				7B8D2F6B1A98614700D93D95 /* GBTester.m in Sources */,
			);
			runOnlyForDeploymentPostprocessing = 0;
		};
		7B967DCC1ADB0D79005E09B4 /* Sources */ = {
			isa = PBXSourcesBuildPhase;
			buildActionMask = 2147483647;
			files = (
				7B7BCAF51ADC51A1003372FF /* CodeTools.m in Sources */,
			);
			runOnlyForDeploymentPostprocessing = 0;
		};
		7BCD5A0E1AE890E80031A48E /* Sources */ = {
			isa = PBXSourcesBuildPhase;
			buildActionMask = 2147483647;
			files = (
				7BCD5A1B1AE891A80031A48E /* TK+UI.m in Sources */,
			);
			runOnlyForDeploymentPostprocessing = 0;
		};
/* End PBXSourcesBuildPhase section */

/* Begin PBXTargetDependency section */
		7B6F03731AAB8C8500AB31C4 /* PBXTargetDependency */ = {
			isa = PBXTargetDependency;
			target = 7B5E62CA1A9803460001B5F3 /* ToolKit */;
			targetProxy = 7B6F03721AAB8C8500AB31C4 /* PBXContainerItemProxy */;
		};
		7B8D2F281A98467900D93D95 /* PBXTargetDependency */ = {
			isa = PBXTargetDependency;
			target = 7B5E62CA1A9803460001B5F3 /* ToolKit */;
			targetProxy = 7B8D2F271A98467900D93D95 /* PBXContainerItemProxy */;
		};
		7B8D2F6D1A98616E00D93D95 /* PBXTargetDependency */ = {
			isa = PBXTargetDependency;
			target = 7B5E62CA1A9803460001B5F3 /* ToolKit */;
			targetProxy = 7B8D2F6C1A98616E00D93D95 /* PBXContainerItemProxy */;
		};
		7BA6C6EC1AE7F91A001BBEDA /* PBXTargetDependency */ = {
			isa = PBXTargetDependency;
			target = 7B5E62CA1A9803460001B5F3 /* ToolKit */;
			targetProxy = 7BA6C6EB1AE7F91A001BBEDA /* PBXContainerItemProxy */;
		};
/* End PBXTargetDependency section */

/* Begin XCBuildConfiguration section */
		7B0C48DB19A9400E0046167F /* Debug */ = {
			isa = XCBuildConfiguration;
			buildSettings = {
				CLANG_ENABLE_MODULES = YES;
				CLANG_ENABLE_OBJC_ARC = YES;
				CODE_SIGN_IDENTITY = MrGray.com;
				GCC_C_LANGUAGE_STANDARD = c11;
				PRODUCT_NAME = "$(TARGET_NAME)";
			};
			name = Debug;
		};
		7B0C48DC19A9400E0046167F /* Release */ = {
			isa = XCBuildConfiguration;
			buildSettings = {
				CLANG_ENABLE_MODULES = YES;
				CLANG_ENABLE_OBJC_ARC = YES;
				CODE_SIGN_IDENTITY = MrGray.com;
				GCC_C_LANGUAGE_STANDARD = c11;
				PRODUCT_NAME = "$(TARGET_NAME)";
			};
			name = Release;
		};
		7B0C48E119A9400E0046167F /* Debug */ = {
			isa = XCBuildConfiguration;
			buildSettings = {
				CLANG_ALLOW_NON_MODULAR_INCLUDES_IN_FRAMEWORK_MODULES = YES;
				COMBINE_HIDPI_IMAGES = YES;
				FRAMEWORK_SEARCH_PATHS = "$(USER_LIBRARY_DIR)/Frameworks";
				GCC_PREPROCESSOR_DEFINITIONS = (
					"DEBUG=1",
					"$(inherited)",
				);
				INFOPLIST_FILE = "IO_tests/ToolKitTests-Info.plist";
				OTHER_LDFLAGS = (
					"-ObjC",
					"-framework",
					IO,
				);
				PRODUCT_NAME = ToolKitTests;
				WRAPPER_EXTENSION = xctest;
			};
			name = Debug;
		};
		7B0C48E219A9400E0046167F /* Release */ = {
			isa = XCBuildConfiguration;
			buildSettings = {
				CLANG_ALLOW_NON_MODULAR_INCLUDES_IN_FRAMEWORK_MODULES = YES;
				COMBINE_HIDPI_IMAGES = YES;
				FRAMEWORK_SEARCH_PATHS = "$(USER_LIBRARY_DIR)/Frameworks";
				INFOPLIST_FILE = "IO_tests/ToolKitTests-Info.plist";
				OTHER_LDFLAGS = (
					"-ObjC",
					"-framework",
					IO,
				);
				PRODUCT_NAME = ToolKitTests;
				WRAPPER_EXTENSION = xctest;
			};
			name = Release;
		};
		7B0C496619A956A20046167F /* Debug */ = {
			isa = XCBuildConfiguration;
			buildSettings = {
				CLANG_ALLOW_NON_MODULAR_INCLUDES_IN_FRAMEWORK_MODULES = YES;
				CODE_SIGN_IDENTITY = MrGray.com;
				DEPLOYMENT_LOCATION = YES;
				DSTROOT = /;
				GCC_PREPROCESSOR_DEFINITIONS = (
					"DEBUG=1",
					"$(inherited)",
				);
				INSTALL_PATH = /xbin;
				OTHER_LDFLAGS = (
					"-lncurses",
					"-lmenu",
				);
				PRODUCT_NAME = "$(TARGET_NAME)";
			};
			name = Debug;
		};
		7B0C496719A956A20046167F /* Release */ = {
			isa = XCBuildConfiguration;
			buildSettings = {
				CLANG_ALLOW_NON_MODULAR_INCLUDES_IN_FRAMEWORK_MODULES = YES;
				CODE_SIGN_IDENTITY = MrGray.com;
				DEPLOYMENT_LOCATION = YES;
				DSTROOT = /;
				INSTALL_PATH = /xbin;
				OTHER_LDFLAGS = (
					"-lncurses",
					"-lmenu",
				);
				PRODUCT_NAME = "$(TARGET_NAME)";
			};
			name = Release;
		};
		7B3BEEE01A9BB99300A8E446 /* Debug */ = {
			isa = XCBuildConfiguration;
			buildSettings = {
				CLANG_ENABLE_MODULES = NO;
				CLANG_WARN_UNREACHABLE_CODE = YES;
				DEBUG_INFORMATION_FORMAT = dwarf;
				ENABLE_STRICT_OBJC_MSGSEND = YES;
				GCC_DYNAMIC_NO_PIC = NO;
				GCC_INPUT_FILETYPE = sourcecode.c.objc;
				GCC_PREPROCESSOR_DEFINITIONS = (
					"DEBUG=1",
					"$(inherited)",
				);
				MACOSX_DEPLOYMENT_TARGET = 10.10;
				MTL_ENABLE_DEBUG_INFO = YES;
				ONLY_ACTIVE_ARCH = YES;
				PRODUCT_NAME = "$(TARGET_NAME)";
			};
			name = Debug;
		};
		7B3BEEE11A9BB99300A8E446 /* Release */ = {
			isa = XCBuildConfiguration;
			buildSettings = {
				CLANG_ENABLE_MODULES = NO;
				CLANG_WARN_UNREACHABLE_CODE = YES;
				COPY_PHASE_STRIP = NO;
				ENABLE_STRICT_OBJC_MSGSEND = YES;
				GCC_INPUT_FILETYPE = sourcecode.c.objc;
				MACOSX_DEPLOYMENT_TARGET = 10.10;
				MTL_ENABLE_DEBUG_INFO = NO;
				PRODUCT_NAME = "$(TARGET_NAME)";
			};
			name = Release;
		};
		7B5E62DF1A9803470001B5F3 /* Debug */ = {
			isa = XCBuildConfiguration;
			buildSettings = {
				CLANG_ALLOW_NON_MODULAR_INCLUDES_IN_FRAMEWORK_MODULES = YES;
				CLANG_WARN_DOCUMENTATION_COMMENTS = YES;
				COPY_PHASE_STRIP = NO;
				CURRENT_PROJECT_VERSION = 1;
				DEFINES_MODULE = YES;
				DYLIB_COMPATIBILITY_VERSION = 1;
				DYLIB_CURRENT_VERSION = 1;
				DYLIB_INSTALL_NAME_BASE = "@rpath";
				GCC_INPUT_FILETYPE = automatic;
				GCC_OPTIMIZATION_LEVEL = 0;
				INFOPLIST_FILE = Resources/Info.plist;
				LD_RUNPATH_SEARCH_PATHS = "@loader_path/Frameworks";
				OTHER_LDFLAGS = (
					"-all_load",
					"-ObjC",
					"-framework",
					AtoZUniversal,
					"-sub_umbrella",
					AtoZUniversal,
					"-framework",
					AVFoundation,
				);
				PRODUCT_NAME = ToolKit;
				SCAN_ALL_SOURCE_FILES_FOR_INCLUDES = YES;
				STRIP_INSTALLED_PRODUCT = NO;
				VERSIONING_SYSTEM = "apple-generic";
			};
			name = Debug;
		};
		7B5E62E01A9803470001B5F3 /* Release */ = {
			isa = XCBuildConfiguration;
			buildSettings = {
				CLANG_ALLOW_NON_MODULAR_INCLUDES_IN_FRAMEWORK_MODULES = YES;
				CLANG_WARN_DOCUMENTATION_COMMENTS = YES;
				COPY_PHASE_STRIP = NO;
				CURRENT_PROJECT_VERSION = 1;
				DEFINES_MODULE = YES;
				DYLIB_COMPATIBILITY_VERSION = 1;
				DYLIB_CURRENT_VERSION = 1;
				DYLIB_INSTALL_NAME_BASE = "@rpath";
				GCC_INPUT_FILETYPE = automatic;
				GCC_OPTIMIZATION_LEVEL = 0;
				INFOPLIST_FILE = Resources/Info.plist;
				LD_RUNPATH_SEARCH_PATHS = "@loader_path/Frameworks";
				OTHER_LDFLAGS = (
					"-all_load",
					"-ObjC",
					"-framework",
					AtoZUniversal,
					"-sub_umbrella",
					AtoZUniversal,
					"-framework",
					AVFoundation,
				);
				PRODUCT_NAME = ToolKit;
				SCAN_ALL_SOURCE_FILES_FOR_INCLUDES = YES;
				STRIP_INSTALLED_PRODUCT = NO;
				VERSIONING_SYSTEM = "apple-generic";
			};
			name = Release;
		};
		7B62B1C21A99A6E4005BC6BC /* Debug */ = {
			isa = XCBuildConfiguration;
			buildSettings = {
				CLANG_WARN_UNREACHABLE_CODE = YES;
				ENABLE_STRICT_OBJC_MSGSEND = YES;
				GCC_C_LANGUAGE_STANDARD = c11;
				GCC_DYNAMIC_NO_PIC = NO;
				GCC_PREPROCESSOR_DEFINITIONS = (
					"DEBUG=1",
					"$(inherited)",
				);
				MACOSX_DEPLOYMENT_TARGET = 10.10;
				MTL_ENABLE_DEBUG_INFO = YES;
				ONLY_ACTIVE_ARCH = YES;
				OTHER_LDFLAGS = (
					"-lmenu",
					"-lreadline",
					"-lncurses",
				);
				PRODUCT_NAME = ToolKitFundamentals;
			};
			name = Debug;
		};
		7B62B1C31A99A6E4005BC6BC /* Release */ = {
			isa = XCBuildConfiguration;
			buildSettings = {
				CLANG_WARN_UNREACHABLE_CODE = YES;
				COPY_PHASE_STRIP = NO;
				ENABLE_STRICT_OBJC_MSGSEND = YES;
				GCC_C_LANGUAGE_STANDARD = c11;
				MACOSX_DEPLOYMENT_TARGET = 10.10;
				MTL_ENABLE_DEBUG_INFO = NO;
				OTHER_LDFLAGS = (
					"-lmenu",
					"-lreadline",
					"-lncurses",
				);
				PRODUCT_NAME = ToolKitFundamentals;
			};
			name = Release;
		};
		7B62B28F1A9A0D51005BC6BC /* Debug */ = {
			isa = XCBuildConfiguration;
			buildSettings = {
				CLANG_WARN_UNREACHABLE_CODE = YES;
				DEBUGGING_SYMBOLS = YES;
				ENABLE_STRICT_OBJC_MSGSEND = YES;
				GCC_C_LANGUAGE_STANDARD = gnu99;
				GCC_DYNAMIC_NO_PIC = NO;
				GCC_GENERATE_DEBUGGING_SYMBOLS = YES;
				GCC_OPTIMIZATION_LEVEL = 0;
				GCC_PREPROCESSOR_DEFINITIONS = (
					"DEBUG=1",
					"$(inherited)",
				);
				MACOSX_DEPLOYMENT_TARGET = 10.10;
				MTL_ENABLE_DEBUG_INFO = YES;
				ONLY_ACTIVE_ARCH = YES;
				OTHER_CFLAGS = "";
				OTHER_LDFLAGS = "";
				PRODUCT_NAME = "$(TARGET_NAME)";
			};
			name = Debug;
		};
		7B62B2901A9A0D51005BC6BC /* Release */ = {
			isa = XCBuildConfiguration;
			buildSettings = {
				CLANG_WARN_UNREACHABLE_CODE = YES;
				COPY_PHASE_STRIP = NO;
				ENABLE_STRICT_OBJC_MSGSEND = YES;
				GCC_C_LANGUAGE_STANDARD = gnu99;
				MACOSX_DEPLOYMENT_TARGET = 10.10;
				MTL_ENABLE_DEBUG_INFO = NO;
				OTHER_CFLAGS = "";
				OTHER_LDFLAGS = "";
				PRODUCT_NAME = "$(TARGET_NAME)";
			};
			name = Release;
		};
		7B8D2F691A98612F00D93D95 /* Debug */ = {
			isa = XCBuildConfiguration;
			buildSettings = {
				GCC_DYNAMIC_NO_PIC = NO;
				INFOPLIST_FILE = IO/Info.plist;
				LD_RUNPATH_SEARCH_PATHS = "@executable_path";
				PRODUCT_NAME = "$(TARGET_NAME)";
			};
			name = Debug;
		};
		7B8D2F6A1A98612F00D93D95 /* Release */ = {
			isa = XCBuildConfiguration;
			buildSettings = {
				INFOPLIST_FILE = IO/Info.plist;
				LD_RUNPATH_SEARCH_PATHS = "@executable_path";
				PRODUCT_NAME = "$(TARGET_NAME)";
			};
			name = Release;
		};
		7B967DD41ADB0D79005E09B4 /* Debug */ = {
			isa = XCBuildConfiguration;
			buildSettings = {
				CLANG_CXX_LANGUAGE_STANDARD = "gnu++0x";
				CLANG_CXX_LIBRARY = "libc++";
				CLANG_WARN_BOOL_CONVERSION = YES;
				CLANG_WARN_CONSTANT_CONVERSION = YES;
				CLANG_WARN_DIRECT_OBJC_ISA_USAGE = YES_ERROR;
				CLANG_WARN_EMPTY_BODY = YES;
				CLANG_WARN_ENUM_CONVERSION = YES;
				CLANG_WARN_INT_CONVERSION = YES;
				CLANG_WARN_OBJC_ROOT_CLASS = YES_ERROR;
				CLANG_WARN_UNREACHABLE_CODE = YES;
				CLANG_WARN__DUPLICATE_METHOD_MATCH = YES;
				COMBINE_HIDPI_IMAGES = YES;
				COPY_PHASE_STRIP = NO;
				DEBUG_INFORMATION_FORMAT = dwarf;
				ENABLE_STRICT_OBJC_MSGSEND = YES;
				GCC_C_LANGUAGE_STANDARD = gnu99;
				GCC_DYNAMIC_NO_PIC = NO;
				GCC_NO_COMMON_BLOCKS = YES;
				GCC_OPTIMIZATION_LEVEL = 0;
				GCC_PREPROCESSOR_DEFINITIONS = (
					"DEBUG=1",
					"$(inherited)",
				);
				GCC_SYMBOLS_PRIVATE_EXTERN = NO;
				GCC_WARN_64_TO_32_BIT_CONVERSION = YES;
				GCC_WARN_ABOUT_RETURN_TYPE = YES_ERROR;
				GCC_WARN_UNDECLARED_SELECTOR = YES;
				GCC_WARN_UNINITIALIZED_AUTOS = YES_AGGRESSIVE;
				GCC_WARN_UNUSED_FUNCTION = YES;
				GCC_WARN_UNUSED_VARIABLE = YES;
				INFOPLIST_FILE = CodeTools/Info.plist;
				INSTALL_PATH = "$(LOCAL_LIBRARY_DIR)/Bundles";
				MACOSX_DEPLOYMENT_TARGET = 10.10;
				MTL_ENABLE_DEBUG_INFO = YES;
				ONLY_ACTIVE_ARCH = YES;
				PRODUCT_NAME = "$(TARGET_NAME)";
				SKIP_INSTALL = YES;
				WRAPPER_EXTENSION = io;
			};
			name = Debug;
		};
		7B967DD51ADB0D79005E09B4 /* Release */ = {
			isa = XCBuildConfiguration;
			buildSettings = {
				CLANG_CXX_LANGUAGE_STANDARD = "gnu++0x";
				CLANG_CXX_LIBRARY = "libc++";
				CLANG_WARN_BOOL_CONVERSION = YES;
				CLANG_WARN_CONSTANT_CONVERSION = YES;
				CLANG_WARN_DIRECT_OBJC_ISA_USAGE = YES_ERROR;
				CLANG_WARN_EMPTY_BODY = YES;
				CLANG_WARN_ENUM_CONVERSION = YES;
				CLANG_WARN_INT_CONVERSION = YES;
				CLANG_WARN_OBJC_ROOT_CLASS = YES_ERROR;
				CLANG_WARN_UNREACHABLE_CODE = YES;
				CLANG_WARN__DUPLICATE_METHOD_MATCH = YES;
				COMBINE_HIDPI_IMAGES = YES;
				COPY_PHASE_STRIP = NO;
				DEBUG_INFORMATION_FORMAT = "dwarf-with-dsym";
				ENABLE_NS_ASSERTIONS = NO;
				ENABLE_STRICT_OBJC_MSGSEND = YES;
				GCC_C_LANGUAGE_STANDARD = gnu99;
				GCC_NO_COMMON_BLOCKS = YES;
				GCC_WARN_64_TO_32_BIT_CONVERSION = YES;
				GCC_WARN_ABOUT_RETURN_TYPE = YES_ERROR;
				GCC_WARN_UNDECLARED_SELECTOR = YES;
				GCC_WARN_UNINITIALIZED_AUTOS = YES_AGGRESSIVE;
				GCC_WARN_UNUSED_FUNCTION = YES;
				GCC_WARN_UNUSED_VARIABLE = YES;
				INFOPLIST_FILE = CodeTools/Info.plist;
				INSTALL_PATH = "$(LOCAL_LIBRARY_DIR)/Bundles";
				MACOSX_DEPLOYMENT_TARGET = 10.10;
				MTL_ENABLE_DEBUG_INFO = NO;
				PRODUCT_NAME = "$(TARGET_NAME)";
				SKIP_INSTALL = YES;
				WRAPPER_EXTENSION = io;
			};
			name = Release;
		};
		7BA6C6E81AE7F911001BBEDA /* Debug */ = {
			isa = XCBuildConfiguration;
			buildSettings = {
				PRODUCT_NAME = "$(TARGET_NAME)";
			};
			name = Debug;
		};
		7BA6C6E91AE7F911001BBEDA /* Release */ = {
			isa = XCBuildConfiguration;
			buildSettings = {
				PRODUCT_NAME = "$(TARGET_NAME)";
			};
			name = Release;
		};
		7BCD5A161AE890E90031A48E /* Debug */ = {
			isa = XCBuildConfiguration;
			buildSettings = {
				ALWAYS_SEARCH_USER_PATHS = NO;
				CLANG_CXX_LANGUAGE_STANDARD = "gnu++0x";
				CLANG_CXX_LIBRARY = "libc++";
				CLANG_WARN_BOOL_CONVERSION = YES;
				CLANG_WARN_CONSTANT_CONVERSION = YES;
				CLANG_WARN_DIRECT_OBJC_ISA_USAGE = YES_ERROR;
				CLANG_WARN_EMPTY_BODY = YES;
				CLANG_WARN_ENUM_CONVERSION = YES;
				CLANG_WARN_INT_CONVERSION = YES;
				CLANG_WARN_OBJC_ROOT_CLASS = YES_ERROR;
				CLANG_WARN_UNREACHABLE_CODE = YES;
				CLANG_WARN__DUPLICATE_METHOD_MATCH = YES;
				COMBINE_HIDPI_IMAGES = YES;
				COPY_PHASE_STRIP = NO;
				DEBUG_INFORMATION_FORMAT = dwarf;
				ENABLE_STRICT_OBJC_MSGSEND = YES;
				GCC_DYNAMIC_NO_PIC = NO;
				GCC_NO_COMMON_BLOCKS = YES;
				GCC_OPTIMIZATION_LEVEL = 0;
				GCC_PREPROCESSOR_DEFINITIONS = (
					"DEBUG=1",
					"$(inherited)",
				);
				GCC_SYMBOLS_PRIVATE_EXTERN = NO;
				GCC_WARN_64_TO_32_BIT_CONVERSION = YES;
				GCC_WARN_ABOUT_RETURN_TYPE = YES_ERROR;
				GCC_WARN_UNDECLARED_SELECTOR = YES;
				GCC_WARN_UNINITIALIZED_AUTOS = YES_AGGRESSIVE;
				GCC_WARN_UNUSED_FUNCTION = YES;
				GCC_WARN_UNUSED_VARIABLE = YES;
				INFOPLIST_FILE = UI/Info.plist;
				INSTALL_PATH = "$(LOCAL_LIBRARY_DIR)/Bundles";
				MACOSX_DEPLOYMENT_TARGET = 10.10;
				MTL_ENABLE_DEBUG_INFO = YES;
				ONLY_ACTIVE_ARCH = YES;
				PRODUCT_NAME = "$(TARGET_NAME)";
				SDKROOT = macosx;
				SKIP_INSTALL = YES;
				WRAPPER_EXTENSION = toolkit;
			};
			name = Debug;
		};
		7BCD5A171AE890E90031A48E /* Release */ = {
			isa = XCBuildConfiguration;
			buildSettings = {
				ALWAYS_SEARCH_USER_PATHS = NO;
				CLANG_CXX_LANGUAGE_STANDARD = "gnu++0x";
				CLANG_CXX_LIBRARY = "libc++";
				CLANG_WARN_BOOL_CONVERSION = YES;
				CLANG_WARN_CONSTANT_CONVERSION = YES;
				CLANG_WARN_DIRECT_OBJC_ISA_USAGE = YES_ERROR;
				CLANG_WARN_EMPTY_BODY = YES;
				CLANG_WARN_ENUM_CONVERSION = YES;
				CLANG_WARN_INT_CONVERSION = YES;
				CLANG_WARN_OBJC_ROOT_CLASS = YES_ERROR;
				CLANG_WARN_UNREACHABLE_CODE = YES;
				CLANG_WARN__DUPLICATE_METHOD_MATCH = YES;
				COMBINE_HIDPI_IMAGES = YES;
				COPY_PHASE_STRIP = NO;
				DEBUG_INFORMATION_FORMAT = "dwarf-with-dsym";
				ENABLE_NS_ASSERTIONS = NO;
				ENABLE_STRICT_OBJC_MSGSEND = YES;
				GCC_NO_COMMON_BLOCKS = YES;
				GCC_WARN_64_TO_32_BIT_CONVERSION = YES;
				GCC_WARN_ABOUT_RETURN_TYPE = YES_ERROR;
				GCC_WARN_UNDECLARED_SELECTOR = YES;
				GCC_WARN_UNINITIALIZED_AUTOS = YES_AGGRESSIVE;
				GCC_WARN_UNUSED_FUNCTION = YES;
				GCC_WARN_UNUSED_VARIABLE = YES;
				INFOPLIST_FILE = UI/Info.plist;
				INSTALL_PATH = "$(LOCAL_LIBRARY_DIR)/Bundles";
				MACOSX_DEPLOYMENT_TARGET = 10.10;
				MTL_ENABLE_DEBUG_INFO = NO;
				PRODUCT_NAME = "$(TARGET_NAME)";
				SDKROOT = macosx;
				SKIP_INSTALL = YES;
				WRAPPER_EXTENSION = toolkit;
			};
			name = Release;
		};
/* End XCBuildConfiguration section */

/* Begin XCConfigurationList section */
		7B0C48B419A9400E0046167F /* Build configuration list for PBXProject "ToolKit" */ = {
			isa = XCConfigurationList;
			buildConfigurations = (
				7B0C48DB19A9400E0046167F /* Debug */,
				7B0C48DC19A9400E0046167F /* Release */,
			);
			defaultConfigurationIsVisible = 0;
			defaultConfigurationName = Debug;
		};
		7B0C48E019A9400E0046167F /* Build configuration list for PBXNativeTarget "ToolKitTests" */ = {
			isa = XCConfigurationList;
			buildConfigurations = (
				7B0C48E119A9400E0046167F /* Debug */,
				7B0C48E219A9400E0046167F /* Release */,
			);
			defaultConfigurationIsVisible = 0;
			defaultConfigurationName = Debug;
		};
		7B0C496519A956A20046167F /* Build configuration list for PBXNativeTarget "io" */ = {
			isa = XCConfigurationList;
			buildConfigurations = (
				7B0C496619A956A20046167F /* Debug */,
				7B0C496719A956A20046167F /* Release */,
			);
			defaultConfigurationIsVisible = 0;
			defaultConfigurationName = Debug;
		};
		7B3BEEDF1A9BB99300A8E446 /* Build configuration list for PBXNativeTarget "linenoise_example" */ = {
			isa = XCConfigurationList;
			buildConfigurations = (
				7B3BEEE01A9BB99300A8E446 /* Debug */,
				7B3BEEE11A9BB99300A8E446 /* Release */,
			);
			defaultConfigurationIsVisible = 0;
			defaultConfigurationName = Debug;
		};
		7B5E62DE1A9803470001B5F3 /* Build configuration list for PBXNativeTarget "ToolKit" */ = {
			isa = XCConfigurationList;
			buildConfigurations = (
				7B5E62DF1A9803470001B5F3 /* Debug */,
				7B5E62E01A9803470001B5F3 /* Release */,
			);
			defaultConfigurationIsVisible = 0;
			defaultConfigurationName = Debug;
		};
		7B62B1FC1A99A6E4005BC6BC /* Build configuration list for PBXNativeTarget "ToolKitFundamentals" */ = {
			isa = XCConfigurationList;
			buildConfigurations = (
				7B62B1C21A99A6E4005BC6BC /* Debug */,
				7B62B1C31A99A6E4005BC6BC /* Release */,
			);
			defaultConfigurationIsVisible = 0;
			defaultConfigurationName = Debug;
		};
		7B62B28E1A9A0D51005BC6BC /* Build configuration list for PBXLegacyTarget "linenoise" */ = {
			isa = XCConfigurationList;
			buildConfigurations = (
				7B62B28F1A9A0D51005BC6BC /* Debug */,
				7B62B2901A9A0D51005BC6BC /* Release */,
			);
			defaultConfigurationIsVisible = 0;
			defaultConfigurationName = Debug;
		};
		7B8D2F681A98612F00D93D95 /* Build configuration list for PBXNativeTarget "GBTester" */ = {
			isa = XCConfigurationList;
			buildConfigurations = (
				7B8D2F691A98612F00D93D95 /* Debug */,
				7B8D2F6A1A98612F00D93D95 /* Release */,
			);
			defaultConfigurationIsVisible = 0;
			defaultConfigurationName = Debug;
		};
		7B967E0E1ADB0D79005E09B4 /* Build configuration list for PBXNativeTarget "CodeTools" */ = {
			isa = XCConfigurationList;
			buildConfigurations = (
				7B967DD41ADB0D79005E09B4 /* Debug */,
				7B967DD51ADB0D79005E09B4 /* Release */,
			);
			defaultConfigurationIsVisible = 0;
			defaultConfigurationName = Debug;
		};
		7BA6C6E71AE7F911001BBEDA /* Build configuration list for PBXAggregateTarget "ToolKit Docs" */ = {
			isa = XCConfigurationList;
			buildConfigurations = (
				7BA6C6E81AE7F911001BBEDA /* Debug */,
				7BA6C6E91AE7F911001BBEDA /* Release */,
			);
			defaultConfigurationIsVisible = 0;
			defaultConfigurationName = Debug;
		};
		7BCD5A191AE890E90031A48E /* Build configuration list for PBXNativeTarget "UI" */ = {
			isa = XCConfigurationList;
			buildConfigurations = (
				7BCD5A161AE890E90031A48E /* Debug */,
				7BCD5A171AE890E90031A48E /* Release */,
			);
			defaultConfigurationIsVisible = 0;
			defaultConfigurationName = Debug;
		};
/* End XCConfigurationList section */
	};
	rootObject = 7B0C48B119A9400E0046167F /* Project object */;
}
